// !$*UTF8*$!
{
	archiveVersion = 1;
	classes = {
	};
	objectVersion = 54;
	objects = {

/* Begin PBXBuildFile section */
		0080233F018EFD51BCA31A27 /* ShareRootViewController.swift in Sources */ = {isa = PBXBuildFile; fileRef = D7AE52CBE4359D59F4CC005C /* ShareRootViewController.swift */; };
		2C24DA3027CA14D9004AA2CD /* Localizable.strings in Resources */ = {isa = PBXBuildFile; fileRef = 2C24DA3227CA14D9004AA2CD /* Localizable.strings */; };
		2C6FCBC32B1B90FF00186399 /* Settings.bundle in Resources */ = {isa = PBXBuildFile; fileRef = 2C6FCBC22B1B90FF00186399 /* Settings.bundle */; };
		2C6FCBCA2B1B96EA00186399 /* Config.xcconfig in Resources */ = {isa = PBXBuildFile; fileRef = 2C6FCBC92B1B96EA00186399 /* Config.xcconfig */; };
		2CADB7D227D3AD43004D7614 /* Assets.xcassets in Resources */ = {isa = PBXBuildFile; fileRef = 2CADB7D127D3AD43004D7614 /* Assets.xcassets */; };
		2CC25E7827C669E100E29112 /* MobileShareExtensionFeature in Frameworks */ = {isa = PBXBuildFile; productRef = 2CC25E7727C669E100E29112 /* MobileShareExtensionFeature */; };
		2CC25E7A27C669EA00E29112 /* AppFeature in Frameworks */ = {isa = PBXBuildFile; productRef = 2CC25E7927C669EA00E29112 /* AppFeature */; };
		2CC25E7C27C669F200E29112 /* AppFeature in Frameworks */ = {isa = PBXBuildFile; productRef = 2CC25E7B27C669F200E29112 /* AppFeature */; };
		2CC25E7E27C66D9200E29112 /* CloudKit.framework in Frameworks */ = {isa = PBXBuildFile; fileRef = 2CC25E7D27C66D9200E29112 /* CloudKit.framework */; };
		3E538E9CD8862D261E823035 /* TsunDocsApp.swift in Sources */ = {isa = PBXBuildFile; fileRef = C3043BCF99CE7B865A3E51C4 /* TsunDocsApp.swift */; };
		74AB4123849FA9A821D5BD93 /* TsunDocsApp.swift in Sources */ = {isa = PBXBuildFile; fileRef = C3F1050BC9CDF0B53FBDB51C /* TsunDocsApp.swift */; };
		8B895EE687FB3A23F943755A /* MobileShareExtensionDev.appex in Embed Foundation Extensions */ = {isa = PBXBuildFile; fileRef = FF241AF60C49740BA6F08F55 /* MobileShareExtensionDev.appex */; settings = {ATTRIBUTES = (RemoveHeadersOnCopy, ); }; };
/* End PBXBuildFile section */

/* Begin PBXContainerItemProxy section */
		85BC566019A7B020FD907CFF /* PBXContainerItemProxy */ = {
			isa = PBXContainerItemProxy;
			containerPortal = B10FD681F47AC2A4820934BC /* Project object */;
			proxyType = 1;
			remoteGlobalIDString = 8AF84C32444B977765B9493A;
			remoteInfo = MobileShareExtension;
		};
/* End PBXContainerItemProxy section */

/* Begin PBXCopyFilesBuildPhase section */
		53006B1A1B1698EC1A6B3DF4 /* Embed Foundation Extensions */ = {
			isa = PBXCopyFilesBuildPhase;
			buildActionMask = 2147483647;
			dstPath = "";
			dstSubfolderSpec = 13;
			files = (
				8B895EE687FB3A23F943755A /* MobileShareExtensionDev.appex in Embed Foundation Extensions */,
			);
			name = "Embed Foundation Extensions";
			runOnlyForDeploymentPostprocessing = 0;
		};
/* End PBXCopyFilesBuildPhase section */

/* Begin PBXFileReference section */
		2C24DA3127CA14D9004AA2CD /* en */ = {isa = PBXFileReference; lastKnownFileType = text.plist.strings; name = en; path = en.lproj/Localizable.strings; sourceTree = "<group>"; };
		2C24DA3327CA14DA004AA2CD /* ja */ = {isa = PBXFileReference; lastKnownFileType = text.plist.strings; name = ja; path = ja.lproj/Localizable.strings; sourceTree = "<group>"; };
		2C6FCBC22B1B90FF00186399 /* Settings.bundle */ = {isa = PBXFileReference; lastKnownFileType = "wrapper.plug-in"; name = Settings.bundle; path = ../../Shared/Settings.bundle; sourceTree = "<group>"; };
		2C6FCBC92B1B96EA00186399 /* Config.xcconfig */ = {isa = PBXFileReference; fileEncoding = 4; lastKnownFileType = text.xcconfig; name = Config.xcconfig; path = ../../Shared/Config.xcconfig; sourceTree = "<group>"; };
		2CADB7CF27D3AD3C004D7614 /* Info.plist */ = {isa = PBXFileReference; fileEncoding = 4; lastKnownFileType = text.plist.xml; path = Info.plist; sourceTree = "<group>"; };
		2CADB7D127D3AD43004D7614 /* Assets.xcassets */ = {isa = PBXFileReference; lastKnownFileType = folder.assetcatalog; path = Assets.xcassets; sourceTree = "<group>"; };
		2CADB7D327D3AD4F004D7614 /* iOS.entitlements */ = {isa = PBXFileReference; lastKnownFileType = text.plist.entitlements; path = iOS.entitlements; sourceTree = "<group>"; };
		2CADB7D427D3AD5C004D7614 /* Info.plist */ = {isa = PBXFileReference; fileEncoding = 4; lastKnownFileType = text.plist.xml; path = Info.plist; sourceTree = "<group>"; };
		2CADB7D627D3AD64004D7614 /* macOS.entitlements */ = {isa = PBXFileReference; lastKnownFileType = text.plist.entitlements; path = macOS.entitlements; sourceTree = "<group>"; };
		2CADB7D727D3AD6F004D7614 /* Info.plist */ = {isa = PBXFileReference; fileEncoding = 4; lastKnownFileType = text.plist.xml; path = Info.plist; sourceTree = "<group>"; };
		2CADB7D927D3AD7B004D7614 /* MobileShareExtension.entitlements */ = {isa = PBXFileReference; lastKnownFileType = text.plist.entitlements; path = MobileShareExtension.entitlements; sourceTree = "<group>"; };
		2CADB7DB27D3AE2F004D7614 /* TsunDocsKit */ = {isa = PBXFileReference; lastKnownFileType = wrapper; name = TsunDocsKit; path = ../../TsunDocsKit; sourceTree = "<group>"; };
		2CC25E7D27C66D9200E29112 /* CloudKit.framework */ = {isa = PBXFileReference; lastKnownFileType = wrapper.framework; name = CloudKit.framework; path = Platforms/iPhoneOS.platform/Developer/SDKs/iPhoneOS15.2.sdk/System/Library/Frameworks/CloudKit.framework; sourceTree = DEVELOPER_DIR; };
		3714AF07DC39BE2BB4DDC2B3 /* TsunDocs.app */ = {isa = PBXFileReference; explicitFileType = wrapper.application; includeInIndex = 0; path = TsunDocs.app; sourceTree = BUILT_PRODUCTS_DIR; };
		BEDCBB975AFA4545C1216463 /* TsunDocs.app */ = {isa = PBXFileReference; explicitFileType = wrapper.application; includeInIndex = 0; path = TsunDocs.app; sourceTree = BUILT_PRODUCTS_DIR; };
		C3043BCF99CE7B865A3E51C4 /* TsunDocsApp.swift */ = {isa = PBXFileReference; lastKnownFileType = sourcecode.swift; path = TsunDocsApp.swift; sourceTree = "<group>"; };
		C3F1050BC9CDF0B53FBDB51C /* TsunDocsApp.swift */ = {isa = PBXFileReference; lastKnownFileType = sourcecode.swift; path = TsunDocsApp.swift; sourceTree = "<group>"; };
		D7AE52CBE4359D59F4CC005C /* ShareRootViewController.swift */ = {isa = PBXFileReference; lastKnownFileType = sourcecode.swift; path = ShareRootViewController.swift; sourceTree = "<group>"; };
		FF241AF60C49740BA6F08F55 /* MobileShareExtensionDev.appex */ = {isa = PBXFileReference; explicitFileType = "wrapper.app-extension"; includeInIndex = 0; path = MobileShareExtensionDev.appex; sourceTree = BUILT_PRODUCTS_DIR; };
/* End PBXFileReference section */

/* Begin PBXFrameworksBuildPhase section */
		26CBBCDC2AAD7C4A199E2BC3 /* Frameworks */ = {
			isa = PBXFrameworksBuildPhase;
			buildActionMask = 2147483647;
			files = (
				2CC25E7A27C669EA00E29112 /* AppFeature in Frameworks */,
				2CC25E7E27C66D9200E29112 /* CloudKit.framework in Frameworks */,
			);
			runOnlyForDeploymentPostprocessing = 0;
		};
		85E7B983E892C2FCC3953ACE /* Frameworks */ = {
			isa = PBXFrameworksBuildPhase;
			buildActionMask = 2147483647;
			files = (
				2CC25E7C27C669F200E29112 /* AppFeature in Frameworks */,
			);
			runOnlyForDeploymentPostprocessing = 0;
		};
		E88D405D2AB467B45B66F4FD /* Frameworks */ = {
			isa = PBXFrameworksBuildPhase;
			buildActionMask = 2147483647;
			files = (
				2CC25E7827C669E100E29112 /* MobileShareExtensionFeature in Frameworks */,
			);
			runOnlyForDeploymentPostprocessing = 0;
		};
/* End PBXFrameworksBuildPhase section */

/* Begin PBXGroup section */
		2C63F1D227C661FA00AF839D /* Frameworks */ = {
			isa = PBXGroup;
			children = (
				2CC25E7D27C66D9200E29112 /* CloudKit.framework */,
			);
			name = Frameworks;
			sourceTree = "<group>";
		};
		7925802F255C1D710E794AC1 /* iOS */ = {
			isa = PBXGroup;
			children = (
				2CADB7CF27D3AD3C004D7614 /* Info.plist */,
				2CADB7D327D3AD4F004D7614 /* iOS.entitlements */,
				2CADB7D127D3AD43004D7614 /* Assets.xcassets */,
				C3043BCF99CE7B865A3E51C4 /* TsunDocsApp.swift */,
				2C24DA3227CA14D9004AA2CD /* Localizable.strings */,
				2C6FCBC92B1B96EA00186399 /* Config.xcconfig */,
				2C6FCBC22B1B90FF00186399 /* Settings.bundle */,
			);
			path = iOS;
			sourceTree = "<group>";
		};
		7AF567AB1C3C0AEB22B5BDA2 /* MobileShareExtension */ = {
			isa = PBXGroup;
			children = (
				2CADB7D727D3AD6F004D7614 /* Info.plist */,
				2CADB7D927D3AD7B004D7614 /* MobileShareExtension.entitlements */,
				D7AE52CBE4359D59F4CC005C /* ShareRootViewController.swift */,
			);
			path = MobileShareExtension;
			sourceTree = "<group>";
		};
		A63A92AA7FA214F31FEC1306 /* Packages */ = {
			isa = PBXGroup;
			children = (
				2CADB7DB27D3AE2F004D7614 /* TsunDocsKit */,
			);
			name = Packages;
			sourceTree = SOURCE_ROOT;
		};
		A974C887BE0808533E6C7F49 /* macOS */ = {
			isa = PBXGroup;
			children = (
				2CADB7D427D3AD5C004D7614 /* Info.plist */,
				C3F1050BC9CDF0B53FBDB51C /* TsunDocsApp.swift */,
				2CADB7D627D3AD64004D7614 /* macOS.entitlements */,
			);
			path = macOS;
			sourceTree = "<group>";
		};
		DAE688497F8FD91FBA8897BF /* Products */ = {
			isa = PBXGroup;
			children = (
				FF241AF60C49740BA6F08F55 /* MobileShareExtensionDev.appex */,
				3714AF07DC39BE2BB4DDC2B3 /* TsunDocs.app */,
				BEDCBB975AFA4545C1216463 /* TsunDocs.app */,
			);
			name = Products;
			sourceTree = "<group>";
		};
		EB5136094B07B8560319AE2D = {
			isa = PBXGroup;
			children = (
				7925802F255C1D710E794AC1 /* iOS */,
				A974C887BE0808533E6C7F49 /* macOS */,
				7AF567AB1C3C0AEB22B5BDA2 /* MobileShareExtension */,
				A63A92AA7FA214F31FEC1306 /* Packages */,
				DAE688497F8FD91FBA8897BF /* Products */,
				2C63F1D227C661FA00AF839D /* Frameworks */,
			);
			sourceTree = "<group>";
		};
/* End PBXGroup section */

/* Begin PBXNativeTarget section */
		31CD9A7FB8B73B41C35ADB91 /* TsunDocsDev (iOS) */ = {
			isa = PBXNativeTarget;
			buildConfigurationList = 2FEF768569663BE0063035BC /* Build configuration list for PBXNativeTarget "TsunDocsDev (iOS)" */;
			buildPhases = (
				2C6FCBBD2B1B8FA300186399 /* Set Licenses to Settings.bundle */,
				2C6FCBC62B1B932700186399 /* Set App Version to Settings.bundle */,
				CE0AD2747B613D920FA6F9C5 /* Sources */,
				2CC9301627C62FDC00663CA5 /* Resources */,
				26CBBCDC2AAD7C4A199E2BC3 /* Frameworks */,
				53006B1A1B1698EC1A6B3DF4 /* Embed Foundation Extensions */,
			);
			buildRules = (
			);
			dependencies = (
				2C157FEC2B1C029200B96EBB /* PBXTargetDependency */,
				4DE618AA208C0A547D73FBF8 /* PBXTargetDependency */,
			);
			name = "TsunDocsDev (iOS)";
			packageProductDependencies = (
				2CC25E7927C669EA00E29112 /* AppFeature */,
			);
			productName = "TsunDocs (iOS)";
			productReference = 3714AF07DC39BE2BB4DDC2B3 /* TsunDocs.app */;
			productType = "com.apple.product-type.application";
		};
		8AF84C32444B977765B9493A /* MobileShareExtensionDev */ = {
			isa = PBXNativeTarget;
			buildConfigurationList = 3A87E2CCF52BE6D9609BCF89 /* Build configuration list for PBXNativeTarget "MobileShareExtensionDev" */;
			buildPhases = (
				87CC4EAA7C77ADEBD12FDFB2 /* Sources */,
				E88D405D2AB467B45B66F4FD /* Frameworks */,
			);
			buildRules = (
			);
			dependencies = (
				2C157FEE2B1C029700B96EBB /* PBXTargetDependency */,
			);
			name = MobileShareExtensionDev;
			packageProductDependencies = (
				2CC25E7727C669E100E29112 /* MobileShareExtensionFeature */,
			);
			productName = MobileShareExtension;
			productReference = FF241AF60C49740BA6F08F55 /* MobileShareExtensionDev.appex */;
			productType = "com.apple.product-type.app-extension";
		};
		B1DDE034988CEB952208D99D /* TsunDocsDev (macOS) */ = {
			isa = PBXNativeTarget;
			buildConfigurationList = 809BF37F55504DFB6306E786 /* Build configuration list for PBXNativeTarget "TsunDocsDev (macOS)" */;
			buildPhases = (
				C08696BAF5978BBC2261100C /* Sources */,
				85E7B983E892C2FCC3953ACE /* Frameworks */,
			);
			buildRules = (
			);
			dependencies = (
			);
			name = "TsunDocsDev (macOS)";
			packageProductDependencies = (
				2CC25E7B27C669F200E29112 /* AppFeature */,
			);
			productName = "TsunDocs (macOS)";
			productReference = BEDCBB975AFA4545C1216463 /* TsunDocs.app */;
			productType = "com.apple.product-type.application";
		};
/* End PBXNativeTarget section */

/* Begin PBXProject section */
		B10FD681F47AC2A4820934BC /* Project object */ = {
			isa = PBXProject;
			attributes = {
				BuildIndependentTargetsInParallel = YES;
				LastSwiftUpdateCheck = 1250;
				LastUpgradeCheck = 1500;
				ORGANIZATIONNAME = "Tasuku Tozawa";
				TargetAttributes = {
					31CD9A7FB8B73B41C35ADB91 = {
						DevelopmentTeam = RY2377PP7S;
					};
					8AF84C32444B977765B9493A = {
						DevelopmentTeam = RY2377PP7S;
					};
					B1DDE034988CEB952208D99D = {
						DevelopmentTeam = RY2377PP7S;
					};
				};
			};
			buildConfigurationList = E4CC035522DB4841DEA1C06A /* Build configuration list for PBXProject "Development" */;
			compatibilityVersion = "Xcode 10.0";
			developmentRegion = en;
			hasScannedForEncodings = 0;
			knownRegions = (
				en,
				ja,
				Base,
			);
			mainGroup = EB5136094B07B8560319AE2D;
			packageReferences = (
				2C157FEA2B1C028B00B96EBB /* XCRemoteSwiftPackageReference "swift" */,
			);
			projectDirPath = "";
			projectRoot = "";
			targets = (
				8AF84C32444B977765B9493A /* MobileShareExtensionDev */,
				31CD9A7FB8B73B41C35ADB91 /* TsunDocsDev (iOS) */,
				B1DDE034988CEB952208D99D /* TsunDocsDev (macOS) */,
			);
		};
/* End PBXProject section */

/* Begin PBXResourcesBuildPhase section */
		2CC9301627C62FDC00663CA5 /* Resources */ = {
			isa = PBXResourcesBuildPhase;
			buildActionMask = 2147483647;
			files = (
				2C6FCBCA2B1B96EA00186399 /* Config.xcconfig in Resources */,
				2CADB7D227D3AD43004D7614 /* Assets.xcassets in Resources */,
				2C6FCBC32B1B90FF00186399 /* Settings.bundle in Resources */,
				2C24DA3027CA14D9004AA2CD /* Localizable.strings in Resources */,
			);
			runOnlyForDeploymentPostprocessing = 0;
		};
/* End PBXResourcesBuildPhase section */

/* Begin PBXShellScriptBuildPhase section */
		2C6FCBBD2B1B8FA300186399 /* Set Licenses to Settings.bundle */ = {
			isa = PBXShellScriptBuildPhase;
			alwaysOutOfDate = 1;
			buildActionMask = 2147483647;
			files = (
			);
			inputFileListPaths = (
			);
			inputPaths = (
			);
			name = "Set Licenses to Settings.bundle";
			outputFileListPaths = (
			);
			outputPaths = (
			);
			runOnlyForDeploymentPostprocessing = 0;
			shellPath = /bin/sh;
			shellScript = "if [[ -f \"/opt/homebrew/bin/license-plist\" ]]; then\n    /opt/homebrew/bin/license-plist \\\n        --output-path ${SRCROOT}/../Shared/Settings.bundle \\\n        --xcworkspace-path ${SRCROOT}/../../TsunDocs.xcworkspace \\\n        --config-path ${SRCROOT}/../../license_plist.yml\nelse\n  echo \"warning: LicensePlist is not installed. Run 'brew install license-plist' to install it.\"\nfi\n";
		};
		2C6FCBC62B1B932700186399 /* Set App Version to Settings.bundle */ = {
			isa = PBXShellScriptBuildPhase;
			alwaysOutOfDate = 1;
			buildActionMask = 2147483647;
			files = (
			);
			inputFileListPaths = (
			);
			inputPaths = (
			);
			name = "Set App Version to Settings.bundle";
			outputFileListPaths = (
			);
			outputPaths = (
			);
			runOnlyForDeploymentPostprocessing = 0;
			shellPath = /bin/sh;
			shellScript = "/usr/libexec/PlistBuddy -c \"Set :PreferenceSpecifiers:1:DefaultValue ${MARKETING_VERSION}\" \"${SRCROOT}/../Shared/Settings.bundle/Root.plist\"\n";
		};
/* End PBXShellScriptBuildPhase section */

/* Begin PBXSourcesBuildPhase section */
		87CC4EAA7C77ADEBD12FDFB2 /* Sources */ = {
			isa = PBXSourcesBuildPhase;
			buildActionMask = 2147483647;
			files = (
				0080233F018EFD51BCA31A27 /* ShareRootViewController.swift in Sources */,
			);
			runOnlyForDeploymentPostprocessing = 0;
		};
		C08696BAF5978BBC2261100C /* Sources */ = {
			isa = PBXSourcesBuildPhase;
			buildActionMask = 2147483647;
			files = (
				74AB4123849FA9A821D5BD93 /* TsunDocsApp.swift in Sources */,
			);
			runOnlyForDeploymentPostprocessing = 0;
		};
		CE0AD2747B613D920FA6F9C5 /* Sources */ = {
			isa = PBXSourcesBuildPhase;
			buildActionMask = 2147483647;
			files = (
				3E538E9CD8862D261E823035 /* TsunDocsApp.swift in Sources */,
			);
			runOnlyForDeploymentPostprocessing = 0;
		};
/* End PBXSourcesBuildPhase section */

/* Begin PBXTargetDependency section */
		2C157FEC2B1C029200B96EBB /* PBXTargetDependency */ = {
			isa = PBXTargetDependency;
			productRef = 2C157FEB2B1C029200B96EBB /* LintSwift */;
		};
		2C157FEE2B1C029700B96EBB /* PBXTargetDependency */ = {
			isa = PBXTargetDependency;
			productRef = 2C157FED2B1C029700B96EBB /* LintSwift */;
		};
		4DE618AA208C0A547D73FBF8 /* PBXTargetDependency */ = {
			isa = PBXTargetDependency;
			target = 8AF84C32444B977765B9493A /* MobileShareExtensionDev */;
			targetProxy = 85BC566019A7B020FD907CFF /* PBXContainerItemProxy */;
		};
/* End PBXTargetDependency section */

/* Begin PBXVariantGroup section */
		2C24DA3227CA14D9004AA2CD /* Localizable.strings */ = {
			isa = PBXVariantGroup;
			children = (
				2C24DA3127CA14D9004AA2CD /* en */,
				2C24DA3327CA14DA004AA2CD /* ja */,
			);
			name = Localizable.strings;
			sourceTree = "<group>";
		};
/* End PBXVariantGroup section */

/* Begin XCBuildConfiguration section */
		003468CAD7D857E59A2EB4AA /* ReleaseDev */ = {
			isa = XCBuildConfiguration;
			baseConfigurationReference = 2C6FCBC92B1B96EA00186399 /* Config.xcconfig */;
			buildSettings = {
				ALWAYS_SEARCH_USER_PATHS = NO;
				APP_GROUP = group.net.tasuwo.tsundocs;
				CLANG_ANALYZER_LOCALIZABILITY_NONLOCALIZED = YES;
				CLANG_ANALYZER_NONNULL = YES;
				CLANG_ANALYZER_NUMBER_OBJECT_CONVERSION = YES_AGGRESSIVE;
				CLANG_CXX_LANGUAGE_STANDARD = "gnu++14";
				CLANG_CXX_LIBRARY = "libc++";
				CLANG_ENABLE_MODULES = YES;
				CLANG_ENABLE_OBJC_ARC = YES;
				CLANG_ENABLE_OBJC_WEAK = YES;
				CLANG_WARN_BLOCK_CAPTURE_AUTORELEASING = YES;
				CLANG_WARN_BOOL_CONVERSION = YES;
				CLANG_WARN_COMMA = YES;
				CLANG_WARN_CONSTANT_CONVERSION = YES;
				CLANG_WARN_DEPRECATED_OBJC_IMPLEMENTATIONS = YES;
				CLANG_WARN_DIRECT_OBJC_ISA_USAGE = YES_ERROR;
				CLANG_WARN_DOCUMENTATION_COMMENTS = YES;
				CLANG_WARN_EMPTY_BODY = YES;
				CLANG_WARN_ENUM_CONVERSION = YES;
				CLANG_WARN_INFINITE_RECURSION = YES;
				CLANG_WARN_INT_CONVERSION = YES;
				CLANG_WARN_NON_LITERAL_NULL_CONVERSION = YES;
				CLANG_WARN_OBJC_IMPLICIT_RETAIN_SELF = YES;
				CLANG_WARN_OBJC_LITERAL_CONVERSION = YES;
				CLANG_WARN_OBJC_ROOT_CLASS = YES_ERROR;
				CLANG_WARN_QUOTED_INCLUDE_IN_FRAMEWORK_HEADER = YES;
				CLANG_WARN_RANGE_LOOP_ANALYSIS = YES;
				CLANG_WARN_STRICT_PROTOTYPES = YES;
				CLANG_WARN_SUSPICIOUS_MOVE = YES;
				CLANG_WARN_UNGUARDED_AVAILABILITY = YES_AGGRESSIVE;
				CLANG_WARN_UNREACHABLE_CODE = YES;
				CLANG_WARN__DUPLICATE_METHOD_MATCH = YES;
				COPY_PHASE_STRIP = NO;
				DEAD_CODE_STRIPPING = YES;
				DEBUG_INFORMATION_FORMAT = "dwarf-with-dsym";
				ENABLE_NS_ASSERTIONS = NO;
				ENABLE_STRICT_OBJC_MSGSEND = YES;
				ENABLE_USER_SCRIPT_SANDBOXING = YES;
				GCC_C_LANGUAGE_STANDARD = gnu11;
				GCC_NO_COMMON_BLOCKS = YES;
				GCC_WARN_64_TO_32_BIT_CONVERSION = YES;
				GCC_WARN_ABOUT_RETURN_TYPE = YES_ERROR;
				GCC_WARN_UNDECLARED_SELECTOR = YES;
				GCC_WARN_UNINITIALIZED_AUTOS = YES_AGGRESSIVE;
				GCC_WARN_UNUSED_FUNCTION = YES;
				GCC_WARN_UNUSED_VARIABLE = YES;
				MTL_ENABLE_DEBUG_INFO = NO;
				MTL_FAST_MATH = YES;
				PRODUCT_NAME = "$(TARGET_NAME)";
				SWIFT_COMPILATION_MODE = wholemodule;
				SWIFT_OPTIMIZATION_LEVEL = "-O";
				SWIFT_VERSION = 5.0;
			};
			name = ReleaseDev;
		};
		0CE4D1363BA544664DA60F78 /* ReleaseDev */ = {
			isa = XCBuildConfiguration;
			buildSettings = {
				CODE_SIGN_ENTITLEMENTS = MobileShareExtension/MobileShareExtension.entitlements;
				CODE_SIGN_IDENTITY = "iPhone Distribution";
				DEVELOPMENT_TEAM = RY2377PP7S;
				INFOPLIST_FILE = MobileShareExtension/Info.plist;
				IPHONEOS_DEPLOYMENT_TARGET = 16.0;
				LD_RUNPATH_SEARCH_PATHS = (
					"$(inherited)",
					"@executable_path/Frameworks",
					"@executable_path/../../Frameworks",
				);
				PRODUCT_BUNDLE_IDENTIFIER = "net.tasuwo.tsundocs.dev.ext-mobile-share";
				PROVISIONING_PROFILE_SPECIFIER = "match AppStore net.tasuwo.tsundocs.dev.ext-mobile-share";
				SDKROOT = iphoneos;
				SKIP_INSTALL = YES;
				TARGETED_DEVICE_FAMILY = "1,2";
			};
			name = ReleaseDev;
		};
		5F26F2532E8CABCAD48F10A1 /* ReleaseDev */ = {
			isa = XCBuildConfiguration;
			buildSettings = {
				ASSETCATALOG_COMPILER_APPICON_NAME = AppIcon;
				ASSETCATALOG_COMPILER_GLOBAL_ACCENT_COLOR_NAME = AccentColor;
				CODE_SIGN_ENTITLEMENTS = macOS/macOS.entitlements;
				CODE_SIGN_IDENTITY = "3rd Party Mac Developer Application";
				COMBINE_HIDPI_IMAGES = YES;
				DEAD_CODE_STRIPPING = YES;
				DEVELOPMENT_TEAM = RY2377PP7S;
				ENABLE_HARDENED_RUNTIME = YES;
				ENABLE_PREVIEWS = YES;
				INFOPLIST_FILE = macOS/Info.plist;
				LD_RUNPATH_SEARCH_PATHS = (
					"$(inherited)",
					"@executable_path/../Frameworks",
				);
				MACOSX_DEPLOYMENT_TARGET = 11.0;
				PRODUCT_BUNDLE_IDENTIFIER = net.tasuwo.tsundocs.dev;
				PRODUCT_NAME = TsunDocs;
				PROVISIONING_PROFILE_SPECIFIER = "match AppStore net.tasuwo.tsundocs.dev macos";
				SDKROOT = macosx;
				SWIFT_VERSION = 5.0;
			};
			name = ReleaseDev;
		};
		623CCCC6AC933EA774A01D3F /* ReleaseDev */ = {
			isa = XCBuildConfiguration;
			buildSettings = {
				ASSETCATALOG_COMPILER_APPICON_NAME = AppIcon;
				ASSETCATALOG_COMPILER_GLOBAL_ACCENT_COLOR_NAME = AccentColor;
				CODE_SIGN_ENTITLEMENTS = iOS/iOS.entitlements;
				CODE_SIGN_IDENTITY = "iPhone Distribution";
				DEVELOPMENT_TEAM = RY2377PP7S;
				ENABLE_PREVIEWS = YES;
				INFOPLIST_FILE = iOS/Info.plist;
				IPHONEOS_DEPLOYMENT_TARGET = 16.0;
				LD_RUNPATH_SEARCH_PATHS = (
					"$(inherited)",
					"@executable_path/Frameworks",
				);
				PRODUCT_BUNDLE_IDENTIFIER = net.tasuwo.tsundocs.dev;
				PRODUCT_NAME = TsunDocs;
				PROVISIONING_PROFILE_SPECIFIER = "match AppStore net.tasuwo.tsundocs.dev";
				SDKROOT = iphoneos;
				SWIFT_VERSION = 5.0;
				TARGETED_DEVICE_FAMILY = "1,2";
				VALIDATE_PRODUCT = YES;
			};
			name = ReleaseDev;
		};
		8A3700D2F6B888A7FA09E133 /* DebugDev */ = {
			isa = XCBuildConfiguration;
			buildSettings = {
				CODE_SIGN_ENTITLEMENTS = MobileShareExtension/MobileShareExtension.entitlements;
				CODE_SIGN_IDENTITY = "iPhone Developer";
				DEVELOPMENT_TEAM = RY2377PP7S;
				INFOPLIST_FILE = MobileShareExtension/Info.plist;
				IPHONEOS_DEPLOYMENT_TARGET = 16.0;
				LD_RUNPATH_SEARCH_PATHS = (
					"$(inherited)",
					"@executable_path/Frameworks",
					"@executable_path/../../Frameworks",
				);
				PRODUCT_BUNDLE_IDENTIFIER = "net.tasuwo.tsundocs.dev.ext-mobile-share";
				PROVISIONING_PROFILE_SPECIFIER = "match Development net.tasuwo.tsundocs.dev.ext-mobile-share";
				SDKROOT = iphoneos;
				SKIP_INSTALL = YES;
				TARGETED_DEVICE_FAMILY = "1,2";
			};
			name = DebugDev;
		};
		B1A2F20E6139F4F2D8CDEB15 /* DebugDev */ = {
			isa = XCBuildConfiguration;
			buildSettings = {
				ASSETCATALOG_COMPILER_APPICON_NAME = AppIcon;
				ASSETCATALOG_COMPILER_GLOBAL_ACCENT_COLOR_NAME = AccentColor;
				CODE_SIGN_ENTITLEMENTS = iOS/iOS.entitlements;
				CODE_SIGN_IDENTITY = "iPhone Developer";
				DEVELOPMENT_TEAM = RY2377PP7S;
				ENABLE_PREVIEWS = YES;
				INFOPLIST_FILE = iOS/Info.plist;
				IPHONEOS_DEPLOYMENT_TARGET = 16.0;
				LD_RUNPATH_SEARCH_PATHS = (
					"$(inherited)",
					"@executable_path/Frameworks",
				);
				PRODUCT_BUNDLE_IDENTIFIER = net.tasuwo.tsundocs.dev;
				PRODUCT_NAME = TsunDocs;
				PROVISIONING_PROFILE_SPECIFIER = "match Development net.tasuwo.tsundocs.dev";
				SDKROOT = iphoneos;
				SWIFT_VERSION = 5.0;
				TARGETED_DEVICE_FAMILY = "1,2";
			};
			name = DebugDev;
		};
		D5AA687459EE26DCA5311561 /* DebugDev */ = {
			isa = XCBuildConfiguration;
			baseConfigurationReference = 2C6FCBC92B1B96EA00186399 /* Config.xcconfig */;
			buildSettings = {
				ALWAYS_SEARCH_USER_PATHS = NO;
				APP_GROUP = group.net.tasuwo.tsundocs;
				CLANG_ANALYZER_LOCALIZABILITY_NONLOCALIZED = YES;
				CLANG_ANALYZER_NONNULL = YES;
				CLANG_ANALYZER_NUMBER_OBJECT_CONVERSION = YES_AGGRESSIVE;
				CLANG_CXX_LANGUAGE_STANDARD = "gnu++14";
				CLANG_CXX_LIBRARY = "libc++";
				CLANG_ENABLE_MODULES = YES;
				CLANG_ENABLE_OBJC_ARC = YES;
				CLANG_ENABLE_OBJC_WEAK = YES;
				CLANG_WARN_BLOCK_CAPTURE_AUTORELEASING = YES;
				CLANG_WARN_BOOL_CONVERSION = YES;
				CLANG_WARN_COMMA = YES;
				CLANG_WARN_CONSTANT_CONVERSION = YES;
				CLANG_WARN_DEPRECATED_OBJC_IMPLEMENTATIONS = YES;
				CLANG_WARN_DIRECT_OBJC_ISA_USAGE = YES_ERROR;
				CLANG_WARN_DOCUMENTATION_COMMENTS = YES;
				CLANG_WARN_EMPTY_BODY = YES;
				CLANG_WARN_ENUM_CONVERSION = YES;
				CLANG_WARN_INFINITE_RECURSION = YES;
				CLANG_WARN_INT_CONVERSION = YES;
				CLANG_WARN_NON_LITERAL_NULL_CONVERSION = YES;
				CLANG_WARN_OBJC_IMPLICIT_RETAIN_SELF = YES;
				CLANG_WARN_OBJC_LITERAL_CONVERSION = YES;
				CLANG_WARN_OBJC_ROOT_CLASS = YES_ERROR;
				CLANG_WARN_QUOTED_INCLUDE_IN_FRAMEWORK_HEADER = YES;
				CLANG_WARN_RANGE_LOOP_ANALYSIS = YES;
				CLANG_WARN_STRICT_PROTOTYPES = YES;
				CLANG_WARN_SUSPICIOUS_MOVE = YES;
				CLANG_WARN_UNGUARDED_AVAILABILITY = YES_AGGRESSIVE;
				CLANG_WARN_UNREACHABLE_CODE = YES;
				CLANG_WARN__DUPLICATE_METHOD_MATCH = YES;
				COPY_PHASE_STRIP = NO;
				DEAD_CODE_STRIPPING = YES;
				DEBUG_INFORMATION_FORMAT = dwarf;
				ENABLE_STRICT_OBJC_MSGSEND = YES;
				ENABLE_TESTABILITY = YES;
				ENABLE_USER_SCRIPT_SANDBOXING = YES;
				GCC_C_LANGUAGE_STANDARD = gnu11;
				GCC_DYNAMIC_NO_PIC = NO;
				GCC_NO_COMMON_BLOCKS = YES;
				GCC_OPTIMIZATION_LEVEL = 0;
				GCC_PREPROCESSOR_DEFINITIONS = (
					"$(inherited)",
					"DEBUG=1",
				);
				GCC_WARN_64_TO_32_BIT_CONVERSION = YES;
				GCC_WARN_ABOUT_RETURN_TYPE = YES_ERROR;
				GCC_WARN_UNDECLARED_SELECTOR = YES;
				GCC_WARN_UNINITIALIZED_AUTOS = YES_AGGRESSIVE;
				GCC_WARN_UNUSED_FUNCTION = YES;
				GCC_WARN_UNUSED_VARIABLE = YES;
				MTL_ENABLE_DEBUG_INFO = INCLUDE_SOURCE;
				MTL_FAST_MATH = YES;
				ONLY_ACTIVE_ARCH = YES;
				PRODUCT_NAME = "$(TARGET_NAME)";
				SWIFT_ACTIVE_COMPILATION_CONDITIONS = DEBUG;
				SWIFT_OPTIMIZATION_LEVEL = "-Onone";
				SWIFT_VERSION = 5.0;
			};
			name = DebugDev;
		};
		DB897823B44E32F953E7F64B /* DebugDev */ = {
			isa = XCBuildConfiguration;
			buildSettings = {
				ASSETCATALOG_COMPILER_APPICON_NAME = AppIcon;
				ASSETCATALOG_COMPILER_GLOBAL_ACCENT_COLOR_NAME = AccentColor;
				CODE_SIGN_ENTITLEMENTS = macOS/macOS.entitlements;
				CODE_SIGN_IDENTITY = "Mac Developer";
				COMBINE_HIDPI_IMAGES = YES;
				DEAD_CODE_STRIPPING = YES;
				DEVELOPMENT_TEAM = RY2377PP7S;
				ENABLE_HARDENED_RUNTIME = YES;
				ENABLE_PREVIEWS = YES;
				INFOPLIST_FILE = macOS/Info.plist;
				LD_RUNPATH_SEARCH_PATHS = (
					"$(inherited)",
					"@executable_path/../Frameworks",
				);
				MACOSX_DEPLOYMENT_TARGET = 11.0;
				PRODUCT_BUNDLE_IDENTIFIER = net.tasuwo.tsundocs.dev;
				PRODUCT_NAME = TsunDocs;
				PROVISIONING_PROFILE_SPECIFIER = "match Development net.tasuwo.tsundocs.dev macos";
				SDKROOT = macosx;
				SWIFT_VERSION = 5.0;
			};
			name = DebugDev;
		};
/* End XCBuildConfiguration section */

/* Begin XCConfigurationList section */
		2FEF768569663BE0063035BC /* Build configuration list for PBXNativeTarget "TsunDocsDev (iOS)" */ = {
			isa = XCConfigurationList;
			buildConfigurations = (
				B1A2F20E6139F4F2D8CDEB15 /* DebugDev */,
				623CCCC6AC933EA774A01D3F /* ReleaseDev */,
			);
			defaultConfigurationIsVisible = 0;
			defaultConfigurationName = ReleaseDev;
		};
		3A87E2CCF52BE6D9609BCF89 /* Build configuration list for PBXNativeTarget "MobileShareExtensionDev" */ = {
			isa = XCConfigurationList;
			buildConfigurations = (
				8A3700D2F6B888A7FA09E133 /* DebugDev */,
				0CE4D1363BA544664DA60F78 /* ReleaseDev */,
			);
			defaultConfigurationIsVisible = 0;
			defaultConfigurationName = ReleaseDev;
		};
		809BF37F55504DFB6306E786 /* Build configuration list for PBXNativeTarget "TsunDocsDev (macOS)" */ = {
			isa = XCConfigurationList;
			buildConfigurations = (
				DB897823B44E32F953E7F64B /* DebugDev */,
				5F26F2532E8CABCAD48F10A1 /* ReleaseDev */,
			);
			defaultConfigurationIsVisible = 0;
			defaultConfigurationName = ReleaseDev;
		};
		E4CC035522DB4841DEA1C06A /* Build configuration list for PBXProject "Development" */ = {
			isa = XCConfigurationList;
			buildConfigurations = (
				D5AA687459EE26DCA5311561 /* DebugDev */,
				003468CAD7D857E59A2EB4AA /* ReleaseDev */,
			);
			defaultConfigurationIsVisible = 0;
			defaultConfigurationName = ReleaseDev;
		};
/* End XCConfigurationList section */

/* Begin XCRemoteSwiftPackageReference section */
		2C157FEA2B1C028B00B96EBB /* XCRemoteSwiftPackageReference "swift" */ = {
			isa = XCRemoteSwiftPackageReference;
			repositoryURL = "https://github.com/tasuwo/swift";
			requirement = {
				kind = upToNextMajorVersion;
				minimumVersion = 0.7.0;
			};
		};
/* End XCRemoteSwiftPackageReference section */

/* Begin XCSwiftPackageProductDependency section */
		2C157FEB2B1C029200B96EBB /* LintSwift */ = {
			isa = XCSwiftPackageProductDependency;
			package = 2C157FEA2B1C028B00B96EBB /* XCRemoteSwiftPackageReference "swift" */;
			productName = "plugin:LintSwift";
		};
		2C157FED2B1C029700B96EBB /* LintSwift */ = {
			isa = XCSwiftPackageProductDependency;
			package = 2C157FEA2B1C028B00B96EBB /* XCRemoteSwiftPackageReference "swift" */;
			productName = "plugin:LintSwift";
		};
		2CC25E7727C669E100E29112 /* MobileShareExtensionFeature */ = {
			isa = XCSwiftPackageProductDependency;
			productName = MobileShareExtensionFeature;
		};
		2CC25E7927C669EA00E29112 /* AppFeature */ = {
			isa = XCSwiftPackageProductDependency;
			productName = AppFeature;
		};
		2CC25E7B27C669F200E29112 /* AppFeature */ = {
			isa = XCSwiftPackageProductDependency;
			productName = AppFeature;
		};
/* End XCSwiftPackageProductDependency section */
	};
	rootObject = B10FD681F47AC2A4820934BC /* Project object */;
}
