// !$*UTF8*$!
{
	archiveVersion = 1;
	classes = {
	};
	objectVersion = 51;
	objects = {

/* Begin PBXBuildFile section */
		00489507C1174D1ABB1713F5 /* Kanna in Frameworks */ = {isa = PBXBuildFile; productRef = F792626321BC79B64FFD3E36 /* Kanna */; };
		0080233F018EFD51BCA31A27 /* ShareRootViewController.swift in Sources */ = {isa = PBXBuildFile; fileRef = D7AE52CBE4359D59F4CC005C /* ShareRootViewController.swift */; };
		05379807DD47D1488C35CD2D /* Domain in Frameworks */ = {isa = PBXBuildFile; productRef = E500A07487A2FE06DC70A317 /* Domain */; };
		08C91D2EA8C504197C82A267 /* SceneDependencyContainer+StoreBuilderDependencies.swift in Sources */ = {isa = PBXBuildFile; fileRef = 844AACC6BBD61E9D3BB9C5F5 /* SceneDependencyContainer+StoreBuilderDependencies.swift */; };
		091E00CE61D0B970923A6DA3 /* TsundocListReducer.swift in Sources */ = {isa = PBXBuildFile; fileRef = AE906AC356C938833DCB0939 /* TsundocListReducer.swift */; };
		0A0E24BA662FF22C7BC7CC8B /* Persistence in Frameworks */ = {isa = PBXBuildFile; productRef = 456B32B398F1865F500454D7 /* Persistence */; };
		0AAF5082E4A676EDCD385986 /* TsundocListStoreBuilder.swift in Sources */ = {isa = PBXBuildFile; fileRef = A4D150A0C5098070D47CFB60 /* TsundocListStoreBuilder.swift */; };
		0ABB392A524DCF8F887FB11C /* TsundocInfoViewRootReducer.swift in Sources */ = {isa = PBXBuildFile; fileRef = 47CCC55D62E82F09534DAF8D /* TsundocInfoViewRootReducer.swift */; };
		0F97743BC2EC1FF583014F47 /* TsundocInfoViewRootState.swift in Sources */ = {isa = PBXBuildFile; fileRef = DC881AF1363BD1616E11EF0D /* TsundocInfoViewRootState.swift */; };
		10E32694054C970EE08B63ED /* WebViewCoordinator.swift in Sources */ = {isa = PBXBuildFile; fileRef = 60564664ABBE179B7D642598 /* WebViewCoordinator.swift */; };
		115DB336C596267E1E8B3E53 /* TagListControlState.swift in Sources */ = {isa = PBXBuildFile; fileRef = 160F1858B1976512AEBEAA62 /* TagListControlState.swift */; };
		154A8F67CBBA004AEFC1A940 /* TagList.swift in Sources */ = {isa = PBXBuildFile; fileRef = 12C96424FF884AC81B25170D /* TagList.swift */; };
		164489A90C28FFC8F2742F88 /* TsunDocsUIKit in Frameworks */ = {isa = PBXBuildFile; productRef = 6D1A566915C86883EFCE539E /* TsunDocsUIKit */; };
		1A4FB5A1F71B9FAD5932115D /* TsundocInfoViewRootAction.swift in Sources */ = {isa = PBXBuildFile; fileRef = C06F3ABF104FAABC8ABC4CBE /* TsundocInfoViewRootAction.swift */; };
		1BED969DBCC5B90F766D1770 /* Domain in Frameworks */ = {isa = PBXBuildFile; productRef = 9766BC03BB0AD248E302C4FE /* Domain */; };
		1C4E47BD773458338D123241 /* ContentView.swift in Sources */ = {isa = PBXBuildFile; fileRef = 2E85C1D5AA923AAD880BED5E /* ContentView.swift */; };
		1DB3D2DF6EC889A72F62BEFF /* TagListStoreBuilder.swift in Sources */ = {isa = PBXBuildFile; fileRef = CED5D9319A3949FF6AAFED14 /* TagListStoreBuilder.swift */; };
		1DEB8FD6CACA4A8697ECABF3 /* TsundocListState.swift in Sources */ = {isa = PBXBuildFile; fileRef = 3EFBF2205272BE3F44A11ED2 /* TsundocListState.swift */; };
		1F104CEB1C099E4C98C521AB /* TsundocListAction.swift in Sources */ = {isa = PBXBuildFile; fileRef = CF6FAF09FFCDE1D39A6305FB /* TsundocListAction.swift */; };
		25200E873AD4A54B9785F277 /* CompositeKit in Frameworks */ = {isa = PBXBuildFile; productRef = F81CB934F7523BD740825383 /* CompositeKit */; };
		2AE1E17D1430CA90EE33E1E5 /* TsunDocsUIKit in Frameworks */ = {isa = PBXBuildFile; productRef = 5D7F008E482D50BA0CF6D4AE /* TsunDocsUIKit */; };
		2F4987798B8C1ADD01584FAA /* TagListControlAction.swift in Sources */ = {isa = PBXBuildFile; fileRef = ED160644CF84EEEF09E34394 /* TagListControlAction.swift */; };
		31F292590F4E0E91A701F229 /* Environment+SceneDependencyContainer.swift in Sources */ = {isa = PBXBuildFile; fileRef = 7418BAAA225FC99E851056AE /* Environment+SceneDependencyContainer.swift */; };
		33724356FFEE227EA3FE81AE /* TsundocCell.swift in Sources */ = {isa = PBXBuildFile; fileRef = 184644999F656C54E44F478A /* TsundocCell.swift */; };
		363221FCE87813A4BFD15786 /* TagListControlState.swift in Sources */ = {isa = PBXBuildFile; fileRef = 160F1858B1976512AEBEAA62 /* TagListControlState.swift */; };
		368780BB7605D10B0268E147 /* Smile in Frameworks */ = {isa = PBXBuildFile; productRef = E0CD9235D774E4ADF7C9765A /* Smile */; };
		386734DFA2CE2F8208BFAE7D /* TsunDocsApp.swift in Sources */ = {isa = PBXBuildFile; fileRef = 2FA3D285E82BFC08D5A3E3D8 /* TsunDocsApp.swift */; };
		3C9E8A126254BFD271BE6978 /* Localizable.strings in Resources */ = {isa = PBXBuildFile; fileRef = 7C551701D81C77163DF7EBF1 /* Localizable.strings */; };
		3FBC97AAB7FF40C7B1CF7F0E /* Assets.xcassets in Resources */ = {isa = PBXBuildFile; fileRef = 6D4EC5A9A528986040B13DA1 /* Assets.xcassets */; };
		4092B6F521F0C9BFB66F524B /* TsundocInfoViewRootAction.swift in Sources */ = {isa = PBXBuildFile; fileRef = C06F3ABF104FAABC8ABC4CBE /* TsundocInfoViewRootAction.swift */; };
		416A85D4E940D2B3D6D7FD97 /* SceneDependencyContainer+ServiceDependencies.swift in Sources */ = {isa = PBXBuildFile; fileRef = 12A484483DC29892DD0EB5B0 /* SceneDependencyContainer+ServiceDependencies.swift */; };
		41AE8F45CD8D79E1B7B8F413 /* PreviewContent in Frameworks */ = {isa = PBXBuildFile; productRef = E4C6D2912A985BAC88241EE9 /* PreviewContent */; };
		43BCE8CD90E8C89D7C5C79A9 /* TsundocList.swift in Sources */ = {isa = PBXBuildFile; fileRef = 8D4058A249D33AD35728B16C /* TsundocList.swift */; };
		43C480475934129C3C534C40 /* Localizable.strings in Resources */ = {isa = PBXBuildFile; fileRef = AA8AEA8894D65A2392567CFD /* Localizable.strings */; };
		44575D4CEFC0C6EE0424B2CA /* Environment+SceneDependencyContainer.swift in Sources */ = {isa = PBXBuildFile; fileRef = 7418BAAA225FC99E851056AE /* Environment+SceneDependencyContainer.swift */; };
		459F075D751A28661970B0B1 /* EmptyMessageView.swift in Sources */ = {isa = PBXBuildFile; fileRef = C1034E059D3BD5A7849C19FA /* EmptyMessageView.swift */; };
		46670E89D3C7AC1D1AE7C919 /* TsundocInfoViewAction.swift in Sources */ = {isa = PBXBuildFile; fileRef = B7FCE6F236CC52D4926136D2 /* TsundocInfoViewAction.swift */; };
		46EC15627AE1056CE33B7875 /* TsundocInfoViewState.swift in Sources */ = {isa = PBXBuildFile; fileRef = 18309FCE99C9AAA67A04F595 /* TsundocInfoViewState.swift */; };
		473574F11F6B9A0654E7F0CB /* Smile in Frameworks */ = {isa = PBXBuildFile; productRef = 58F214CC5281EB6787D7671C /* Smile */; };
		50A9E6B016F3A8F9F46B73EC /* SceneDependencyContainer+ServiceDependencies.swift in Sources */ = {isa = PBXBuildFile; fileRef = 12A484483DC29892DD0EB5B0 /* SceneDependencyContainer+ServiceDependencies.swift */; };
		52B8B078A7B0D6B3797FFE5F /* TagListAction.swift in Sources */ = {isa = PBXBuildFile; fileRef = 39207BDA04E73F372BDE4DDA /* TagListAction.swift */; };
		538BA6A4864C497626060A10 /* TagListReducer.swift in Sources */ = {isa = PBXBuildFile; fileRef = BD025077E909BE230574082B /* TagListReducer.swift */; };
		5517244131DB02E1881E74F6 /* TsundocListState.swift in Sources */ = {isa = PBXBuildFile; fileRef = 3EFBF2205272BE3F44A11ED2 /* TsundocListState.swift */; };
		5670E983DB405718EBE3A048 /* TsundocInfoViewAction.swift in Sources */ = {isa = PBXBuildFile; fileRef = B7FCE6F236CC52D4926136D2 /* TsundocInfoViewAction.swift */; };
		5778886C0FCF6890F327BC81 /* WebView.swift in Sources */ = {isa = PBXBuildFile; fileRef = 3F45E0E9801334633968BF67 /* WebView.swift */; };
		5B871EB954AB3721684C4483 /* TagList.swift in Sources */ = {isa = PBXBuildFile; fileRef = 12C96424FF884AC81B25170D /* TagList.swift */; };
		5BE97571A82F8E01E172C8B8 /* SceneDependencyContainer+StoreBuilderDependencies.swift in Sources */ = {isa = PBXBuildFile; fileRef = 844AACC6BBD61E9D3BB9C5F5 /* SceneDependencyContainer+StoreBuilderDependencies.swift */; };
		5D7F26D08FC345318EEE4A96 /* WebView.swift in Sources */ = {isa = PBXBuildFile; fileRef = 3F45E0E9801334633968BF67 /* WebView.swift */; };
		5F9E79C9D2C54D42B470D8F4 /* TsundocInfoView.swift in Sources */ = {isa = PBXBuildFile; fileRef = CB2B17A3429AC0D9A14AEF32 /* TsundocInfoView.swift */; };
		6B9F0F266E33338DFFA0DBE6 /* TagListReducer.swift in Sources */ = {isa = PBXBuildFile; fileRef = BD025077E909BE230574082B /* TagListReducer.swift */; };
		6D34A1FFDEAB86B64AE69AB1 /* Environment+TagListStoreBuilder.swift in Sources */ = {isa = PBXBuildFile; fileRef = 7D1E144EAE1952DA4EDDBD60 /* Environment+TagListStoreBuilder.swift */; };
		6DF113FB8027AA739D855CAC /* TagListControlReducer.swift in Sources */ = {isa = PBXBuildFile; fileRef = 0BD8B7D42E9CC7D502C63C16 /* TagListControlReducer.swift */; };
		6F248F772731C1446671D3F6 /* TsundocListStoreBuilder.swift in Sources */ = {isa = PBXBuildFile; fileRef = A4D150A0C5098070D47CFB60 /* TsundocListStoreBuilder.swift */; };
		6F996F7B5B63C174FDEF7477 /* Environment+TsundocListStoreBuilder.swift in Sources */ = {isa = PBXBuildFile; fileRef = C1378835671AAB8487FB30B2 /* Environment+TsundocListStoreBuilder.swift */; };
		74A81AF79399B20D541FD1BF /* Environment+TagListStoreBuilder.swift in Sources */ = {isa = PBXBuildFile; fileRef = 7D1E144EAE1952DA4EDDBD60 /* Environment+TagListStoreBuilder.swift */; };
		77E922CBD1236DE2A67D1E10 /* String.swift in Sources */ = {isa = PBXBuildFile; fileRef = 196E5CC8F1AA57E7C6BC3906 /* String.swift */; };
		7EEB4817533CDE2B4AB68282 /* AppDependencyContainer.swift in Sources */ = {isa = PBXBuildFile; fileRef = 5FD2593D51CFC4B413F4A6C6 /* AppDependencyContainer.swift */; };
		82B83E9F058B9899EB9CB845 /* TsundocInfoViewState.swift in Sources */ = {isa = PBXBuildFile; fileRef = 18309FCE99C9AAA67A04F595 /* TsundocInfoViewState.swift */; };
		85BDE18B62DF820D0F4EB9B0 /* TsundocThumbnail.swift in Sources */ = {isa = PBXBuildFile; fileRef = 8EE5BDE1AFCA46143EF930B2 /* TsundocThumbnail.swift */; };
		863BC22A78D392B0E0FB970D /* BrowseView.swift in Sources */ = {isa = PBXBuildFile; fileRef = F889EC725ABF3E0BC6CCBFB5 /* BrowseView.swift */; };
		86BEA880D8E459AC5BED4D0C /* AppDependencyContainer.swift in Sources */ = {isa = PBXBuildFile; fileRef = 5FD2593D51CFC4B413F4A6C6 /* AppDependencyContainer.swift */; };
		878A57B65F82C986F28E1236 /* String.swift in Sources */ = {isa = PBXBuildFile; fileRef = C3D1943A9A23E0149BEB6DEC /* String.swift */; };
		89B6A5A731CD2A405EE0615D /* Environment+AppDependencyContainer.swift in Sources */ = {isa = PBXBuildFile; fileRef = 39086131CDC1E01FB0873C88 /* Environment+AppDependencyContainer.swift */; };
		8B895EE687FB3A23F943755A /* MobileShareExtension.appex in Embed App Extensions */ = {isa = PBXBuildFile; fileRef = FF241AF60C49740BA6F08F55 /* MobileShareExtension.appex */; settings = {ATTRIBUTES = (RemoveHeadersOnCopy, ); }; };
		8CD182DE6B10AC6DA9DA9280 /* PreviewContent in Frameworks */ = {isa = PBXBuildFile; productRef = D9054E2454A77ADBCE4DF8DC /* PreviewContent */; };
		90DE87A77D56B392B9C749F6 /* TsundocInfoViewRootState.swift in Sources */ = {isa = PBXBuildFile; fileRef = DC881AF1363BD1616E11EF0D /* TsundocInfoViewRootState.swift */; };
		91419BF44E4FE9F89247ED8D /* TsundocInfoViewReducer.swift in Sources */ = {isa = PBXBuildFile; fileRef = D243E3EA08555D89121FC3CF /* TsundocInfoViewReducer.swift */; };
		91FF2C57F336117350F65B85 /* Persistence in Frameworks */ = {isa = PBXBuildFile; productRef = 158BF3566C3EEF05607B40BB /* Persistence */; };
		930DA4FB151D1C20E712544C /* SceneDependencyContainer.swift in Sources */ = {isa = PBXBuildFile; fileRef = 06B41D230914A93D29427F68 /* SceneDependencyContainer.swift */; };
		943B068562036D702C9A522F /* SceneDependencyContainer.swift in Sources */ = {isa = PBXBuildFile; fileRef = 06B41D230914A93D29427F68 /* SceneDependencyContainer.swift */; };
		9749EF77D397F16AF79EE12A /* Environment+AppDependencyContainer.swift in Sources */ = {isa = PBXBuildFile; fileRef = 39086131CDC1E01FB0873C88 /* Environment+AppDependencyContainer.swift */; };
		986E0B8BDE54C97CC70973CD /* TabItem.swift in Sources */ = {isa = PBXBuildFile; fileRef = 2B8097C5C6F26D04EF44DE3B /* TabItem.swift */; };
		987F7C6A575235AAEE663D67 /* TsundocInfoView.swift in Sources */ = {isa = PBXBuildFile; fileRef = CB2B17A3429AC0D9A14AEF32 /* TsundocInfoView.swift */; };
		993CA6F6361CC38A4D0B1EB1 /* ShareSheet.swift in Sources */ = {isa = PBXBuildFile; fileRef = 4F8F6B62DA5F764BD52AA146 /* ShareSheet.swift */; };
		9EB209190F2D742BA41C6310 /* CompositeKit in Frameworks */ = {isa = PBXBuildFile; productRef = FA2E740E65893AE42C9DEA43 /* CompositeKit */; };
		9FCEFC354E081C74411DBB00 /* MobileShareExtensionUIKit in Frameworks */ = {isa = PBXBuildFile; productRef = 2F700F9EEED5612541D9CDC3 /* MobileShareExtensionUIKit */; };
		A1E478C6E50ED717D685A047 /* Kanna in Frameworks */ = {isa = PBXBuildFile; productRef = FF37161AF5AD4E6EC9F5D306 /* Kanna */; };
		A4F9981FC650D89BCA2326D0 /* TagListStoreBuilder.swift in Sources */ = {isa = PBXBuildFile; fileRef = CED5D9319A3949FF6AAFED14 /* TagListStoreBuilder.swift */; };
		A86A367E1E4894FFAD2E8C7C /* TsundocInfoViewRootReducer.swift in Sources */ = {isa = PBXBuildFile; fileRef = 47CCC55D62E82F09534DAF8D /* TsundocInfoViewRootReducer.swift */; };
		A96B5891C058478F93235546 /* Environment+TsundocListStoreBuilder.swift in Sources */ = {isa = PBXBuildFile; fileRef = C1378835671AAB8487FB30B2 /* Environment+TsundocListStoreBuilder.swift */; };
		A9A3E7450B98AF06272C8EC1 /* SafariView.swift in Sources */ = {isa = PBXBuildFile; fileRef = 265617AD24F188BE4827D108 /* SafariView.swift */; };
		AADF6019DFF081B67B9E0FD8 /* Localizable.strings in Resources */ = {isa = PBXBuildFile; fileRef = 7C551701D81C77163DF7EBF1 /* Localizable.strings */; };
		AB31EA44B1995B193014BC2E /* TagListState.swift in Sources */ = {isa = PBXBuildFile; fileRef = 08E9A88BBD11F48D4DCD9120 /* TagListState.swift */; };
		ADE22D593043141A0D72C38E /* Assets.xcassets in Resources */ = {isa = PBXBuildFile; fileRef = 6D4EC5A9A528986040B13DA1 /* Assets.xcassets */; };
		ADEF72A86123BB10FDD1A5D9 /* String.swift in Sources */ = {isa = PBXBuildFile; fileRef = 196E5CC8F1AA57E7C6BC3906 /* String.swift */; };
		B4E0B20AF8138F6144002823 /* TsundocInfoViewReducer.swift in Sources */ = {isa = PBXBuildFile; fileRef = D243E3EA08555D89121FC3CF /* TsundocInfoViewReducer.swift */; };
		B4FEC9E84E455A8A4B0B2FC7 /* TsundocCell.swift in Sources */ = {isa = PBXBuildFile; fileRef = 184644999F656C54E44F478A /* TsundocCell.swift */; };
		B9CBD5E8A725D89FC3B8441A /* TsundocThumbnail.swift in Sources */ = {isa = PBXBuildFile; fileRef = 8EE5BDE1AFCA46143EF930B2 /* TsundocThumbnail.swift */; };
		C1C3D88BD1A9493262B70AAE /* TagListAction.swift in Sources */ = {isa = PBXBuildFile; fileRef = 39207BDA04E73F372BDE4DDA /* TagListAction.swift */; };
		CA6E6BDEE92CBAF34F4A814C /* UIPasteboard+Pasteboard.swift in Sources */ = {isa = PBXBuildFile; fileRef = CE0FD8B47AF50AF4BC8A10A9 /* UIPasteboard+Pasteboard.swift */; };
		D6A7C33E5293BAAA7B783E09 /* TabItem.swift in Sources */ = {isa = PBXBuildFile; fileRef = 2B8097C5C6F26D04EF44DE3B /* TabItem.swift */; };
		D98B7DB37A9882EBB7124F74 /* Domain in Frameworks */ = {isa = PBXBuildFile; productRef = 2865E803F7EFC6B6082BEE1F /* Domain */; };
		DA2667C446C8401E32FC2D62 /* TagListControlReducer.swift in Sources */ = {isa = PBXBuildFile; fileRef = 0BD8B7D42E9CC7D502C63C16 /* TagListControlReducer.swift */; };
		DCA48D6084F7B50AE92F92E4 /* TsundocInfoViewStoreBuilder.swift in Sources */ = {isa = PBXBuildFile; fileRef = 40FF3C2E24D8924531DA75DE /* TsundocInfoViewStoreBuilder.swift */; };
		DE92BA44C2B23DC24E2A627C /* TsundocListReducer.swift in Sources */ = {isa = PBXBuildFile; fileRef = AE906AC356C938833DCB0939 /* TsundocListReducer.swift */; };
		DEADE2DAAB80F2C83BE7FED0 /* TsundocList.swift in Sources */ = {isa = PBXBuildFile; fileRef = 8D4058A249D33AD35728B16C /* TsundocList.swift */; };
		E14AC4AFA3DE7B4C0D78044C /* TsundocListAction.swift in Sources */ = {isa = PBXBuildFile; fileRef = CF6FAF09FFCDE1D39A6305FB /* TsundocListAction.swift */; };
		E1B0EDC100F5373C7D39E54A /* TsunDocsApp.swift in Sources */ = {isa = PBXBuildFile; fileRef = 2FA3D285E82BFC08D5A3E3D8 /* TsunDocsApp.swift */; };
		E1EA1E4D1F1744BA1CA68898 /* CompositeKit in Frameworks */ = {isa = PBXBuildFile; productRef = C5D87140BF281FB14DB05762 /* CompositeKit */; };
		E484ABE0FB45DEB6EDE2266E /* TagListState.swift in Sources */ = {isa = PBXBuildFile; fileRef = 08E9A88BBD11F48D4DCD9120 /* TagListState.swift */; };
		E71267A6F57FADF64EA48D5C /* EmptyMessageView.swift in Sources */ = {isa = PBXBuildFile; fileRef = C1034E059D3BD5A7849C19FA /* EmptyMessageView.swift */; };
		E71C7C89682F980BE90F4408 /* WebViewCoordinator.swift in Sources */ = {isa = PBXBuildFile; fileRef = 60564664ABBE179B7D642598 /* WebViewCoordinator.swift */; };
		E78F86735C4DA53ED40DBD7E /* NSExtensionContext+Completable.swift in Sources */ = {isa = PBXBuildFile; fileRef = D275639112609E63A9C9890B /* NSExtensionContext+Completable.swift */; };
		E9B9F583E6F699DA6BD561BF /* Persistence in Frameworks */ = {isa = PBXBuildFile; productRef = F58965A0AD1DF8255018900C /* Persistence */; };
		EA6AE9ECE9A7DF752EB7DE4F /* TsundocInfoViewStoreBuilder.swift in Sources */ = {isa = PBXBuildFile; fileRef = 40FF3C2E24D8924531DA75DE /* TsundocInfoViewStoreBuilder.swift */; };
		ECDE91686FB35D5F0A724900 /* DependencyContainer.swift in Sources */ = {isa = PBXBuildFile; fileRef = B9F1DC82DBE8F738416C5605 /* DependencyContainer.swift */; };
		F06C6C3E33246E2BB6B920EB /* SettingView.swift in Sources */ = {isa = PBXBuildFile; fileRef = 5085AAF929F99EBBB0EBD9B4 /* SettingView.swift */; };
		F30CAFCE4BD0B986E5298D05 /* ContentView.swift in Sources */ = {isa = PBXBuildFile; fileRef = 1AB9180BF53336E2369C3393 /* ContentView.swift */; };
		F51524FE71BD2D962BF0D912 /* DependencyContainer+StoreBuilder.swift in Sources */ = {isa = PBXBuildFile; fileRef = FB840FDAA9B83DCE1B5E1D37 /* DependencyContainer+StoreBuilder.swift */; };
		F85ADC0BFDA946758C46F37C /* TagListControlAction.swift in Sources */ = {isa = PBXBuildFile; fileRef = ED160644CF84EEEF09E34394 /* TagListControlAction.swift */; };
		FB43BDD92811299C0C8ACBCA /* Environment+TsundocInfoViewStoreBuilder.swift in Sources */ = {isa = PBXBuildFile; fileRef = 5A2177FAF2DC27F25DA514F8 /* Environment+TsundocInfoViewStoreBuilder.swift */; };
		FCDA8F2B71AECBA5C8327FAF /* Environment+TsundocInfoViewStoreBuilder.swift in Sources */ = {isa = PBXBuildFile; fileRef = 5A2177FAF2DC27F25DA514F8 /* Environment+TsundocInfoViewStoreBuilder.swift */; };
/* End PBXBuildFile section */

/* Begin PBXContainerItemProxy section */
		85BC566019A7B020FD907CFF /* PBXContainerItemProxy */ = {
			isa = PBXContainerItemProxy;
			containerPortal = B10FD681F47AC2A4820934BC /* Project object */;
			proxyType = 1;
			remoteGlobalIDString = 8AF84C32444B977765B9493A;
			remoteInfo = MobileShareExtension;
		};
/* End PBXContainerItemProxy section */

/* Begin PBXCopyFilesBuildPhase section */
		53006B1A1B1698EC1A6B3DF4 /* Embed App Extensions */ = {
			isa = PBXCopyFilesBuildPhase;
			buildActionMask = 2147483647;
			dstPath = "";
			dstSubfolderSpec = 13;
			files = (
				8B895EE687FB3A23F943755A /* MobileShareExtension.appex in Embed App Extensions */,
			);
			name = "Embed App Extensions";
			runOnlyForDeploymentPostprocessing = 0;
		};
/* End PBXCopyFilesBuildPhase section */

/* Begin PBXFileReference section */
		06B41D230914A93D29427F68 /* SceneDependencyContainer.swift */ = {isa = PBXFileReference; lastKnownFileType = sourcecode.swift; path = SceneDependencyContainer.swift; sourceTree = "<group>"; };
		08E9A88BBD11F48D4DCD9120 /* TagListState.swift */ = {isa = PBXFileReference; lastKnownFileType = sourcecode.swift; path = TagListState.swift; sourceTree = "<group>"; };
		0BD8B7D42E9CC7D502C63C16 /* TagListControlReducer.swift */ = {isa = PBXFileReference; lastKnownFileType = sourcecode.swift; path = TagListControlReducer.swift; sourceTree = "<group>"; };
		12A484483DC29892DD0EB5B0 /* SceneDependencyContainer+ServiceDependencies.swift */ = {isa = PBXFileReference; lastKnownFileType = sourcecode.swift; path = "SceneDependencyContainer+ServiceDependencies.swift"; sourceTree = "<group>"; };
		12C96424FF884AC81B25170D /* TagList.swift */ = {isa = PBXFileReference; lastKnownFileType = sourcecode.swift; path = TagList.swift; sourceTree = "<group>"; };
		160F1858B1976512AEBEAA62 /* TagListControlState.swift */ = {isa = PBXFileReference; lastKnownFileType = sourcecode.swift; path = TagListControlState.swift; sourceTree = "<group>"; };
		17DE7752760DFFCDFDE31F4A /* ja */ = {isa = PBXFileReference; lastKnownFileType = text.plist.strings; name = ja; path = ja.lproj/Localizable.strings; sourceTree = "<group>"; };
		18309FCE99C9AAA67A04F595 /* TsundocInfoViewState.swift */ = {isa = PBXFileReference; lastKnownFileType = sourcecode.swift; path = TsundocInfoViewState.swift; sourceTree = "<group>"; };
		184644999F656C54E44F478A /* TsundocCell.swift */ = {isa = PBXFileReference; lastKnownFileType = sourcecode.swift; path = TsundocCell.swift; sourceTree = "<group>"; };
		196E5CC8F1AA57E7C6BC3906 /* String.swift */ = {isa = PBXFileReference; lastKnownFileType = sourcecode.swift; path = String.swift; sourceTree = "<group>"; };
		1AB9180BF53336E2369C3393 /* ContentView.swift */ = {isa = PBXFileReference; lastKnownFileType = sourcecode.swift; path = ContentView.swift; sourceTree = "<group>"; };
		265617AD24F188BE4827D108 /* SafariView.swift */ = {isa = PBXFileReference; lastKnownFileType = sourcecode.swift; path = SafariView.swift; sourceTree = "<group>"; };
		2B8097C5C6F26D04EF44DE3B /* TabItem.swift */ = {isa = PBXFileReference; lastKnownFileType = sourcecode.swift; path = TabItem.swift; sourceTree = "<group>"; };
		2BF3A91827D6293B9ACD62D7 /* Domain */ = {isa = PBXFileReference; lastKnownFileType = folder; name = Domain; path = Domain; sourceTree = SOURCE_ROOT; };
		2E85C1D5AA923AAD880BED5E /* ContentView.swift */ = {isa = PBXFileReference; lastKnownFileType = sourcecode.swift; path = ContentView.swift; sourceTree = "<group>"; };
		2FA3D285E82BFC08D5A3E3D8 /* TsunDocsApp.swift */ = {isa = PBXFileReference; lastKnownFileType = sourcecode.swift; path = TsunDocsApp.swift; sourceTree = "<group>"; };
		3714AF07DC39BE2BB4DDC2B3 /* TsunDocs (iOS).app */ = {isa = PBXFileReference; includeInIndex = 0; lastKnownFileType = wrapper.application; path = "TsunDocs (iOS).app"; sourceTree = BUILT_PRODUCTS_DIR; };
		39086131CDC1E01FB0873C88 /* Environment+AppDependencyContainer.swift */ = {isa = PBXFileReference; lastKnownFileType = sourcecode.swift; path = "Environment+AppDependencyContainer.swift"; sourceTree = "<group>"; };
		39207BDA04E73F372BDE4DDA /* TagListAction.swift */ = {isa = PBXFileReference; lastKnownFileType = sourcecode.swift; path = TagListAction.swift; sourceTree = "<group>"; };
		3EFBF2205272BE3F44A11ED2 /* TsundocListState.swift */ = {isa = PBXFileReference; lastKnownFileType = sourcecode.swift; path = TsundocListState.swift; sourceTree = "<group>"; };
		3F45E0E9801334633968BF67 /* WebView.swift */ = {isa = PBXFileReference; lastKnownFileType = sourcecode.swift; path = WebView.swift; sourceTree = "<group>"; };
		40FF3C2E24D8924531DA75DE /* TsundocInfoViewStoreBuilder.swift */ = {isa = PBXFileReference; lastKnownFileType = sourcecode.swift; path = TsundocInfoViewStoreBuilder.swift; sourceTree = "<group>"; };
		47CCC55D62E82F09534DAF8D /* TsundocInfoViewRootReducer.swift */ = {isa = PBXFileReference; lastKnownFileType = sourcecode.swift; path = TsundocInfoViewRootReducer.swift; sourceTree = "<group>"; };
		4F8F6B62DA5F764BD52AA146 /* ShareSheet.swift */ = {isa = PBXFileReference; lastKnownFileType = sourcecode.swift; path = ShareSheet.swift; sourceTree = "<group>"; };
		5085AAF929F99EBBB0EBD9B4 /* SettingView.swift */ = {isa = PBXFileReference; lastKnownFileType = sourcecode.swift; path = SettingView.swift; sourceTree = "<group>"; };
		5A2177FAF2DC27F25DA514F8 /* Environment+TsundocInfoViewStoreBuilder.swift */ = {isa = PBXFileReference; lastKnownFileType = sourcecode.swift; path = "Environment+TsundocInfoViewStoreBuilder.swift"; sourceTree = "<group>"; };
		5B3C95910ABB1ED3E39E4C9C /* ja */ = {isa = PBXFileReference; lastKnownFileType = text.plist.strings; name = ja; path = ja.lproj/Localizable.strings; sourceTree = "<group>"; };
		5FD2593D51CFC4B413F4A6C6 /* AppDependencyContainer.swift */ = {isa = PBXFileReference; lastKnownFileType = sourcecode.swift; path = AppDependencyContainer.swift; sourceTree = "<group>"; };
		60564664ABBE179B7D642598 /* WebViewCoordinator.swift */ = {isa = PBXFileReference; lastKnownFileType = sourcecode.swift; path = WebViewCoordinator.swift; sourceTree = "<group>"; };
		6930039FED775CA4E010873A /* Info.plist */ = {isa = PBXFileReference; lastKnownFileType = text.plist; path = Info.plist; sourceTree = "<group>"; };
		6B310EE1579BC975F1CE3AE8 /* PreviewContent */ = {isa = PBXFileReference; lastKnownFileType = folder; name = PreviewContent; path = PreviewContent; sourceTree = SOURCE_ROOT; };
		6D4EC5A9A528986040B13DA1 /* Assets.xcassets */ = {isa = PBXFileReference; lastKnownFileType = folder.assetcatalog; path = Assets.xcassets; sourceTree = "<group>"; };
		7186314948325EFC4E5D93E3 /* en */ = {isa = PBXFileReference; lastKnownFileType = text.plist.strings; name = en; path = en.lproj/Localizable.strings; sourceTree = "<group>"; };
		7418BAAA225FC99E851056AE /* Environment+SceneDependencyContainer.swift */ = {isa = PBXFileReference; lastKnownFileType = sourcecode.swift; path = "Environment+SceneDependencyContainer.swift"; sourceTree = "<group>"; };
		7C239FA42949E1D08FB8479C /* macOS.entitlements */ = {isa = PBXFileReference; lastKnownFileType = text.plist.entitlements; path = macOS.entitlements; sourceTree = "<group>"; };
		7D1E144EAE1952DA4EDDBD60 /* Environment+TagListStoreBuilder.swift */ = {isa = PBXFileReference; lastKnownFileType = sourcecode.swift; path = "Environment+TagListStoreBuilder.swift"; sourceTree = "<group>"; };
		844AACC6BBD61E9D3BB9C5F5 /* SceneDependencyContainer+StoreBuilderDependencies.swift */ = {isa = PBXFileReference; lastKnownFileType = sourcecode.swift; path = "SceneDependencyContainer+StoreBuilderDependencies.swift"; sourceTree = "<group>"; };
		89CDF35FD12249BFF1CC6E68 /* MobileShareExtension.entitlements */ = {isa = PBXFileReference; lastKnownFileType = text.plist.entitlements; path = MobileShareExtension.entitlements; sourceTree = "<group>"; };
		8D4058A249D33AD35728B16C /* TsundocList.swift */ = {isa = PBXFileReference; lastKnownFileType = sourcecode.swift; path = TsundocList.swift; sourceTree = "<group>"; };
		8EE5BDE1AFCA46143EF930B2 /* TsundocThumbnail.swift */ = {isa = PBXFileReference; lastKnownFileType = sourcecode.swift; path = TsundocThumbnail.swift; sourceTree = "<group>"; };
		98F278D9A61D1E2782A8A25A /* en */ = {isa = PBXFileReference; lastKnownFileType = text.plist.strings; name = en; path = en.lproj/Localizable.strings; sourceTree = "<group>"; };
		A4D150A0C5098070D47CFB60 /* TsundocListStoreBuilder.swift */ = {isa = PBXFileReference; lastKnownFileType = sourcecode.swift; path = TsundocListStoreBuilder.swift; sourceTree = "<group>"; };
		AC82C490703ABC299602F12F /* MobileShareExtensionUIKit */ = {isa = PBXFileReference; lastKnownFileType = folder; name = MobileShareExtensionUIKit; path = MobileShareExtensionUIKit; sourceTree = SOURCE_ROOT; };
		AD01E9205F3BDD6034F953C5 /* Info.plist */ = {isa = PBXFileReference; lastKnownFileType = text.plist; path = Info.plist; sourceTree = "<group>"; };
		AE906AC356C938833DCB0939 /* TsundocListReducer.swift */ = {isa = PBXFileReference; lastKnownFileType = sourcecode.swift; path = TsundocListReducer.swift; sourceTree = "<group>"; };
		B7FCE6F236CC52D4926136D2 /* TsundocInfoViewAction.swift */ = {isa = PBXFileReference; lastKnownFileType = sourcecode.swift; path = TsundocInfoViewAction.swift; sourceTree = "<group>"; };
		B9F1DC82DBE8F738416C5605 /* DependencyContainer.swift */ = {isa = PBXFileReference; lastKnownFileType = sourcecode.swift; path = DependencyContainer.swift; sourceTree = "<group>"; };
		BD025077E909BE230574082B /* TagListReducer.swift */ = {isa = PBXFileReference; lastKnownFileType = sourcecode.swift; path = TagListReducer.swift; sourceTree = "<group>"; };
		BEDCBB975AFA4545C1216463 /* TsunDocs (macOS).app */ = {isa = PBXFileReference; explicitFileType = wrapper.application; includeInIndex = 0; path = "TsunDocs (macOS).app"; sourceTree = BUILT_PRODUCTS_DIR; };
		C06F3ABF104FAABC8ABC4CBE /* TsundocInfoViewRootAction.swift */ = {isa = PBXFileReference; lastKnownFileType = sourcecode.swift; path = TsundocInfoViewRootAction.swift; sourceTree = "<group>"; };
		C0D7CBCD7918B8B5B4DCBE64 /* TsunDocsUIKit */ = {isa = PBXFileReference; lastKnownFileType = folder; name = TsunDocsUIKit; path = TsunDocsUIKit; sourceTree = SOURCE_ROOT; };
		C1034E059D3BD5A7849C19FA /* EmptyMessageView.swift */ = {isa = PBXFileReference; lastKnownFileType = sourcecode.swift; path = EmptyMessageView.swift; sourceTree = "<group>"; };
		C1378835671AAB8487FB30B2 /* Environment+TsundocListStoreBuilder.swift */ = {isa = PBXFileReference; lastKnownFileType = sourcecode.swift; path = "Environment+TsundocListStoreBuilder.swift"; sourceTree = "<group>"; };
		C3D1943A9A23E0149BEB6DEC /* String.swift */ = {isa = PBXFileReference; lastKnownFileType = sourcecode.swift; path = String.swift; sourceTree = "<group>"; };
		C8123FCAB4C8D7730074C751 /* CompositeKit */ = {isa = PBXFileReference; lastKnownFileType = folder; name = CompositeKit; path = CompositeKit; sourceTree = SOURCE_ROOT; };
		CB2B17A3429AC0D9A14AEF32 /* TsundocInfoView.swift */ = {isa = PBXFileReference; lastKnownFileType = sourcecode.swift; path = TsundocInfoView.swift; sourceTree = "<group>"; };
		CE0FD8B47AF50AF4BC8A10A9 /* UIPasteboard+Pasteboard.swift */ = {isa = PBXFileReference; lastKnownFileType = sourcecode.swift; path = "UIPasteboard+Pasteboard.swift"; sourceTree = "<group>"; };
		CED5D9319A3949FF6AAFED14 /* TagListStoreBuilder.swift */ = {isa = PBXFileReference; lastKnownFileType = sourcecode.swift; path = TagListStoreBuilder.swift; sourceTree = "<group>"; };
		CF6FAF09FFCDE1D39A6305FB /* TsundocListAction.swift */ = {isa = PBXFileReference; lastKnownFileType = sourcecode.swift; path = TsundocListAction.swift; sourceTree = "<group>"; };
		D243E3EA08555D89121FC3CF /* TsundocInfoViewReducer.swift */ = {isa = PBXFileReference; lastKnownFileType = sourcecode.swift; path = TsundocInfoViewReducer.swift; sourceTree = "<group>"; };
		D275639112609E63A9C9890B /* NSExtensionContext+Completable.swift */ = {isa = PBXFileReference; lastKnownFileType = sourcecode.swift; path = "NSExtensionContext+Completable.swift"; sourceTree = "<group>"; };
		D7AE52CBE4359D59F4CC005C /* ShareRootViewController.swift */ = {isa = PBXFileReference; lastKnownFileType = sourcecode.swift; path = ShareRootViewController.swift; sourceTree = "<group>"; };
		DB56EBEB7892DC64ACED096E /* iOS.entitlements */ = {isa = PBXFileReference; lastKnownFileType = text.plist.entitlements; path = iOS.entitlements; sourceTree = "<group>"; };
		DC881AF1363BD1616E11EF0D /* TsundocInfoViewRootState.swift */ = {isa = PBXFileReference; lastKnownFileType = sourcecode.swift; path = TsundocInfoViewRootState.swift; sourceTree = "<group>"; };
		ED160644CF84EEEF09E34394 /* TagListControlAction.swift */ = {isa = PBXFileReference; lastKnownFileType = sourcecode.swift; path = TagListControlAction.swift; sourceTree = "<group>"; };
		F1BDBEAE8BCD54E0D372DE1D /* Persistence */ = {isa = PBXFileReference; lastKnownFileType = folder; name = Persistence; path = Persistence; sourceTree = SOURCE_ROOT; };
		F887EB4DB6E1DE3040F95054 /* Info.plist */ = {isa = PBXFileReference; lastKnownFileType = text.plist; path = Info.plist; sourceTree = "<group>"; };
		F889EC725ABF3E0BC6CCBFB5 /* BrowseView.swift */ = {isa = PBXFileReference; lastKnownFileType = sourcecode.swift; path = BrowseView.swift; sourceTree = "<group>"; };
		FB840FDAA9B83DCE1B5E1D37 /* DependencyContainer+StoreBuilder.swift */ = {isa = PBXFileReference; lastKnownFileType = sourcecode.swift; path = "DependencyContainer+StoreBuilder.swift"; sourceTree = "<group>"; };
		FF241AF60C49740BA6F08F55 /* MobileShareExtension.appex */ = {isa = PBXFileReference; includeInIndex = 0; lastKnownFileType = "wrapper.app-extension"; path = MobileShareExtension.appex; sourceTree = BUILT_PRODUCTS_DIR; };
/* End PBXFileReference section */

/* Begin PBXFrameworksBuildPhase section */
		26CBBCDC2AAD7C4A199E2BC3 /* Frameworks */ = {
			isa = PBXFrameworksBuildPhase;
			buildActionMask = 2147483647;
			files = (
				1BED969DBCC5B90F766D1770 /* Domain in Frameworks */,
				91FF2C57F336117350F65B85 /* Persistence in Frameworks */,
				473574F11F6B9A0654E7F0CB /* Smile in Frameworks */,
				A1E478C6E50ED717D685A047 /* Kanna in Frameworks */,
				9EB209190F2D742BA41C6310 /* CompositeKit in Frameworks */,
				164489A90C28FFC8F2742F88 /* TsunDocsUIKit in Frameworks */,
				8CD182DE6B10AC6DA9DA9280 /* PreviewContent in Frameworks */,
			);
			runOnlyForDeploymentPostprocessing = 0;
		};
		85E7B983E892C2FCC3953ACE /* Frameworks */ = {
			isa = PBXFrameworksBuildPhase;
			buildActionMask = 2147483647;
			files = (
				05379807DD47D1488C35CD2D /* Domain in Frameworks */,
				E9B9F583E6F699DA6BD561BF /* Persistence in Frameworks */,
				368780BB7605D10B0268E147 /* Smile in Frameworks */,
				00489507C1174D1ABB1713F5 /* Kanna in Frameworks */,
				25200E873AD4A54B9785F277 /* CompositeKit in Frameworks */,
				2AE1E17D1430CA90EE33E1E5 /* TsunDocsUIKit in Frameworks */,
				41AE8F45CD8D79E1B7B8F413 /* PreviewContent in Frameworks */,
			);
			runOnlyForDeploymentPostprocessing = 0;
		};
		E88D405D2AB467B45B66F4FD /* Frameworks */ = {
			isa = PBXFrameworksBuildPhase;
			buildActionMask = 2147483647;
			files = (
				D98B7DB37A9882EBB7124F74 /* Domain in Frameworks */,
				0A0E24BA662FF22C7BC7CC8B /* Persistence in Frameworks */,
				E1EA1E4D1F1744BA1CA68898 /* CompositeKit in Frameworks */,
				9FCEFC354E081C74411DBB00 /* MobileShareExtensionUIKit in Frameworks */,
			);
			runOnlyForDeploymentPostprocessing = 0;
		};
/* End PBXFrameworksBuildPhase section */

/* Begin PBXGroup section */
		045F797232B4B97F9F3792E1 /* Store */ = {
			isa = PBXGroup;
			children = (
				B7FCE6F236CC52D4926136D2 /* TsundocInfoViewAction.swift */,
				D243E3EA08555D89121FC3CF /* TsundocInfoViewReducer.swift */,
				18309FCE99C9AAA67A04F595 /* TsundocInfoViewState.swift */,
			);
			path = Store;
			sourceTree = "<group>";
		};
		0DBB2B82509AE157C1DA93DF /* Store */ = {
			isa = PBXGroup;
			children = (
				FA321E67C3C09F148E98209D /* TagList */,
				351C06074A7BBEA941838B4B /* TagListControl */,
			);
			path = Store;
			sourceTree = "<group>";
		};
		11D94D6AF638D65D0BD15544 /* Service */ = {
			isa = PBXGroup;
			children = (
				CE0FD8B47AF50AF4BC8A10A9 /* UIPasteboard+Pasteboard.swift */,
			);
			path = Service;
			sourceTree = "<group>";
		};
		24AA9E9D34A0C1FEAA570805 /* DI */ = {
			isa = PBXGroup;
			children = (
				B9F1DC82DBE8F738416C5605 /* DependencyContainer.swift */,
				FB840FDAA9B83DCE1B5E1D37 /* DependencyContainer+StoreBuilder.swift */,
				D275639112609E63A9C9890B /* NSExtensionContext+Completable.swift */,
			);
			path = DI;
			sourceTree = "<group>";
		};
		27F5C4A0848291E14183A3CA /* EmptyMessageView */ = {
			isa = PBXGroup;
			children = (
				C1034E059D3BD5A7849C19FA /* EmptyMessageView.swift */,
			);
			path = EmptyMessageView;
			sourceTree = "<group>";
		};
		351C06074A7BBEA941838B4B /* TagListControl */ = {
			isa = PBXGroup;
			children = (
				ED160644CF84EEEF09E34394 /* TagListControlAction.swift */,
				0BD8B7D42E9CC7D502C63C16 /* TagListControlReducer.swift */,
				160F1858B1976512AEBEAA62 /* TagListControlState.swift */,
			);
			path = TagListControl;
			sourceTree = "<group>";
		};
		4B11A1A2CDBA5890B6875BFC /* TabItem */ = {
			isa = PBXGroup;
			children = (
				2B8097C5C6F26D04EF44DE3B /* TabItem.swift */,
			);
			path = TabItem;
			sourceTree = "<group>";
		};
		5C463A261E3367ECF76CB39E /* TsundocList */ = {
			isa = PBXGroup;
			children = (
				184644999F656C54E44F478A /* TsundocCell.swift */,
				8D4058A249D33AD35728B16C /* TsundocList.swift */,
				8EE5BDE1AFCA46143EF930B2 /* TsundocThumbnail.swift */,
				79AAE256807674F7FCFA191C /* Store */,
			);
			path = TsundocList;
			sourceTree = "<group>";
		};
		66025CEC54E75BDA54513C20 /* Resource */ = {
			isa = PBXGroup;
			children = (
				6D4EC5A9A528986040B13DA1 /* Assets.xcassets */,
				7C551701D81C77163DF7EBF1 /* Localizable.strings */,
			);
			path = Resource;
			sourceTree = "<group>";
		};
		68D458DF8311E87630386D37 /* DI */ = {
			isa = PBXGroup;
			children = (
				5FD2593D51CFC4B413F4A6C6 /* AppDependencyContainer.swift */,
				39086131CDC1E01FB0873C88 /* Environment+AppDependencyContainer.swift */,
				FE52DB83023D56AD62DBF259 /* SceneDependencyContainer */,
				83618A65F4549EE693CC21BD /* StoreBuilder */,
			);
			path = DI;
			sourceTree = "<group>";
		};
		69E230B2B4FBCE0C579B2AD7 /* TagList */ = {
			isa = PBXGroup;
			children = (
				7D1E144EAE1952DA4EDDBD60 /* Environment+TagListStoreBuilder.swift */,
				CED5D9319A3949FF6AAFED14 /* TagListStoreBuilder.swift */,
			);
			path = TagList;
			sourceTree = "<group>";
		};
		7925802F255C1D710E794AC1 /* iOS */ = {
			isa = PBXGroup;
			children = (
				2E85C1D5AA923AAD880BED5E /* ContentView.swift */,
				AD01E9205F3BDD6034F953C5 /* Info.plist */,
				DB56EBEB7892DC64ACED096E /* iOS.entitlements */,
				11D94D6AF638D65D0BD15544 /* Service */,
				E72342F966A2543C48C8F9BB /* View */,
			);
			path = iOS;
			sourceTree = "<group>";
		};
		79AAE256807674F7FCFA191C /* Store */ = {
			isa = PBXGroup;
			children = (
				CF6FAF09FFCDE1D39A6305FB /* TsundocListAction.swift */,
				AE906AC356C938833DCB0939 /* TsundocListReducer.swift */,
				3EFBF2205272BE3F44A11ED2 /* TsundocListState.swift */,
			);
			path = Store;
			sourceTree = "<group>";
		};
		7AF567AB1C3C0AEB22B5BDA2 /* MobileShareExtension */ = {
			isa = PBXGroup;
			children = (
				6930039FED775CA4E010873A /* Info.plist */,
				89CDF35FD12249BFF1CC6E68 /* MobileShareExtension.entitlements */,
				24AA9E9D34A0C1FEAA570805 /* DI */,
				E3227E2C047346C97881009C /* Generated */,
				8880B921CBAF03F390B4035B /* Resources */,
				919B1B21137DDA18D9EB3C85 /* View */,
			);
			path = MobileShareExtension;
			sourceTree = "<group>";
		};
		83618A65F4549EE693CC21BD /* StoreBuilder */ = {
			isa = PBXGroup;
			children = (
				69E230B2B4FBCE0C579B2AD7 /* TagList */,
				CE70E1C2FBDE0D9E1BFE5C70 /* TsundocIhnfo */,
				BDE66A3817BA8C885ECE387B /* TsundocList */,
			);
			path = StoreBuilder;
			sourceTree = "<group>";
		};
		863F87720D7E58EA37B6FB59 /* Shared */ = {
			isa = PBXGroup;
			children = (
				2FA3D285E82BFC08D5A3E3D8 /* TsunDocsApp.swift */,
				68D458DF8311E87630386D37 /* DI */,
				C0DB51B3E531375C8351409C /* Generated */,
				66025CEC54E75BDA54513C20 /* Resource */,
				F80397B25D067D6391C77D49 /* View */,
			);
			path = Shared;
			sourceTree = "<group>";
		};
		8880B921CBAF03F390B4035B /* Resources */ = {
			isa = PBXGroup;
			children = (
				AA8AEA8894D65A2392567CFD /* Localizable.strings */,
			);
			path = Resources;
			sourceTree = "<group>";
		};
		8BE6A843EFB95F906303942F /* TsundocInfo */ = {
			isa = PBXGroup;
			children = (
				CB2B17A3429AC0D9A14AEF32 /* TsundocInfoView.swift */,
				B9F17212FE2A9B40744BAB1B /* RootStore */,
				045F797232B4B97F9F3792E1 /* Store */,
			);
			path = TsundocInfo;
			sourceTree = "<group>";
		};
		919B1B21137DDA18D9EB3C85 /* View */ = {
			isa = PBXGroup;
			children = (
				D7AE52CBE4359D59F4CC005C /* ShareRootViewController.swift */,
			);
			path = View;
			sourceTree = "<group>";
		};
		A552200C01A7AC8447669DCA /* WebView */ = {
			isa = PBXGroup;
			children = (
				3F45E0E9801334633968BF67 /* WebView.swift */,
				60564664ABBE179B7D642598 /* WebViewCoordinator.swift */,
			);
			path = WebView;
			sourceTree = "<group>";
		};
		A63A92AA7FA214F31FEC1306 /* Packages */ = {
			isa = PBXGroup;
			children = (
				C8123FCAB4C8D7730074C751 /* CompositeKit */,
				2BF3A91827D6293B9ACD62D7 /* Domain */,
				AC82C490703ABC299602F12F /* MobileShareExtensionUIKit */,
				F1BDBEAE8BCD54E0D372DE1D /* Persistence */,
				6B310EE1579BC975F1CE3AE8 /* PreviewContent */,
				C0D7CBCD7918B8B5B4DCBE64 /* TsunDocsUIKit */,
			);
			name = Packages;
			sourceTree = SOURCE_ROOT;
		};
		A974C887BE0808533E6C7F49 /* macOS */ = {
			isa = PBXGroup;
			children = (
				1AB9180BF53336E2369C3393 /* ContentView.swift */,
				F887EB4DB6E1DE3040F95054 /* Info.plist */,
				7C239FA42949E1D08FB8479C /* macOS.entitlements */,
			);
			path = macOS;
			sourceTree = "<group>";
		};
		B9F17212FE2A9B40744BAB1B /* RootStore */ = {
			isa = PBXGroup;
			children = (
				C06F3ABF104FAABC8ABC4CBE /* TsundocInfoViewRootAction.swift */,
				47CCC55D62E82F09534DAF8D /* TsundocInfoViewRootReducer.swift */,
				DC881AF1363BD1616E11EF0D /* TsundocInfoViewRootState.swift */,
			);
			path = RootStore;
			sourceTree = "<group>";
		};
		BDE18838121E6F78897C13DC /* TagList */ = {
			isa = PBXGroup;
			children = (
				12C96424FF884AC81B25170D /* TagList.swift */,
				0DBB2B82509AE157C1DA93DF /* Store */,
			);
			path = TagList;
			sourceTree = "<group>";
		};
		BDE66A3817BA8C885ECE387B /* TsundocList */ = {
			isa = PBXGroup;
			children = (
				C1378835671AAB8487FB30B2 /* Environment+TsundocListStoreBuilder.swift */,
				A4D150A0C5098070D47CFB60 /* TsundocListStoreBuilder.swift */,
			);
			path = TsundocList;
			sourceTree = "<group>";
		};
		C0DB51B3E531375C8351409C /* Generated */ = {
			isa = PBXGroup;
			children = (
				196E5CC8F1AA57E7C6BC3906 /* String.swift */,
			);
			path = Generated;
			sourceTree = "<group>";
		};
		CE70E1C2FBDE0D9E1BFE5C70 /* TsundocIhnfo */ = {
			isa = PBXGroup;
			children = (
				5A2177FAF2DC27F25DA514F8 /* Environment+TsundocInfoViewStoreBuilder.swift */,
				40FF3C2E24D8924531DA75DE /* TsundocInfoViewStoreBuilder.swift */,
			);
			path = TsundocIhnfo;
			sourceTree = "<group>";
		};
		DAE688497F8FD91FBA8897BF /* Products */ = {
			isa = PBXGroup;
			children = (
				FF241AF60C49740BA6F08F55 /* MobileShareExtension.appex */,
				3714AF07DC39BE2BB4DDC2B3 /* TsunDocs (iOS).app */,
				BEDCBB975AFA4545C1216463 /* TsunDocs (macOS).app */,
			);
			name = Products;
			sourceTree = "<group>";
		};
		E3227E2C047346C97881009C /* Generated */ = {
			isa = PBXGroup;
			children = (
				C3D1943A9A23E0149BEB6DEC /* String.swift */,
			);
			path = Generated;
			sourceTree = "<group>";
		};
		E72342F966A2543C48C8F9BB /* View */ = {
			isa = PBXGroup;
			children = (
				F889EC725ABF3E0BC6CCBFB5 /* BrowseView.swift */,
				265617AD24F188BE4827D108 /* SafariView.swift */,
				5085AAF929F99EBBB0EBD9B4 /* SettingView.swift */,
				4F8F6B62DA5F764BD52AA146 /* ShareSheet.swift */,
			);
			path = View;
			sourceTree = "<group>";
		};
		EB5136094B07B8560319AE2D = {
			isa = PBXGroup;
			children = (
				863F87720D7E58EA37B6FB59 /* Shared */,
				7925802F255C1D710E794AC1 /* iOS */,
				A974C887BE0808533E6C7F49 /* macOS */,
				7AF567AB1C3C0AEB22B5BDA2 /* MobileShareExtension */,
				A63A92AA7FA214F31FEC1306 /* Packages */,
				DAE688497F8FD91FBA8897BF /* Products */,
			);
			sourceTree = "<group>";
		};
		F80397B25D067D6391C77D49 /* View */ = {
			isa = PBXGroup;
			children = (
				27F5C4A0848291E14183A3CA /* EmptyMessageView */,
				4B11A1A2CDBA5890B6875BFC /* TabItem */,
				BDE18838121E6F78897C13DC /* TagList */,
				8BE6A843EFB95F906303942F /* TsundocInfo */,
				5C463A261E3367ECF76CB39E /* TsundocList */,
				A552200C01A7AC8447669DCA /* WebView */,
			);
			path = View;
			sourceTree = "<group>";
		};
		FA321E67C3C09F148E98209D /* TagList */ = {
			isa = PBXGroup;
			children = (
				39207BDA04E73F372BDE4DDA /* TagListAction.swift */,
				BD025077E909BE230574082B /* TagListReducer.swift */,
				08E9A88BBD11F48D4DCD9120 /* TagListState.swift */,
			);
			path = TagList;
			sourceTree = "<group>";
		};
		FE52DB83023D56AD62DBF259 /* SceneDependencyContainer */ = {
			isa = PBXGroup;
			children = (
				7418BAAA225FC99E851056AE /* Environment+SceneDependencyContainer.swift */,
				06B41D230914A93D29427F68 /* SceneDependencyContainer.swift */,
				12A484483DC29892DD0EB5B0 /* SceneDependencyContainer+ServiceDependencies.swift */,
				844AACC6BBD61E9D3BB9C5F5 /* SceneDependencyContainer+StoreBuilderDependencies.swift */,
			);
			path = SceneDependencyContainer;
			sourceTree = "<group>";
		};
/* End PBXGroup section */

/* Begin PBXNativeTarget section */
		31CD9A7FB8B73B41C35ADB91 /* TsunDocs (iOS) */ = {
			isa = PBXNativeTarget;
			buildConfigurationList = 2FEF768569663BE0063035BC /* Build configuration list for PBXNativeTarget "TsunDocs (iOS)" */;
			buildPhases = (
				D3138B57806C2FA5B19BA173 /* SwiftLint */,
				CE0AD2747B613D920FA6F9C5 /* Sources */,
				3FA1341750C0E291EC792C53 /* Resources */,
				26CBBCDC2AAD7C4A199E2BC3 /* Frameworks */,
				53006B1A1B1698EC1A6B3DF4 /* Embed App Extensions */,
			);
			buildRules = (
			);
			dependencies = (
				4DE618AA208C0A547D73FBF8 /* PBXTargetDependency */,
			);
			name = "TsunDocs (iOS)";
			packageProductDependencies = (
				9766BC03BB0AD248E302C4FE /* Domain */,
				158BF3566C3EEF05607B40BB /* Persistence */,
				58F214CC5281EB6787D7671C /* Smile */,
				FF37161AF5AD4E6EC9F5D306 /* Kanna */,
				FA2E740E65893AE42C9DEA43 /* CompositeKit */,
				6D1A566915C86883EFCE539E /* TsunDocsUIKit */,
				D9054E2454A77ADBCE4DF8DC /* PreviewContent */,
			);
			productName = "TsunDocs (iOS)";
			productReference = 3714AF07DC39BE2BB4DDC2B3 /* TsunDocs (iOS).app */;
			productType = "com.apple.product-type.application";
		};
		8AF84C32444B977765B9493A /* MobileShareExtension */ = {
			isa = PBXNativeTarget;
			buildConfigurationList = 3A87E2CCF52BE6D9609BCF89 /* Build configuration list for PBXNativeTarget "MobileShareExtension" */;
			buildPhases = (
				87CC4EAA7C77ADEBD12FDFB2 /* Sources */,
				C89495D43CC01D5732AF56F8 /* Resources */,
				E88D405D2AB467B45B66F4FD /* Frameworks */,
			);
			buildRules = (
			);
			dependencies = (
			);
			name = MobileShareExtension;
			packageProductDependencies = (
				2865E803F7EFC6B6082BEE1F /* Domain */,
				456B32B398F1865F500454D7 /* Persistence */,
				C5D87140BF281FB14DB05762 /* CompositeKit */,
				2F700F9EEED5612541D9CDC3 /* MobileShareExtensionUIKit */,
			);
			productName = MobileShareExtension;
			productReference = FF241AF60C49740BA6F08F55 /* MobileShareExtension.appex */;
			productType = "com.apple.product-type.app-extension";
		};
		B1DDE034988CEB952208D99D /* TsunDocs (macOS) */ = {
			isa = PBXNativeTarget;
			buildConfigurationList = 809BF37F55504DFB6306E786 /* Build configuration list for PBXNativeTarget "TsunDocs (macOS)" */;
			buildPhases = (
				2C9D5D63BB7A0F59CDA10E4D /* SwiftLint */,
				C08696BAF5978BBC2261100C /* Sources */,
				AE988B0E16DBEC97E7D028B3 /* Resources */,
				85E7B983E892C2FCC3953ACE /* Frameworks */,
			);
			buildRules = (
			);
			dependencies = (
			);
			name = "TsunDocs (macOS)";
			packageProductDependencies = (
				E500A07487A2FE06DC70A317 /* Domain */,
				F58965A0AD1DF8255018900C /* Persistence */,
				E0CD9235D774E4ADF7C9765A /* Smile */,
				F792626321BC79B64FFD3E36 /* Kanna */,
				F81CB934F7523BD740825383 /* CompositeKit */,
				5D7F008E482D50BA0CF6D4AE /* TsunDocsUIKit */,
				E4C6D2912A985BAC88241EE9 /* PreviewContent */,
			);
			productName = "TsunDocs (macOS)";
			productReference = BEDCBB975AFA4545C1216463 /* TsunDocs (macOS).app */;
			productType = "com.apple.product-type.application";
		};
/* End PBXNativeTarget section */

/* Begin PBXProject section */
		B10FD681F47AC2A4820934BC /* Project object */ = {
			isa = PBXProject;
			attributes = {
				LastSwiftUpdateCheck = 1250;
				LastUpgradeCheck = 1200;
				ORGANIZATIONNAME = "Tasuku Tozawa";
				TargetAttributes = {
					31CD9A7FB8B73B41C35ADB91 = {
						DevelopmentTeam = RY2377PP7S;
					};
					8AF84C32444B977765B9493A = {
						DevelopmentTeam = RY2377PP7S;
					};
					B1DDE034988CEB952208D99D = {
						DevelopmentTeam = RY2377PP7S;
					};
				};
			};
			buildConfigurationList = E4CC035522DB4841DEA1C06A /* Build configuration list for PBXProject "TsunDocs" */;
			compatibilityVersion = "Xcode 10.0";
			developmentRegion = en;
			hasScannedForEncodings = 0;
			knownRegions = (
				Base,
				en,
				ja,
			);
			mainGroup = EB5136094B07B8560319AE2D;
			packageReferences = (
				15B567AA5EFEC7CCBA2BCB21 /* XCRemoteSwiftPackageReference "Kanna" */,
				209EB6244CB81C36714EF984 /* XCRemoteSwiftPackageReference "Smile" */,
			);
			projectDirPath = "";
			projectRoot = "";
			targets = (
				8AF84C32444B977765B9493A /* MobileShareExtension */,
				31CD9A7FB8B73B41C35ADB91 /* TsunDocs (iOS) */,
				B1DDE034988CEB952208D99D /* TsunDocs (macOS) */,
			);
		};
/* End PBXProject section */

/* Begin PBXResourcesBuildPhase section */
		3FA1341750C0E291EC792C53 /* Resources */ = {
			isa = PBXResourcesBuildPhase;
			buildActionMask = 2147483647;
			files = (
				ADE22D593043141A0D72C38E /* Assets.xcassets in Resources */,
				3C9E8A126254BFD271BE6978 /* Localizable.strings in Resources */,
			);
			runOnlyForDeploymentPostprocessing = 0;
		};
		AE988B0E16DBEC97E7D028B3 /* Resources */ = {
			isa = PBXResourcesBuildPhase;
			buildActionMask = 2147483647;
			files = (
				3FBC97AAB7FF40C7B1CF7F0E /* Assets.xcassets in Resources */,
				AADF6019DFF081B67B9E0FD8 /* Localizable.strings in Resources */,
			);
			runOnlyForDeploymentPostprocessing = 0;
		};
		C89495D43CC01D5732AF56F8 /* Resources */ = {
			isa = PBXResourcesBuildPhase;
			buildActionMask = 2147483647;
			files = (
				43C480475934129C3C534C40 /* Localizable.strings in Resources */,
			);
			runOnlyForDeploymentPostprocessing = 0;
		};
/* End PBXResourcesBuildPhase section */

/* Begin PBXShellScriptBuildPhase section */
		2C9D5D63BB7A0F59CDA10E4D /* SwiftLint */ = {
			isa = PBXShellScriptBuildPhase;
			buildActionMask = 2147483647;
			files = (
			);
			inputFileListPaths = (
			);
			inputPaths = (
			);
			name = SwiftLint;
			outputFileListPaths = (
			);
			outputPaths = (
			);
			runOnlyForDeploymentPostprocessing = 0;
			shellPath = /bin/sh;
			shellScript = "#!/bin/sh\n\nif [[ ${CONFIGURATION} == \"Debug\" ]]; then\n  if [[ -f \"${PROJECT_DIR}/Pods/SwiftLint/swiftlint\" ]]; then\n    \"${PROJECT_DIR}/Pods/SwiftLint/swiftlint\"\n  else\n    echo \"warning: SwiftLint is not installed. Run 'bundle exec pod install --repo-update' to install it.\"\n  fi\nfi\n";
		};
		D3138B57806C2FA5B19BA173 /* SwiftLint */ = {
			isa = PBXShellScriptBuildPhase;
			buildActionMask = 2147483647;
			files = (
			);
			inputFileListPaths = (
			);
			inputPaths = (
			);
			name = SwiftLint;
			outputFileListPaths = (
			);
			outputPaths = (
			);
			runOnlyForDeploymentPostprocessing = 0;
			shellPath = /bin/sh;
			shellScript = "#!/bin/sh\n\nif [[ ${CONFIGURATION} == \"Debug\" ]]; then\n  if [[ -f \"${PROJECT_DIR}/Pods/SwiftLint/swiftlint\" ]]; then\n    \"${PROJECT_DIR}/Pods/SwiftLint/swiftlint\"\n  else\n    echo \"warning: SwiftLint is not installed. Run 'bundle exec pod install --repo-update' to install it.\"\n  fi\nfi\n";
		};
/* End PBXShellScriptBuildPhase section */

/* Begin PBXSourcesBuildPhase section */
		87CC4EAA7C77ADEBD12FDFB2 /* Sources */ = {
			isa = PBXSourcesBuildPhase;
			buildActionMask = 2147483647;
			files = (
				F51524FE71BD2D962BF0D912 /* DependencyContainer+StoreBuilder.swift in Sources */,
				ECDE91686FB35D5F0A724900 /* DependencyContainer.swift in Sources */,
				E78F86735C4DA53ED40DBD7E /* NSExtensionContext+Completable.swift in Sources */,
				0080233F018EFD51BCA31A27 /* ShareRootViewController.swift in Sources */,
				878A57B65F82C986F28E1236 /* String.swift in Sources */,
			);
			runOnlyForDeploymentPostprocessing = 0;
		};
		C08696BAF5978BBC2261100C /* Sources */ = {
			isa = PBXSourcesBuildPhase;
			buildActionMask = 2147483647;
			files = (
				86BEA880D8E459AC5BED4D0C /* AppDependencyContainer.swift in Sources */,
				F30CAFCE4BD0B986E5298D05 /* ContentView.swift in Sources */,
				459F075D751A28661970B0B1 /* EmptyMessageView.swift in Sources */,
				9749EF77D397F16AF79EE12A /* Environment+AppDependencyContainer.swift in Sources */,
				44575D4CEFC0C6EE0424B2CA /* Environment+SceneDependencyContainer.swift in Sources */,
				74A81AF79399B20D541FD1BF /* Environment+TagListStoreBuilder.swift in Sources */,
				FCDA8F2B71AECBA5C8327FAF /* Environment+TsundocInfoViewStoreBuilder.swift in Sources */,
				A96B5891C058478F93235546 /* Environment+TsundocListStoreBuilder.swift in Sources */,
				50A9E6B016F3A8F9F46B73EC /* SceneDependencyContainer+ServiceDependencies.swift in Sources */,
				08C91D2EA8C504197C82A267 /* SceneDependencyContainer+StoreBuilderDependencies.swift in Sources */,
				930DA4FB151D1C20E712544C /* SceneDependencyContainer.swift in Sources */,
				ADEF72A86123BB10FDD1A5D9 /* String.swift in Sources */,
				986E0B8BDE54C97CC70973CD /* TabItem.swift in Sources */,
				154A8F67CBBA004AEFC1A940 /* TagList.swift in Sources */,
				52B8B078A7B0D6B3797FFE5F /* TagListAction.swift in Sources */,
				2F4987798B8C1ADD01584FAA /* TagListControlAction.swift in Sources */,
				DA2667C446C8401E32FC2D62 /* TagListControlReducer.swift in Sources */,
				115DB336C596267E1E8B3E53 /* TagListControlState.swift in Sources */,
				6B9F0F266E33338DFFA0DBE6 /* TagListReducer.swift in Sources */,
				AB31EA44B1995B193014BC2E /* TagListState.swift in Sources */,
				1DB3D2DF6EC889A72F62BEFF /* TagListStoreBuilder.swift in Sources */,
				E1B0EDC100F5373C7D39E54A /* TsunDocsApp.swift in Sources */,
				B4FEC9E84E455A8A4B0B2FC7 /* TsundocCell.swift in Sources */,
				5F9E79C9D2C54D42B470D8F4 /* TsundocInfoView.swift in Sources */,
				46670E89D3C7AC1D1AE7C919 /* TsundocInfoViewAction.swift in Sources */,
				B4E0B20AF8138F6144002823 /* TsundocInfoViewReducer.swift in Sources */,
				4092B6F521F0C9BFB66F524B /* TsundocInfoViewRootAction.swift in Sources */,
				A86A367E1E4894FFAD2E8C7C /* TsundocInfoViewRootReducer.swift in Sources */,
				90DE87A77D56B392B9C749F6 /* TsundocInfoViewRootState.swift in Sources */,
				46EC15627AE1056CE33B7875 /* TsundocInfoViewState.swift in Sources */,
				DCA48D6084F7B50AE92F92E4 /* TsundocInfoViewStoreBuilder.swift in Sources */,
				43BCE8CD90E8C89D7C5C79A9 /* TsundocList.swift in Sources */,
				E14AC4AFA3DE7B4C0D78044C /* TsundocListAction.swift in Sources */,
				DE92BA44C2B23DC24E2A627C /* TsundocListReducer.swift in Sources */,
				1DEB8FD6CACA4A8697ECABF3 /* TsundocListState.swift in Sources */,
				6F248F772731C1446671D3F6 /* TsundocListStoreBuilder.swift in Sources */,
				B9CBD5E8A725D89FC3B8441A /* TsundocThumbnail.swift in Sources */,
				5D7F26D08FC345318EEE4A96 /* WebView.swift in Sources */,
				E71C7C89682F980BE90F4408 /* WebViewCoordinator.swift in Sources */,
			);
			runOnlyForDeploymentPostprocessing = 0;
		};
		CE0AD2747B613D920FA6F9C5 /* Sources */ = {
			isa = PBXSourcesBuildPhase;
			buildActionMask = 2147483647;
			files = (
				7EEB4817533CDE2B4AB68282 /* AppDependencyContainer.swift in Sources */,
				863BC22A78D392B0E0FB970D /* BrowseView.swift in Sources */,
				1C4E47BD773458338D123241 /* ContentView.swift in Sources */,
				E71267A6F57FADF64EA48D5C /* EmptyMessageView.swift in Sources */,
				89B6A5A731CD2A405EE0615D /* Environment+AppDependencyContainer.swift in Sources */,
				31F292590F4E0E91A701F229 /* Environment+SceneDependencyContainer.swift in Sources */,
				6D34A1FFDEAB86B64AE69AB1 /* Environment+TagListStoreBuilder.swift in Sources */,
				FB43BDD92811299C0C8ACBCA /* Environment+TsundocInfoViewStoreBuilder.swift in Sources */,
				6F996F7B5B63C174FDEF7477 /* Environment+TsundocListStoreBuilder.swift in Sources */,
				A9A3E7450B98AF06272C8EC1 /* SafariView.swift in Sources */,
				416A85D4E940D2B3D6D7FD97 /* SceneDependencyContainer+ServiceDependencies.swift in Sources */,
				5BE97571A82F8E01E172C8B8 /* SceneDependencyContainer+StoreBuilderDependencies.swift in Sources */,
				943B068562036D702C9A522F /* SceneDependencyContainer.swift in Sources */,
				F06C6C3E33246E2BB6B920EB /* SettingView.swift in Sources */,
				993CA6F6361CC38A4D0B1EB1 /* ShareSheet.swift in Sources */,
				77E922CBD1236DE2A67D1E10 /* String.swift in Sources */,
				D6A7C33E5293BAAA7B783E09 /* TabItem.swift in Sources */,
				5B871EB954AB3721684C4483 /* TagList.swift in Sources */,
				C1C3D88BD1A9493262B70AAE /* TagListAction.swift in Sources */,
				F85ADC0BFDA946758C46F37C /* TagListControlAction.swift in Sources */,
				6DF113FB8027AA739D855CAC /* TagListControlReducer.swift in Sources */,
				363221FCE87813A4BFD15786 /* TagListControlState.swift in Sources */,
				538BA6A4864C497626060A10 /* TagListReducer.swift in Sources */,
				E484ABE0FB45DEB6EDE2266E /* TagListState.swift in Sources */,
				A4F9981FC650D89BCA2326D0 /* TagListStoreBuilder.swift in Sources */,
				386734DFA2CE2F8208BFAE7D /* TsunDocsApp.swift in Sources */,
				33724356FFEE227EA3FE81AE /* TsundocCell.swift in Sources */,
				987F7C6A575235AAEE663D67 /* TsundocInfoView.swift in Sources */,
				5670E983DB405718EBE3A048 /* TsundocInfoViewAction.swift in Sources */,
				91419BF44E4FE9F89247ED8D /* TsundocInfoViewReducer.swift in Sources */,
				1A4FB5A1F71B9FAD5932115D /* TsundocInfoViewRootAction.swift in Sources */,
				0ABB392A524DCF8F887FB11C /* TsundocInfoViewRootReducer.swift in Sources */,
				0F97743BC2EC1FF583014F47 /* TsundocInfoViewRootState.swift in Sources */,
				82B83E9F058B9899EB9CB845 /* TsundocInfoViewState.swift in Sources */,
				EA6AE9ECE9A7DF752EB7DE4F /* TsundocInfoViewStoreBuilder.swift in Sources */,
				DEADE2DAAB80F2C83BE7FED0 /* TsundocList.swift in Sources */,
				1F104CEB1C099E4C98C521AB /* TsundocListAction.swift in Sources */,
				091E00CE61D0B970923A6DA3 /* TsundocListReducer.swift in Sources */,
				5517244131DB02E1881E74F6 /* TsundocListState.swift in Sources */,
				0AAF5082E4A676EDCD385986 /* TsundocListStoreBuilder.swift in Sources */,
				85BDE18B62DF820D0F4EB9B0 /* TsundocThumbnail.swift in Sources */,
				CA6E6BDEE92CBAF34F4A814C /* UIPasteboard+Pasteboard.swift in Sources */,
				5778886C0FCF6890F327BC81 /* WebView.swift in Sources */,
				10E32694054C970EE08B63ED /* WebViewCoordinator.swift in Sources */,
			);
			runOnlyForDeploymentPostprocessing = 0;
		};
/* End PBXSourcesBuildPhase section */

/* Begin PBXTargetDependency section */
		4DE618AA208C0A547D73FBF8 /* PBXTargetDependency */ = {
			isa = PBXTargetDependency;
			target = 8AF84C32444B977765B9493A /* MobileShareExtension */;
			targetProxy = 85BC566019A7B020FD907CFF /* PBXContainerItemProxy */;
		};
/* End PBXTargetDependency section */

/* Begin PBXVariantGroup section */
		7C551701D81C77163DF7EBF1 /* Localizable.strings */ = {
			isa = PBXVariantGroup;
			children = (
				98F278D9A61D1E2782A8A25A /* en */,
				17DE7752760DFFCDFDE31F4A /* ja */,
			);
			name = Localizable.strings;
			sourceTree = "<group>";
		};
		AA8AEA8894D65A2392567CFD /* Localizable.strings */ = {
			isa = PBXVariantGroup;
			children = (
				7186314948325EFC4E5D93E3 /* en */,
				5B3C95910ABB1ED3E39E4C9C /* ja */,
			);
			name = Localizable.strings;
			sourceTree = "<group>";
		};
/* End PBXVariantGroup section */

/* Begin XCBuildConfiguration section */
		003468CAD7D857E59A2EB4AA /* Release */ = {
			isa = XCBuildConfiguration;
			buildSettings = {
				ALWAYS_SEARCH_USER_PATHS = NO;
				APP_GROUP = group.net.tasuwo.tsundocs;
				CLANG_ANALYZER_LOCALIZABILITY_NONLOCALIZED = YES;
				CLANG_ANALYZER_NONNULL = YES;
				CLANG_ANALYZER_NUMBER_OBJECT_CONVERSION = YES_AGGRESSIVE;
				CLANG_CXX_LANGUAGE_STANDARD = "gnu++14";
				CLANG_CXX_LIBRARY = "libc++";
				CLANG_ENABLE_MODULES = YES;
				CLANG_ENABLE_OBJC_ARC = YES;
				CLANG_ENABLE_OBJC_WEAK = YES;
				CLANG_WARN_BLOCK_CAPTURE_AUTORELEASING = YES;
				CLANG_WARN_BOOL_CONVERSION = YES;
				CLANG_WARN_COMMA = YES;
				CLANG_WARN_CONSTANT_CONVERSION = YES;
				CLANG_WARN_DEPRECATED_OBJC_IMPLEMENTATIONS = YES;
				CLANG_WARN_DIRECT_OBJC_ISA_USAGE = YES_ERROR;
				CLANG_WARN_DOCUMENTATION_COMMENTS = YES;
				CLANG_WARN_EMPTY_BODY = YES;
				CLANG_WARN_ENUM_CONVERSION = YES;
				CLANG_WARN_INFINITE_RECURSION = YES;
				CLANG_WARN_INT_CONVERSION = YES;
				CLANG_WARN_NON_LITERAL_NULL_CONVERSION = YES;
				CLANG_WARN_OBJC_IMPLICIT_RETAIN_SELF = YES;
				CLANG_WARN_OBJC_LITERAL_CONVERSION = YES;
				CLANG_WARN_OBJC_ROOT_CLASS = YES_ERROR;
				CLANG_WARN_QUOTED_INCLUDE_IN_FRAMEWORK_HEADER = YES;
				CLANG_WARN_RANGE_LOOP_ANALYSIS = YES;
				CLANG_WARN_STRICT_PROTOTYPES = YES;
				CLANG_WARN_SUSPICIOUS_MOVE = YES;
				CLANG_WARN_UNGUARDED_AVAILABILITY = YES_AGGRESSIVE;
				CLANG_WARN_UNREACHABLE_CODE = YES;
				CLANG_WARN__DUPLICATE_METHOD_MATCH = YES;
				COPY_PHASE_STRIP = NO;
				DEBUG_INFORMATION_FORMAT = "dwarf-with-dsym";
				ENABLE_NS_ASSERTIONS = NO;
				ENABLE_STRICT_OBJC_MSGSEND = YES;
				GCC_C_LANGUAGE_STANDARD = gnu11;
				GCC_NO_COMMON_BLOCKS = YES;
				GCC_WARN_64_TO_32_BIT_CONVERSION = YES;
				GCC_WARN_ABOUT_RETURN_TYPE = YES_ERROR;
				GCC_WARN_UNDECLARED_SELECTOR = YES;
				GCC_WARN_UNINITIALIZED_AUTOS = YES_AGGRESSIVE;
				GCC_WARN_UNUSED_FUNCTION = YES;
				GCC_WARN_UNUSED_VARIABLE = YES;
				MTL_ENABLE_DEBUG_INFO = NO;
				MTL_FAST_MATH = YES;
				PRODUCT_NAME = "$(TARGET_NAME)";
				SWIFT_COMPILATION_MODE = wholemodule;
				SWIFT_OPTIMIZATION_LEVEL = "-O";
				SWIFT_VERSION = 5.0;
			};
			name = Release;
		};
		0CE4D1363BA544664DA60F78 /* Release */ = {
			isa = XCBuildConfiguration;
			buildSettings = {
				CODE_SIGN_ENTITLEMENTS = MobileShareExtension/MobileShareExtension.entitlements;
				CODE_SIGN_IDENTITY = "iPhone Distribution";
				DEVELOPMENT_TEAM = RY2377PP7S;
				INFOPLIST_FILE = MobileShareExtension/Info.plist;
				LD_RUNPATH_SEARCH_PATHS = (
					"$(inherited)",
					"@executable_path/Frameworks",
					"@executable_path/../../Frameworks",
				);
				PRODUCT_BUNDLE_IDENTIFIER = "net.tasuwo.tsundocs.ext-mobile-share";
				PROVISIONING_PROFILE_SPECIFIER = "match AppStore net.tasuwo.tsundocs.ext-mobile-share";
				SDKROOT = iphoneos;
				SKIP_INSTALL = YES;
				TARGETED_DEVICE_FAMILY = "1,2";
			};
			name = Release;
		};
		5F26F2532E8CABCAD48F10A1 /* Release */ = {
			isa = XCBuildConfiguration;
			buildSettings = {
				ASSETCATALOG_COMPILER_APPICON_NAME = AppIcon;
				ASSETCATALOG_COMPILER_GLOBAL_ACCENT_COLOR_NAME = AccentColor;
				CODE_SIGN_ENTITLEMENTS = macOS/macOS.entitlements;
				CODE_SIGN_IDENTITY = "Apple Distribution";
				COMBINE_HIDPI_IMAGES = YES;
				DEVELOPMENT_TEAM = RY2377PP7S;
				ENABLE_HARDENED_RUNTIME = YES;
				ENABLE_PREVIEWS = YES;
				INFOPLIST_FILE = macOS/Info.plist;
				LD_RUNPATH_SEARCH_PATHS = (
					"$(inherited)",
					"@executable_path/../Frameworks",
				);
				MACOSX_DEPLOYMENT_TARGET = 11.0;
				PRODUCT_BUNDLE_IDENTIFIER = net.tasuwo.tsundocs;
				PRODUCT_NAME = TsunDocs;
				PROVISIONING_PROFILE_SPECIFIER = "match AppStore net.tasuwo.tsundocs macos";
				SDKROOT = macosx;
				SWIFT_VERSION = 5.0;
			};
			name = Release;
		};
		623CCCC6AC933EA774A01D3F /* Release */ = {
			isa = XCBuildConfiguration;
			buildSettings = {
				ASSETCATALOG_COMPILER_APPICON_NAME = AppIcon;
				ASSETCATALOG_COMPILER_GLOBAL_ACCENT_COLOR_NAME = AccentColor;
				CODE_SIGN_ENTITLEMENTS = iOS/iOS.entitlements;
				CODE_SIGN_IDENTITY = "Apple Distribution";
				DEVELOPMENT_TEAM = RY2377PP7S;
				ENABLE_PREVIEWS = YES;
				INFOPLIST_FILE = iOS/Info.plist;
				IPHONEOS_DEPLOYMENT_TARGET = 15.0;
				LD_RUNPATH_SEARCH_PATHS = (
					"$(inherited)",
					"@executable_path/Frameworks",
				);
				PRODUCT_BUNDLE_IDENTIFIER = net.tasuwo.tsundocs;
				PRODUCT_NAME = TsunDocs;
				PROVISIONING_PROFILE_SPECIFIER = "match AppStore net.tasuwo.tsundocs";
				SDKROOT = iphoneos;
				SWIFT_VERSION = 5.0;
				TARGETED_DEVICE_FAMILY = "1,2";
				VALIDATE_PRODUCT = YES;
			};
			name = Release;
		};
		8A3700D2F6B888A7FA09E133 /* Debug */ = {
			isa = XCBuildConfiguration;
			buildSettings = {
				CODE_SIGN_ENTITLEMENTS = MobileShareExtension/MobileShareExtension.entitlements;
				DEVELOPMENT_TEAM = RY2377PP7S;
				INFOPLIST_FILE = MobileShareExtension/Info.plist;
				LD_RUNPATH_SEARCH_PATHS = (
					"$(inherited)",
					"@executable_path/Frameworks",
					"@executable_path/../../Frameworks",
				);
				PRODUCT_BUNDLE_IDENTIFIER = "net.tasuwo.tsundocs.ext-mobile-share";
				PROVISIONING_PROFILE_SPECIFIER = "match Development net.tasuwo.tsundocs.ext-mobile-share";
				SDKROOT = iphoneos;
				SKIP_INSTALL = YES;
				TARGETED_DEVICE_FAMILY = "1,2";
			};
			name = Debug;
		};
		B1A2F20E6139F4F2D8CDEB15 /* Debug */ = {
			isa = XCBuildConfiguration;
			buildSettings = {
				ASSETCATALOG_COMPILER_APPICON_NAME = AppIcon;
				ASSETCATALOG_COMPILER_GLOBAL_ACCENT_COLOR_NAME = AccentColor;
				CODE_SIGN_ENTITLEMENTS = iOS/iOS.entitlements;
				CODE_SIGN_IDENTITY = "Apple Development";
				DEVELOPMENT_TEAM = RY2377PP7S;
				ENABLE_PREVIEWS = YES;
				INFOPLIST_FILE = iOS/Info.plist;
				IPHONEOS_DEPLOYMENT_TARGET = 15.0;
				LD_RUNPATH_SEARCH_PATHS = (
					"$(inherited)",
					"@executable_path/Frameworks",
				);
				PRODUCT_BUNDLE_IDENTIFIER = net.tasuwo.tsundocs;
				PRODUCT_NAME = TsunDocs;
				PROVISIONING_PROFILE_SPECIFIER = "match Development net.tasuwo.tsundocs";
				SDKROOT = iphoneos;
				SWIFT_VERSION = 5.0;
				TARGETED_DEVICE_FAMILY = "1,2";
			};
			name = Debug;
		};
		D5AA687459EE26DCA5311561 /* Debug */ = {
			isa = XCBuildConfiguration;
			buildSettings = {
				ALWAYS_SEARCH_USER_PATHS = NO;
				APP_GROUP = group.net.tasuwo.tsundocs;
				CLANG_ANALYZER_LOCALIZABILITY_NONLOCALIZED = YES;
				CLANG_ANALYZER_NONNULL = YES;
				CLANG_ANALYZER_NUMBER_OBJECT_CONVERSION = YES_AGGRESSIVE;
				CLANG_CXX_LANGUAGE_STANDARD = "gnu++14";
				CLANG_CXX_LIBRARY = "libc++";
				CLANG_ENABLE_MODULES = YES;
				CLANG_ENABLE_OBJC_ARC = YES;
				CLANG_ENABLE_OBJC_WEAK = YES;
				CLANG_WARN_BLOCK_CAPTURE_AUTORELEASING = YES;
				CLANG_WARN_BOOL_CONVERSION = YES;
				CLANG_WARN_COMMA = YES;
				CLANG_WARN_CONSTANT_CONVERSION = YES;
				CLANG_WARN_DEPRECATED_OBJC_IMPLEMENTATIONS = YES;
				CLANG_WARN_DIRECT_OBJC_ISA_USAGE = YES_ERROR;
				CLANG_WARN_DOCUMENTATION_COMMENTS = YES;
				CLANG_WARN_EMPTY_BODY = YES;
				CLANG_WARN_ENUM_CONVERSION = YES;
				CLANG_WARN_INFINITE_RECURSION = YES;
				CLANG_WARN_INT_CONVERSION = YES;
				CLANG_WARN_NON_LITERAL_NULL_CONVERSION = YES;
				CLANG_WARN_OBJC_IMPLICIT_RETAIN_SELF = YES;
				CLANG_WARN_OBJC_LITERAL_CONVERSION = YES;
				CLANG_WARN_OBJC_ROOT_CLASS = YES_ERROR;
				CLANG_WARN_QUOTED_INCLUDE_IN_FRAMEWORK_HEADER = YES;
				CLANG_WARN_RANGE_LOOP_ANALYSIS = YES;
				CLANG_WARN_STRICT_PROTOTYPES = YES;
				CLANG_WARN_SUSPICIOUS_MOVE = YES;
				CLANG_WARN_UNGUARDED_AVAILABILITY = YES_AGGRESSIVE;
				CLANG_WARN_UNREACHABLE_CODE = YES;
				CLANG_WARN__DUPLICATE_METHOD_MATCH = YES;
				COPY_PHASE_STRIP = NO;
				DEBUG_INFORMATION_FORMAT = dwarf;
				ENABLE_STRICT_OBJC_MSGSEND = YES;
				ENABLE_TESTABILITY = YES;
				GCC_C_LANGUAGE_STANDARD = gnu11;
				GCC_DYNAMIC_NO_PIC = NO;
				GCC_NO_COMMON_BLOCKS = YES;
				GCC_OPTIMIZATION_LEVEL = 0;
				GCC_PREPROCESSOR_DEFINITIONS = (
					"$(inherited)",
					"DEBUG=1",
				);
				GCC_WARN_64_TO_32_BIT_CONVERSION = YES;
				GCC_WARN_ABOUT_RETURN_TYPE = YES_ERROR;
				GCC_WARN_UNDECLARED_SELECTOR = YES;
				GCC_WARN_UNINITIALIZED_AUTOS = YES_AGGRESSIVE;
				GCC_WARN_UNUSED_FUNCTION = YES;
				GCC_WARN_UNUSED_VARIABLE = YES;
				MTL_ENABLE_DEBUG_INFO = INCLUDE_SOURCE;
				MTL_FAST_MATH = YES;
				ONLY_ACTIVE_ARCH = YES;
				PRODUCT_NAME = "$(TARGET_NAME)";
				SWIFT_ACTIVE_COMPILATION_CONDITIONS = DEBUG;
				SWIFT_OPTIMIZATION_LEVEL = "-Onone";
				SWIFT_VERSION = 5.0;
			};
			name = Debug;
		};
		DB897823B44E32F953E7F64B /* Debug */ = {
			isa = XCBuildConfiguration;
			buildSettings = {
				ASSETCATALOG_COMPILER_APPICON_NAME = AppIcon;
				ASSETCATALOG_COMPILER_GLOBAL_ACCENT_COLOR_NAME = AccentColor;
				CODE_SIGN_ENTITLEMENTS = macOS/macOS.entitlements;
				CODE_SIGN_IDENTITY = "Apple Development";
				COMBINE_HIDPI_IMAGES = YES;
				DEVELOPMENT_TEAM = RY2377PP7S;
				ENABLE_HARDENED_RUNTIME = YES;
				ENABLE_PREVIEWS = YES;
				INFOPLIST_FILE = macOS/Info.plist;
				LD_RUNPATH_SEARCH_PATHS = (
					"$(inherited)",
					"@executable_path/../Frameworks",
				);
				MACOSX_DEPLOYMENT_TARGET = 11.0;
				PRODUCT_BUNDLE_IDENTIFIER = net.tasuwo.tsundocs;
				PRODUCT_NAME = TsunDocs;
				PROVISIONING_PROFILE_SPECIFIER = "match Development net.tasuwo.tsundocs macos";
				SDKROOT = macosx;
				SWIFT_VERSION = 5.0;
			};
			name = Debug;
		};
/* End XCBuildConfiguration section */

/* Begin XCConfigurationList section */
		2FEF768569663BE0063035BC /* Build configuration list for PBXNativeTarget "TsunDocs (iOS)" */ = {
			isa = XCConfigurationList;
			buildConfigurations = (
				B1A2F20E6139F4F2D8CDEB15 /* Debug */,
				623CCCC6AC933EA774A01D3F /* Release */,
			);
			defaultConfigurationIsVisible = 0;
			defaultConfigurationName = Release;
		};
		3A87E2CCF52BE6D9609BCF89 /* Build configuration list for PBXNativeTarget "MobileShareExtension" */ = {
			isa = XCConfigurationList;
			buildConfigurations = (
				8A3700D2F6B888A7FA09E133 /* Debug */,
				0CE4D1363BA544664DA60F78 /* Release */,
			);
			defaultConfigurationIsVisible = 0;
			defaultConfigurationName = Release;
		};
		809BF37F55504DFB6306E786 /* Build configuration list for PBXNativeTarget "TsunDocs (macOS)" */ = {
			isa = XCConfigurationList;
			buildConfigurations = (
				DB897823B44E32F953E7F64B /* Debug */,
				5F26F2532E8CABCAD48F10A1 /* Release */,
			);
			defaultConfigurationIsVisible = 0;
			defaultConfigurationName = Release;
		};
		E4CC035522DB4841DEA1C06A /* Build configuration list for PBXProject "TsunDocs" */ = {
			isa = XCConfigurationList;
			buildConfigurations = (
				D5AA687459EE26DCA5311561 /* Debug */,
				003468CAD7D857E59A2EB4AA /* Release */,
			);
			defaultConfigurationIsVisible = 0;
			defaultConfigurationName = Release;
		};
/* End XCConfigurationList section */

/* Begin XCRemoteSwiftPackageReference section */
		15B567AA5EFEC7CCBA2BCB21 /* XCRemoteSwiftPackageReference "Kanna" */ = {
			isa = XCRemoteSwiftPackageReference;
			repositoryURL = "https://github.com/tid-kijyun/Kanna";
			requirement = {
				kind = exactVersion;
				version = 5.2.7;
			};
		};
		209EB6244CB81C36714EF984 /* XCRemoteSwiftPackageReference "Smile" */ = {
			isa = XCRemoteSwiftPackageReference;
			repositoryURL = "https://github.com/onmyway133/Smile";
			requirement = {
				kind = exactVersion;
				version = 2.1.0;
			};
		};
/* End XCRemoteSwiftPackageReference section */

/* Begin XCSwiftPackageProductDependency section */
		158BF3566C3EEF05607B40BB /* Persistence */ = {
			isa = XCSwiftPackageProductDependency;
			productName = Persistence;
		};
		2865E803F7EFC6B6082BEE1F /* Domain */ = {
			isa = XCSwiftPackageProductDependency;
			productName = Domain;
		};
		2F700F9EEED5612541D9CDC3 /* MobileShareExtensionUIKit */ = {
			isa = XCSwiftPackageProductDependency;
			productName = MobileShareExtensionUIKit;
		};
		456B32B398F1865F500454D7 /* Persistence */ = {
			isa = XCSwiftPackageProductDependency;
			productName = Persistence;
		};
		58F214CC5281EB6787D7671C /* Smile */ = {
			isa = XCSwiftPackageProductDependency;
			package = 209EB6244CB81C36714EF984 /* XCRemoteSwiftPackageReference "Smile" */;
			productName = Smile;
		};
		5D7F008E482D50BA0CF6D4AE /* TsunDocsUIKit */ = {
			isa = XCSwiftPackageProductDependency;
			productName = TsunDocsUIKit;
		};
		6D1A566915C86883EFCE539E /* TsunDocsUIKit */ = {
			isa = XCSwiftPackageProductDependency;
			productName = TsunDocsUIKit;
		};
		9766BC03BB0AD248E302C4FE /* Domain */ = {
			isa = XCSwiftPackageProductDependency;
			productName = Domain;
		};
		C5D87140BF281FB14DB05762 /* CompositeKit */ = {
			isa = XCSwiftPackageProductDependency;
			productName = CompositeKit;
		};
		D9054E2454A77ADBCE4DF8DC /* PreviewContent */ = {
			isa = XCSwiftPackageProductDependency;
			productName = PreviewContent;
		};
		E0CD9235D774E4ADF7C9765A /* Smile */ = {
			isa = XCSwiftPackageProductDependency;
			package = 209EB6244CB81C36714EF984 /* XCRemoteSwiftPackageReference "Smile" */;
			productName = Smile;
		};
		E4C6D2912A985BAC88241EE9 /* PreviewContent */ = {
			isa = XCSwiftPackageProductDependency;
			productName = PreviewContent;
		};
		E500A07487A2FE06DC70A317 /* Domain */ = {
			isa = XCSwiftPackageProductDependency;
			productName = Domain;
		};
		F58965A0AD1DF8255018900C /* Persistence */ = {
			isa = XCSwiftPackageProductDependency;
			productName = Persistence;
		};
		F792626321BC79B64FFD3E36 /* Kanna */ = {
			isa = XCSwiftPackageProductDependency;
			package = 15B567AA5EFEC7CCBA2BCB21 /* XCRemoteSwiftPackageReference "Kanna" */;
			productName = Kanna;
		};
		F81CB934F7523BD740825383 /* CompositeKit */ = {
			isa = XCSwiftPackageProductDependency;
			productName = CompositeKit;
		};
		FA2E740E65893AE42C9DEA43 /* CompositeKit */ = {
			isa = XCSwiftPackageProductDependency;
			productName = CompositeKit;
		};
		FF37161AF5AD4E6EC9F5D306 /* Kanna */ = {
			isa = XCSwiftPackageProductDependency;
			package = 15B567AA5EFEC7CCBA2BCB21 /* XCRemoteSwiftPackageReference "Kanna" */;
			productName = Kanna;
		};
/* End XCSwiftPackageProductDependency section */
	};
	rootObject = B10FD681F47AC2A4820934BC /* Project object */;
}
