// !$*UTF8*$!
{
	archiveVersion = 1;
	classes = {
	};
	objectVersion = 51;
	objects = {

/* Begin PBXBuildFile section */
		05379807DD47D1488C35CD2D /* Smile in Frameworks */ = {isa = PBXBuildFile; productRef = E0CD9235D774E4ADF7C9765A /* Smile */; };
		14D63915BD27486168474BAD /* Assets.xcassets in Resources */ = {isa = PBXBuildFile; fileRef = 0382399B9AABFBDAAB2AE9B9 /* Assets.xcassets */; };
		1BED969DBCC5B90F766D1770 /* Smile in Frameworks */ = {isa = PBXBuildFile; productRef = 58F214CC5281EB6787D7671C /* Smile */; };
		257C7B846776EBBAA22BF68B /* ContentView.swift in Sources */ = {isa = PBXBuildFile; fileRef = 36BEB5D15F0F23D66B0C06C5 /* ContentView.swift */; };
		297B2476314FB70052AC21C3 /* Factory+ImageLoader.swift in Sources */ = {isa = PBXBuildFile; fileRef = 10E7CCE8DA2B65A657FD9F4F /* Factory+ImageLoader.swift */; };
		33724356FFEE227EA3FE81AE /* TsundocCell.swift in Sources */ = {isa = PBXBuildFile; fileRef = 184644999F656C54E44F478A /* TsundocCell.swift */; };
		341C4B88F1E7C6A1A812725F /* Factory.swift in Sources */ = {isa = PBXBuildFile; fileRef = 8F66425F8652050AB32037B2 /* Factory.swift */; };
		386734DFA2CE2F8208BFAE7D /* TsunDocsApp.swift in Sources */ = {isa = PBXBuildFile; fileRef = 2FA3D285E82BFC08D5A3E3D8 /* TsunDocsApp.swift */; };
		39BAA21A1491A532104AD0EE /* Preview Assets.xcassets in Resources */ = {isa = PBXBuildFile; fileRef = F51C3DABAB6E2E48C9F39FFE /* Preview Assets.xcassets */; };
		3BA28BE6D24EEEC922458995 /* AsyncImage.swift in Sources */ = {isa = PBXBuildFile; fileRef = ED355E06E22CEA5F98651A4B /* AsyncImage.swift */; };
		597559F6FE14ECC1087232F5 /* Factory.swift in Sources */ = {isa = PBXBuildFile; fileRef = 8F66425F8652050AB32037B2 /* Factory.swift */; };
		64D7A1E2848E11A70DA4F6D1 /* URLSession+Mock.swift in Sources */ = {isa = PBXBuildFile; fileRef = 7D4F5D04889DB93DFFC948BE /* URLSession+Mock.swift */; };
		6A30DB9D8F2690BE5B1C2806 /* ImageLoader.swift in Sources */ = {isa = PBXBuildFile; fileRef = E61549194EF0FE99CE24AC71 /* ImageLoader.swift */; };
		73B63B8116823443FA498C95 /* Assets.xcassets in Resources */ = {isa = PBXBuildFile; fileRef = 0382399B9AABFBDAAB2AE9B9 /* Assets.xcassets */; };
		770EBB5E916E6D9D9109177A /* URLSession+Mock.swift in Sources */ = {isa = PBXBuildFile; fileRef = 7D4F5D04889DB93DFFC948BE /* URLSession+Mock.swift */; };
		7937458E5DE80B34C7479EDD /* Preview Assets.xcassets in Resources */ = {isa = PBXBuildFile; fileRef = F51C3DABAB6E2E48C9F39FFE /* Preview Assets.xcassets */; };
		7BB5C31DB6CDEF3AB1C82A66 /* HTTPURLResponse+Mock.swift in Sources */ = {isa = PBXBuildFile; fileRef = 8CE06107E593938F9F97C2C0 /* HTTPURLResponse+Mock.swift */; };
		7D8AC07B11EFB1F90253FCA5 /* ImageLoader.swift in Sources */ = {isa = PBXBuildFile; fileRef = E61549194EF0FE99CE24AC71 /* ImageLoader.swift */; };
		85BDE18B62DF820D0F4EB9B0 /* TsundocThumbnail.swift in Sources */ = {isa = PBXBuildFile; fileRef = 8EE5BDE1AFCA46143EF930B2 /* TsundocThumbnail.swift */; };
		880B3DF801F4527F0CD51A1A /* TsundocThumbnailSource.swift in Sources */ = {isa = PBXBuildFile; fileRef = DAB402A5C62DD1311F3C087F /* TsundocThumbnailSource.swift */; };
		90ED16BF7466C7E2AF22FFCB /* TsundocThumbnailSource.swift in Sources */ = {isa = PBXBuildFile; fileRef = DAB402A5C62DD1311F3C087F /* TsundocThumbnailSource.swift */; };
		A1127A51C51C9ED24D9C9318 /* AsyncImage.swift in Sources */ = {isa = PBXBuildFile; fileRef = ED355E06E22CEA5F98651A4B /* AsyncImage.swift */; };
		B4FEC9E84E455A8A4B0B2FC7 /* TsundocCell.swift in Sources */ = {isa = PBXBuildFile; fileRef = 184644999F656C54E44F478A /* TsundocCell.swift */; };
		B9CBD5E8A725D89FC3B8441A /* TsundocThumbnail.swift in Sources */ = {isa = PBXBuildFile; fileRef = 8EE5BDE1AFCA46143EF930B2 /* TsundocThumbnail.swift */; };
		C5B746EBAAE6B92910ABDABB /* Tsundoc.swift in Sources */ = {isa = PBXBuildFile; fileRef = 22D1262AD0FD06BFFAAF53CE /* Tsundoc.swift */; };
		CA5A3AE5CB356BEF29797FAE /* URLProtocolMockBase.swift in Sources */ = {isa = PBXBuildFile; fileRef = 183C756A1C6F973603EB817A /* URLProtocolMockBase.swift */; };
		DF4EFD9CBBAA32D9971CA01C /* ContentView.swift in Sources */ = {isa = PBXBuildFile; fileRef = 36BEB5D15F0F23D66B0C06C5 /* ContentView.swift */; };
		E1B0EDC100F5373C7D39E54A /* TsunDocsApp.swift in Sources */ = {isa = PBXBuildFile; fileRef = 2FA3D285E82BFC08D5A3E3D8 /* TsunDocsApp.swift */; };
		E2C1A81A37CCCB07A7A60580 /* Tsundoc.swift in Sources */ = {isa = PBXBuildFile; fileRef = 22D1262AD0FD06BFFAAF53CE /* Tsundoc.swift */; };
		E7C5A44C93B11B9CA42C1E77 /* HTTPURLResponse+Mock.swift in Sources */ = {isa = PBXBuildFile; fileRef = 8CE06107E593938F9F97C2C0 /* HTTPURLResponse+Mock.swift */; };
		E8EC8508FB1A184FD9F29CA1 /* URLProtocolMockBase.swift in Sources */ = {isa = PBXBuildFile; fileRef = 183C756A1C6F973603EB817A /* URLProtocolMockBase.swift */; };
		EA7F1B66DEE6D28019D30AE7 /* Factory+ImageLoader.swift in Sources */ = {isa = PBXBuildFile; fileRef = 10E7CCE8DA2B65A657FD9F4F /* Factory+ImageLoader.swift */; };
/* End PBXBuildFile section */

/* Begin PBXFileReference section */
		0382399B9AABFBDAAB2AE9B9 /* Assets.xcassets */ = {isa = PBXFileReference; lastKnownFileType = folder.assetcatalog; path = Assets.xcassets; sourceTree = "<group>"; };
		10E7CCE8DA2B65A657FD9F4F /* Factory+ImageLoader.swift */ = {isa = PBXFileReference; lastKnownFileType = sourcecode.swift; path = "Factory+ImageLoader.swift"; sourceTree = "<group>"; };
		183C756A1C6F973603EB817A /* URLProtocolMockBase.swift */ = {isa = PBXFileReference; lastKnownFileType = sourcecode.swift; path = URLProtocolMockBase.swift; sourceTree = "<group>"; };
		184644999F656C54E44F478A /* TsundocCell.swift */ = {isa = PBXFileReference; lastKnownFileType = sourcecode.swift; path = TsundocCell.swift; sourceTree = "<group>"; };
		22D1262AD0FD06BFFAAF53CE /* Tsundoc.swift */ = {isa = PBXFileReference; lastKnownFileType = sourcecode.swift; path = Tsundoc.swift; sourceTree = "<group>"; };
		2FA3D285E82BFC08D5A3E3D8 /* TsunDocsApp.swift */ = {isa = PBXFileReference; lastKnownFileType = sourcecode.swift; path = TsunDocsApp.swift; sourceTree = "<group>"; };
		36BEB5D15F0F23D66B0C06C5 /* ContentView.swift */ = {isa = PBXFileReference; lastKnownFileType = sourcecode.swift; path = ContentView.swift; sourceTree = "<group>"; };
		3714AF07DC39BE2BB4DDC2B3 /* TsunDocs (iOS).app */ = {isa = PBXFileReference; includeInIndex = 0; lastKnownFileType = wrapper.application; path = "TsunDocs (iOS).app"; sourceTree = BUILT_PRODUCTS_DIR; };
		7C239FA42949E1D08FB8479C /* macOS.entitlements */ = {isa = PBXFileReference; lastKnownFileType = text.plist.entitlements; path = macOS.entitlements; sourceTree = "<group>"; };
		7D4F5D04889DB93DFFC948BE /* URLSession+Mock.swift */ = {isa = PBXFileReference; lastKnownFileType = sourcecode.swift; path = "URLSession+Mock.swift"; sourceTree = "<group>"; };
		8CE06107E593938F9F97C2C0 /* HTTPURLResponse+Mock.swift */ = {isa = PBXFileReference; lastKnownFileType = sourcecode.swift; path = "HTTPURLResponse+Mock.swift"; sourceTree = "<group>"; };
		8EE5BDE1AFCA46143EF930B2 /* TsundocThumbnail.swift */ = {isa = PBXFileReference; lastKnownFileType = sourcecode.swift; path = TsundocThumbnail.swift; sourceTree = "<group>"; };
		8F66425F8652050AB32037B2 /* Factory.swift */ = {isa = PBXFileReference; lastKnownFileType = sourcecode.swift; path = Factory.swift; sourceTree = "<group>"; };
		AD01E9205F3BDD6034F953C5 /* Info.plist */ = {isa = PBXFileReference; lastKnownFileType = text.plist; path = Info.plist; sourceTree = "<group>"; };
		BEDCBB975AFA4545C1216463 /* TsunDocs (macOS).app */ = {isa = PBXFileReference; explicitFileType = wrapper.application; includeInIndex = 0; path = "TsunDocs (macOS).app"; sourceTree = BUILT_PRODUCTS_DIR; };
		DAB402A5C62DD1311F3C087F /* TsundocThumbnailSource.swift */ = {isa = PBXFileReference; lastKnownFileType = sourcecode.swift; path = TsundocThumbnailSource.swift; sourceTree = "<group>"; };
		E61549194EF0FE99CE24AC71 /* ImageLoader.swift */ = {isa = PBXFileReference; lastKnownFileType = sourcecode.swift; path = ImageLoader.swift; sourceTree = "<group>"; };
		ED355E06E22CEA5F98651A4B /* AsyncImage.swift */ = {isa = PBXFileReference; lastKnownFileType = sourcecode.swift; path = AsyncImage.swift; sourceTree = "<group>"; };
		F51C3DABAB6E2E48C9F39FFE /* Preview Assets.xcassets */ = {isa = PBXFileReference; lastKnownFileType = folder.assetcatalog; path = "Preview Assets.xcassets"; sourceTree = "<group>"; };
		F887EB4DB6E1DE3040F95054 /* Info.plist */ = {isa = PBXFileReference; lastKnownFileType = text.plist; path = Info.plist; sourceTree = "<group>"; };
/* End PBXFileReference section */

/* Begin PBXFrameworksBuildPhase section */
		26CBBCDC2AAD7C4A199E2BC3 /* Frameworks */ = {
			isa = PBXFrameworksBuildPhase;
			buildActionMask = 2147483647;
			files = (
				1BED969DBCC5B90F766D1770 /* Smile in Frameworks */,
			);
			runOnlyForDeploymentPostprocessing = 0;
		};
		85E7B983E892C2FCC3953ACE /* Frameworks */ = {
			isa = PBXFrameworksBuildPhase;
			buildActionMask = 2147483647;
			files = (
				05379807DD47D1488C35CD2D /* Smile in Frameworks */,
			);
			runOnlyForDeploymentPostprocessing = 0;
		};
/* End PBXFrameworksBuildPhase section */

/* Begin PBXGroup section */
		0121CCBB392185C39D49E4D4 /* Entity */ = {
			isa = PBXGroup;
			children = (
				AC580DE5293A5FC60F006A09 /* Tsundoc */,
			);
			path = Entity;
			sourceTree = "<group>";
		};
		2827213614D285FF0D0B1720 /* Preview Content */ = {
			isa = PBXGroup;
			children = (
				8CE06107E593938F9F97C2C0 /* HTTPURLResponse+Mock.swift */,
				F51C3DABAB6E2E48C9F39FFE /* Preview Assets.xcassets */,
				183C756A1C6F973603EB817A /* URLProtocolMockBase.swift */,
				7D4F5D04889DB93DFFC948BE /* URLSession+Mock.swift */,
			);
			path = "Preview Content";
			sourceTree = "<group>";
		};
		357E5EF6BDDF4E33ECE5D701 /* Factory */ = {
			isa = PBXGroup;
			children = (
				8F66425F8652050AB32037B2 /* Factory.swift */,
				10E7CCE8DA2B65A657FD9F4F /* Factory+ImageLoader.swift */,
			);
			path = Factory;
			sourceTree = "<group>";
		};
		5C463A261E3367ECF76CB39E /* TsundocList */ = {
			isa = PBXGroup;
			children = (
				184644999F656C54E44F478A /* TsundocCell.swift */,
				8EE5BDE1AFCA46143EF930B2 /* TsundocThumbnail.swift */,
			);
			path = TsundocList;
			sourceTree = "<group>";
		};
		684915BCB50506F4F3E5FE20 /* Service */ = {
			isa = PBXGroup;
			children = (
				E61549194EF0FE99CE24AC71 /* ImageLoader.swift */,
				357E5EF6BDDF4E33ECE5D701 /* Factory */,
			);
			path = Service;
			sourceTree = "<group>";
		};
		7925802F255C1D710E794AC1 /* iOS */ = {
			isa = PBXGroup;
			children = (
				AD01E9205F3BDD6034F953C5 /* Info.plist */,
			);
			path = iOS;
			sourceTree = "<group>";
		};
		83D32C9DA07262FF68C95B40 /* Common */ = {
			isa = PBXGroup;
			children = (
				ED355E06E22CEA5F98651A4B /* AsyncImage.swift */,
			);
			path = Common;
			sourceTree = "<group>";
		};
		863F87720D7E58EA37B6FB59 /* Shared */ = {
			isa = PBXGroup;
			children = (
				0382399B9AABFBDAAB2AE9B9 /* Assets.xcassets */,
				36BEB5D15F0F23D66B0C06C5 /* ContentView.swift */,
				2FA3D285E82BFC08D5A3E3D8 /* TsunDocsApp.swift */,
				E3AA0A2D2A7A1D95ED9DD21C /* Domain */,
				F80397B25D067D6391C77D49 /* View */,
			);
			path = Shared;
			sourceTree = "<group>";
		};
		A974C887BE0808533E6C7F49 /* macOS */ = {
			isa = PBXGroup;
			children = (
				F887EB4DB6E1DE3040F95054 /* Info.plist */,
				7C239FA42949E1D08FB8479C /* macOS.entitlements */,
			);
			path = macOS;
			sourceTree = "<group>";
		};
		AC580DE5293A5FC60F006A09 /* Tsundoc */ = {
			isa = PBXGroup;
			children = (
				22D1262AD0FD06BFFAAF53CE /* Tsundoc.swift */,
				DAB402A5C62DD1311F3C087F /* TsundocThumbnailSource.swift */,
			);
			path = Tsundoc;
			sourceTree = "<group>";
		};
		DAE688497F8FD91FBA8897BF /* Products */ = {
			isa = PBXGroup;
			children = (
				3714AF07DC39BE2BB4DDC2B3 /* TsunDocs (iOS).app */,
				BEDCBB975AFA4545C1216463 /* TsunDocs (macOS).app */,
			);
			name = Products;
			sourceTree = "<group>";
		};
		E3AA0A2D2A7A1D95ED9DD21C /* Domain */ = {
			isa = PBXGroup;
			children = (
				0121CCBB392185C39D49E4D4 /* Entity */,
				684915BCB50506F4F3E5FE20 /* Service */,
			);
			path = Domain;
			sourceTree = "<group>";
		};
		EB5136094B07B8560319AE2D = {
			isa = PBXGroup;
			children = (
				863F87720D7E58EA37B6FB59 /* Shared */,
				2827213614D285FF0D0B1720 /* Preview Content */,
				7925802F255C1D710E794AC1 /* iOS */,
				A974C887BE0808533E6C7F49 /* macOS */,
				DAE688497F8FD91FBA8897BF /* Products */,
			);
			sourceTree = "<group>";
		};
		F80397B25D067D6391C77D49 /* View */ = {
			isa = PBXGroup;
			children = (
				83D32C9DA07262FF68C95B40 /* Common */,
				5C463A261E3367ECF76CB39E /* TsundocList */,
			);
			path = View;
			sourceTree = "<group>";
		};
/* End PBXGroup section */

/* Begin PBXNativeTarget section */
		31CD9A7FB8B73B41C35ADB91 /* TsunDocs (iOS) */ = {
			isa = PBXNativeTarget;
			buildConfigurationList = 2FEF768569663BE0063035BC /* Build configuration list for PBXNativeTarget "TsunDocs (iOS)" */;
			buildPhases = (
				D3138B57806C2FA5B19BA173 /* SwiftLint */,
				CE0AD2747B613D920FA6F9C5 /* Sources */,
				3FA1341750C0E291EC792C53 /* Resources */,
				26CBBCDC2AAD7C4A199E2BC3 /* Frameworks */,
			);
			buildRules = (
			);
			dependencies = (
			);
			name = "TsunDocs (iOS)";
			packageProductDependencies = (
				58F214CC5281EB6787D7671C /* Smile */,
			);
			productName = "TsunDocs (iOS)";
			productReference = 3714AF07DC39BE2BB4DDC2B3 /* TsunDocs (iOS).app */;
			productType = "com.apple.product-type.application";
		};
		B1DDE034988CEB952208D99D /* TsunDocs (macOS) */ = {
			isa = PBXNativeTarget;
			buildConfigurationList = 809BF37F55504DFB6306E786 /* Build configuration list for PBXNativeTarget "TsunDocs (macOS)" */;
			buildPhases = (
				2C9D5D63BB7A0F59CDA10E4D /* SwiftLint */,
				C08696BAF5978BBC2261100C /* Sources */,
				AE988B0E16DBEC97E7D028B3 /* Resources */,
				85E7B983E892C2FCC3953ACE /* Frameworks */,
			);
			buildRules = (
			);
			dependencies = (
			);
			name = "TsunDocs (macOS)";
			packageProductDependencies = (
				E0CD9235D774E4ADF7C9765A /* Smile */,
			);
			productName = "TsunDocs (macOS)";
			productReference = BEDCBB975AFA4545C1216463 /* TsunDocs (macOS).app */;
			productType = "com.apple.product-type.application";
		};
/* End PBXNativeTarget section */

/* Begin PBXProject section */
		B10FD681F47AC2A4820934BC /* Project object */ = {
			isa = PBXProject;
			attributes = {
				LastSwiftUpdateCheck = 1250;
				LastUpgradeCheck = 1200;
				ORGANIZATIONNAME = "Tasuku Tozawa";
				TargetAttributes = {
					31CD9A7FB8B73B41C35ADB91 = {
						DevelopmentTeam = RY2377PP7S;
						ProvisioningStyle = Automatic;
					};
					B1DDE034988CEB952208D99D = {
						DevelopmentTeam = RY2377PP7S;
						ProvisioningStyle = Automatic;
					};
				};
			};
			buildConfigurationList = E4CC035522DB4841DEA1C06A /* Build configuration list for PBXProject "TsunDocs" */;
			compatibilityVersion = "Xcode 10.0";
			developmentRegion = en;
			hasScannedForEncodings = 0;
			knownRegions = (
				Base,
				en,
			);
			mainGroup = EB5136094B07B8560319AE2D;
			packageReferences = (
				209EB6244CB81C36714EF984 /* XCRemoteSwiftPackageReference "Smile" */,
			);
			projectDirPath = "";
			projectRoot = "";
			targets = (
				31CD9A7FB8B73B41C35ADB91 /* TsunDocs (iOS) */,
				B1DDE034988CEB952208D99D /* TsunDocs (macOS) */,
			);
		};
/* End PBXProject section */

/* Begin PBXResourcesBuildPhase section */
		3FA1341750C0E291EC792C53 /* Resources */ = {
			isa = PBXResourcesBuildPhase;
			buildActionMask = 2147483647;
			files = (
				73B63B8116823443FA498C95 /* Assets.xcassets in Resources */,
				7937458E5DE80B34C7479EDD /* Preview Assets.xcassets in Resources */,
			);
			runOnlyForDeploymentPostprocessing = 0;
		};
		AE988B0E16DBEC97E7D028B3 /* Resources */ = {
			isa = PBXResourcesBuildPhase;
			buildActionMask = 2147483647;
			files = (
				14D63915BD27486168474BAD /* Assets.xcassets in Resources */,
				39BAA21A1491A532104AD0EE /* Preview Assets.xcassets in Resources */,
			);
			runOnlyForDeploymentPostprocessing = 0;
		};
/* End PBXResourcesBuildPhase section */

/* Begin PBXShellScriptBuildPhase section */
		2C9D5D63BB7A0F59CDA10E4D /* SwiftLint */ = {
			isa = PBXShellScriptBuildPhase;
			buildActionMask = 2147483647;
			files = (
			);
			inputFileListPaths = (
			);
			inputPaths = (
			);
			name = SwiftLint;
			outputFileListPaths = (
			);
			outputPaths = (
			);
			runOnlyForDeploymentPostprocessing = 0;
			shellPath = /bin/sh;
			shellScript = "#!/bin/sh\n\nif [[ ${CONFIGURATION} == \"Debug\" ]]; then\n  if [[ -f \"${PROJECT_DIR}/Pods/SwiftLint/swiftlint\" ]]; then\n    \"${PROJECT_DIR}/Pods/SwiftLint/swiftlint\"\n  else\n    echo \"warning: SwiftLint is not installed. Run 'bundle exec pod install --repo-update' to install it.\"\n  fi\nfi\n";
		};
		D3138B57806C2FA5B19BA173 /* SwiftLint */ = {
			isa = PBXShellScriptBuildPhase;
			buildActionMask = 2147483647;
			files = (
			);
			inputFileListPaths = (
			);
			inputPaths = (
			);
			name = SwiftLint;
			outputFileListPaths = (
			);
			outputPaths = (
			);
			runOnlyForDeploymentPostprocessing = 0;
			shellPath = /bin/sh;
			shellScript = "#!/bin/sh\n\nif [[ ${CONFIGURATION} == \"Debug\" ]]; then\n  if [[ -f \"${PROJECT_DIR}/Pods/SwiftLint/swiftlint\" ]]; then\n    \"${PROJECT_DIR}/Pods/SwiftLint/swiftlint\"\n  else\n    echo \"warning: SwiftLint is not installed. Run 'bundle exec pod install --repo-update' to install it.\"\n  fi\nfi\n";
		};
/* End PBXShellScriptBuildPhase section */

/* Begin PBXSourcesBuildPhase section */
		C08696BAF5978BBC2261100C /* Sources */ = {
			isa = PBXSourcesBuildPhase;
			buildActionMask = 2147483647;
			files = (
				A1127A51C51C9ED24D9C9318 /* AsyncImage.swift in Sources */,
				257C7B846776EBBAA22BF68B /* ContentView.swift in Sources */,
				EA7F1B66DEE6D28019D30AE7 /* Factory+ImageLoader.swift in Sources */,
				341C4B88F1E7C6A1A812725F /* Factory.swift in Sources */,
				7BB5C31DB6CDEF3AB1C82A66 /* HTTPURLResponse+Mock.swift in Sources */,
				7D8AC07B11EFB1F90253FCA5 /* ImageLoader.swift in Sources */,
				E1B0EDC100F5373C7D39E54A /* TsunDocsApp.swift in Sources */,
				C5B746EBAAE6B92910ABDABB /* Tsundoc.swift in Sources */,
				B4FEC9E84E455A8A4B0B2FC7 /* TsundocCell.swift in Sources */,
				B9CBD5E8A725D89FC3B8441A /* TsundocThumbnail.swift in Sources */,
				880B3DF801F4527F0CD51A1A /* TsundocThumbnailSource.swift in Sources */,
				CA5A3AE5CB356BEF29797FAE /* URLProtocolMockBase.swift in Sources */,
				770EBB5E916E6D9D9109177A /* URLSession+Mock.swift in Sources */,
			);
			runOnlyForDeploymentPostprocessing = 0;
		};
		CE0AD2747B613D920FA6F9C5 /* Sources */ = {
			isa = PBXSourcesBuildPhase;
			buildActionMask = 2147483647;
			files = (
				3BA28BE6D24EEEC922458995 /* AsyncImage.swift in Sources */,
				DF4EFD9CBBAA32D9971CA01C /* ContentView.swift in Sources */,
				297B2476314FB70052AC21C3 /* Factory+ImageLoader.swift in Sources */,
				597559F6FE14ECC1087232F5 /* Factory.swift in Sources */,
				E7C5A44C93B11B9CA42C1E77 /* HTTPURLResponse+Mock.swift in Sources */,
				6A30DB9D8F2690BE5B1C2806 /* ImageLoader.swift in Sources */,
				386734DFA2CE2F8208BFAE7D /* TsunDocsApp.swift in Sources */,
				E2C1A81A37CCCB07A7A60580 /* Tsundoc.swift in Sources */,
				33724356FFEE227EA3FE81AE /* TsundocCell.swift in Sources */,
				85BDE18B62DF820D0F4EB9B0 /* TsundocThumbnail.swift in Sources */,
				90ED16BF7466C7E2AF22FFCB /* TsundocThumbnailSource.swift in Sources */,
				E8EC8508FB1A184FD9F29CA1 /* URLProtocolMockBase.swift in Sources */,
				64D7A1E2848E11A70DA4F6D1 /* URLSession+Mock.swift in Sources */,
			);
			runOnlyForDeploymentPostprocessing = 0;
		};
/* End PBXSourcesBuildPhase section */

/* Begin XCBuildConfiguration section */
		003468CAD7D857E59A2EB4AA /* Release */ = {
			isa = XCBuildConfiguration;
			buildSettings = {
				ALWAYS_SEARCH_USER_PATHS = NO;
				CLANG_ANALYZER_NONNULL = YES;
				CLANG_ANALYZER_NUMBER_OBJECT_CONVERSION = YES_AGGRESSIVE;
				CLANG_CXX_LANGUAGE_STANDARD = "gnu++14";
				CLANG_CXX_LIBRARY = "libc++";
				CLANG_ENABLE_MODULES = YES;
				CLANG_ENABLE_OBJC_ARC = YES;
				CLANG_ENABLE_OBJC_WEAK = YES;
				CLANG_WARN_BLOCK_CAPTURE_AUTORELEASING = YES;
				CLANG_WARN_BOOL_CONVERSION = YES;
				CLANG_WARN_COMMA = YES;
				CLANG_WARN_CONSTANT_CONVERSION = YES;
				CLANG_WARN_DEPRECATED_OBJC_IMPLEMENTATIONS = YES;
				CLANG_WARN_DIRECT_OBJC_ISA_USAGE = YES_ERROR;
				CLANG_WARN_DOCUMENTATION_COMMENTS = YES;
				CLANG_WARN_EMPTY_BODY = YES;
				CLANG_WARN_ENUM_CONVERSION = YES;
				CLANG_WARN_INFINITE_RECURSION = YES;
				CLANG_WARN_INT_CONVERSION = YES;
				CLANG_WARN_NON_LITERAL_NULL_CONVERSION = YES;
				CLANG_WARN_OBJC_IMPLICIT_RETAIN_SELF = YES;
				CLANG_WARN_OBJC_LITERAL_CONVERSION = YES;
				CLANG_WARN_OBJC_ROOT_CLASS = YES_ERROR;
				CLANG_WARN_QUOTED_INCLUDE_IN_FRAMEWORK_HEADER = YES;
				CLANG_WARN_RANGE_LOOP_ANALYSIS = YES;
				CLANG_WARN_STRICT_PROTOTYPES = YES;
				CLANG_WARN_SUSPICIOUS_MOVE = YES;
				CLANG_WARN_UNGUARDED_AVAILABILITY = YES_AGGRESSIVE;
				CLANG_WARN_UNREACHABLE_CODE = YES;
				CLANG_WARN__DUPLICATE_METHOD_MATCH = YES;
				COPY_PHASE_STRIP = NO;
				DEBUG_INFORMATION_FORMAT = "dwarf-with-dsym";
				ENABLE_NS_ASSERTIONS = NO;
				ENABLE_STRICT_OBJC_MSGSEND = YES;
				GCC_C_LANGUAGE_STANDARD = gnu11;
				GCC_NO_COMMON_BLOCKS = YES;
				GCC_WARN_64_TO_32_BIT_CONVERSION = YES;
				GCC_WARN_ABOUT_RETURN_TYPE = YES_ERROR;
				GCC_WARN_UNDECLARED_SELECTOR = YES;
				GCC_WARN_UNINITIALIZED_AUTOS = YES_AGGRESSIVE;
				GCC_WARN_UNUSED_FUNCTION = YES;
				GCC_WARN_UNUSED_VARIABLE = YES;
				MTL_ENABLE_DEBUG_INFO = NO;
				MTL_FAST_MATH = YES;
				PRODUCT_NAME = TsunDocs;
				SWIFT_COMPILATION_MODE = wholemodule;
				SWIFT_OPTIMIZATION_LEVEL = "-O";
				SWIFT_VERSION = 5.0;
			};
			name = Release;
		};
		5F26F2532E8CABCAD48F10A1 /* Release */ = {
			isa = XCBuildConfiguration;
			buildSettings = {
				ASSETCATALOG_COMPILER_APPICON_NAME = AppIcon;
				ASSETCATALOG_COMPILER_GLOBAL_ACCENT_COLOR_NAME = AccentColor;
				CODE_SIGN_ENTITLEMENTS = macOS/macOS.entitlements;
				CODE_SIGN_STYLE = Automatic;
				COMBINE_HIDPI_IMAGES = YES;
				DEVELOPMENT_ASSET_PATHS = "Preview\\ Content";
				DEVELOPMENT_TEAM = RY2377PP7S;
				ENABLE_HARDENED_RUNTIME = YES;
				ENABLE_PREVIEWS = YES;
				INFOPLIST_FILE = macOS/Info.plist;
				LD_RUNPATH_SEARCH_PATHS = (
					"$(inherited)",
					"@executable_path/../Frameworks",
				);
				MACOSX_DEPLOYMENT_TARGET = 11.0;
				PRODUCT_BUNDLE_IDENTIFIER = net.tasuwo.tsundocs;
				PRODUCT_NAME = TsunDocs;
				SDKROOT = macosx;
				SWIFT_VERSION = 5.0;
			};
			name = Release;
		};
		623CCCC6AC933EA774A01D3F /* Release */ = {
			isa = XCBuildConfiguration;
			buildSettings = {
				ASSETCATALOG_COMPILER_APPICON_NAME = AppIcon;
				ASSETCATALOG_COMPILER_GLOBAL_ACCENT_COLOR_NAME = AccentColor;
				CODE_SIGN_IDENTITY = "iPhone Developer";
				CODE_SIGN_STYLE = Automatic;
				DEVELOPMENT_ASSET_PATHS = "Preview\\ Content";
				DEVELOPMENT_TEAM = RY2377PP7S;
				ENABLE_PREVIEWS = YES;
				INFOPLIST_FILE = iOS/Info.plist;
				IPHONEOS_DEPLOYMENT_TARGET = 14.0;
				LD_RUNPATH_SEARCH_PATHS = (
					"$(inherited)",
					"@executable_path/Frameworks",
				);
				PRODUCT_BUNDLE_IDENTIFIER = net.tasuwo.tsundocs;
				PRODUCT_NAME = TsunDocs;
				SDKROOT = iphoneos;
				SWIFT_VERSION = 5.0;
				TARGETED_DEVICE_FAMILY = "1,2";
				VALIDATE_PRODUCT = YES;
			};
			name = Release;
		};
		B1A2F20E6139F4F2D8CDEB15 /* Debug */ = {
			isa = XCBuildConfiguration;
			buildSettings = {
				ASSETCATALOG_COMPILER_APPICON_NAME = AppIcon;
				ASSETCATALOG_COMPILER_GLOBAL_ACCENT_COLOR_NAME = AccentColor;
				CODE_SIGN_IDENTITY = "iPhone Developer";
				CODE_SIGN_STYLE = Automatic;
				DEVELOPMENT_ASSET_PATHS = "Preview\\ Content";
				DEVELOPMENT_TEAM = RY2377PP7S;
				ENABLE_PREVIEWS = YES;
				INFOPLIST_FILE = iOS/Info.plist;
				IPHONEOS_DEPLOYMENT_TARGET = 14.0;
				LD_RUNPATH_SEARCH_PATHS = (
					"$(inherited)",
					"@executable_path/Frameworks",
				);
				PRODUCT_BUNDLE_IDENTIFIER = net.tasuwo.tsundocs;
				PRODUCT_NAME = TsunDocs;
				SDKROOT = iphoneos;
				SWIFT_VERSION = 5.0;
				TARGETED_DEVICE_FAMILY = "1,2";
			};
			name = Debug;
		};
		D5AA687459EE26DCA5311561 /* Debug */ = {
			isa = XCBuildConfiguration;
			buildSettings = {
				ALWAYS_SEARCH_USER_PATHS = NO;
				CLANG_ANALYZER_NONNULL = YES;
				CLANG_ANALYZER_NUMBER_OBJECT_CONVERSION = YES_AGGRESSIVE;
				CLANG_CXX_LANGUAGE_STANDARD = "gnu++14";
				CLANG_CXX_LIBRARY = "libc++";
				CLANG_ENABLE_MODULES = YES;
				CLANG_ENABLE_OBJC_ARC = YES;
				CLANG_ENABLE_OBJC_WEAK = YES;
				CLANG_WARN_BLOCK_CAPTURE_AUTORELEASING = YES;
				CLANG_WARN_BOOL_CONVERSION = YES;
				CLANG_WARN_COMMA = YES;
				CLANG_WARN_CONSTANT_CONVERSION = YES;
				CLANG_WARN_DEPRECATED_OBJC_IMPLEMENTATIONS = YES;
				CLANG_WARN_DIRECT_OBJC_ISA_USAGE = YES_ERROR;
				CLANG_WARN_DOCUMENTATION_COMMENTS = YES;
				CLANG_WARN_EMPTY_BODY = YES;
				CLANG_WARN_ENUM_CONVERSION = YES;
				CLANG_WARN_INFINITE_RECURSION = YES;
				CLANG_WARN_INT_CONVERSION = YES;
				CLANG_WARN_NON_LITERAL_NULL_CONVERSION = YES;
				CLANG_WARN_OBJC_IMPLICIT_RETAIN_SELF = YES;
				CLANG_WARN_OBJC_LITERAL_CONVERSION = YES;
				CLANG_WARN_OBJC_ROOT_CLASS = YES_ERROR;
				CLANG_WARN_QUOTED_INCLUDE_IN_FRAMEWORK_HEADER = YES;
				CLANG_WARN_RANGE_LOOP_ANALYSIS = YES;
				CLANG_WARN_STRICT_PROTOTYPES = YES;
				CLANG_WARN_SUSPICIOUS_MOVE = YES;
				CLANG_WARN_UNGUARDED_AVAILABILITY = YES_AGGRESSIVE;
				CLANG_WARN_UNREACHABLE_CODE = YES;
				CLANG_WARN__DUPLICATE_METHOD_MATCH = YES;
				COPY_PHASE_STRIP = NO;
				DEBUG_INFORMATION_FORMAT = dwarf;
				ENABLE_STRICT_OBJC_MSGSEND = YES;
				ENABLE_TESTABILITY = YES;
				GCC_C_LANGUAGE_STANDARD = gnu11;
				GCC_DYNAMIC_NO_PIC = NO;
				GCC_NO_COMMON_BLOCKS = YES;
				GCC_OPTIMIZATION_LEVEL = 0;
				GCC_PREPROCESSOR_DEFINITIONS = (
					"$(inherited)",
					"DEBUG=1",
				);
				GCC_WARN_64_TO_32_BIT_CONVERSION = YES;
				GCC_WARN_ABOUT_RETURN_TYPE = YES_ERROR;
				GCC_WARN_UNDECLARED_SELECTOR = YES;
				GCC_WARN_UNINITIALIZED_AUTOS = YES_AGGRESSIVE;
				GCC_WARN_UNUSED_FUNCTION = YES;
				GCC_WARN_UNUSED_VARIABLE = YES;
				MTL_ENABLE_DEBUG_INFO = INCLUDE_SOURCE;
				MTL_FAST_MATH = YES;
				ONLY_ACTIVE_ARCH = YES;
				PRODUCT_NAME = TsunDocs;
				SWIFT_ACTIVE_COMPILATION_CONDITIONS = DEBUG;
				SWIFT_OPTIMIZATION_LEVEL = "-Onone";
				SWIFT_VERSION = 5.0;
			};
			name = Debug;
		};
		DB897823B44E32F953E7F64B /* Debug */ = {
			isa = XCBuildConfiguration;
			buildSettings = {
				ASSETCATALOG_COMPILER_APPICON_NAME = AppIcon;
				ASSETCATALOG_COMPILER_GLOBAL_ACCENT_COLOR_NAME = AccentColor;
				CODE_SIGN_ENTITLEMENTS = macOS/macOS.entitlements;
				CODE_SIGN_STYLE = Automatic;
				COMBINE_HIDPI_IMAGES = YES;
				DEVELOPMENT_ASSET_PATHS = "Preview\\ Content";
				DEVELOPMENT_TEAM = RY2377PP7S;
				ENABLE_HARDENED_RUNTIME = YES;
				ENABLE_PREVIEWS = YES;
				INFOPLIST_FILE = macOS/Info.plist;
				LD_RUNPATH_SEARCH_PATHS = (
					"$(inherited)",
					"@executable_path/../Frameworks",
				);
				MACOSX_DEPLOYMENT_TARGET = 11.0;
				PRODUCT_BUNDLE_IDENTIFIER = net.tasuwo.tsundocs;
				PRODUCT_NAME = TsunDocs;
				SDKROOT = macosx;
				SWIFT_VERSION = 5.0;
			};
			name = Debug;
		};
/* End XCBuildConfiguration section */

/* Begin XCConfigurationList section */
		2FEF768569663BE0063035BC /* Build configuration list for PBXNativeTarget "TsunDocs (iOS)" */ = {
			isa = XCConfigurationList;
			buildConfigurations = (
				B1A2F20E6139F4F2D8CDEB15 /* Debug */,
				623CCCC6AC933EA774A01D3F /* Release */,
			);
			defaultConfigurationIsVisible = 0;
			defaultConfigurationName = Release;
		};
		809BF37F55504DFB6306E786 /* Build configuration list for PBXNativeTarget "TsunDocs (macOS)" */ = {
			isa = XCConfigurationList;
			buildConfigurations = (
				DB897823B44E32F953E7F64B /* Debug */,
				5F26F2532E8CABCAD48F10A1 /* Release */,
			);
			defaultConfigurationIsVisible = 0;
			defaultConfigurationName = Release;
		};
		E4CC035522DB4841DEA1C06A /* Build configuration list for PBXProject "TsunDocs" */ = {
			isa = XCConfigurationList;
			buildConfigurations = (
				D5AA687459EE26DCA5311561 /* Debug */,
				003468CAD7D857E59A2EB4AA /* Release */,
			);
			defaultConfigurationIsVisible = 0;
			defaultConfigurationName = Release;
		};
/* End XCConfigurationList section */

/* Begin XCRemoteSwiftPackageReference section */
		209EB6244CB81C36714EF984 /* XCRemoteSwiftPackageReference "Smile" */ = {
			isa = XCRemoteSwiftPackageReference;
			repositoryURL = "https://github.com/onmyway133/Smile";
			requirement = {
				kind = upToNextMajorVersion;
				minimumVersion = 2.1.0;
			};
		};
/* End XCRemoteSwiftPackageReference section */

/* Begin XCSwiftPackageProductDependency section */
		58F214CC5281EB6787D7671C /* Smile */ = {
			isa = XCSwiftPackageProductDependency;
			package = 209EB6244CB81C36714EF984 /* XCRemoteSwiftPackageReference "Smile" */;
			productName = Smile;
		};
		E0CD9235D774E4ADF7C9765A /* Smile */ = {
			isa = XCSwiftPackageProductDependency;
			package = 209EB6244CB81C36714EF984 /* XCRemoteSwiftPackageReference "Smile" */;
			productName = Smile;
		};
/* End XCSwiftPackageProductDependency section */
	};
	rootObject = B10FD681F47AC2A4820934BC /* Project object */;
}
