// !$*UTF8*$!
{
	archiveVersion = 1;
	classes = {
	};
	objectVersion = 51;
	objects = {

/* Begin PBXBuildFile section */
		05379807DD47D1488C35CD2D /* Smile in Frameworks */ = {isa = PBXBuildFile; productRef = E0CD9235D774E4ADF7C9765A /* Smile */; };
		14D63915BD27486168474BAD /* Assets.xcassets in Resources */ = {isa = PBXBuildFile; fileRef = 0382399B9AABFBDAAB2AE9B9 /* Assets.xcassets */; };
		1BED969DBCC5B90F766D1770 /* Smile in Frameworks */ = {isa = PBXBuildFile; productRef = 58F214CC5281EB6787D7671C /* Smile */; };
		257C7B846776EBBAA22BF68B /* ContentView.swift in Sources */ = {isa = PBXBuildFile; fileRef = 36BEB5D15F0F23D66B0C06C5 /* ContentView.swift */; };
		386734DFA2CE2F8208BFAE7D /* TsunDocsApp.swift in Sources */ = {isa = PBXBuildFile; fileRef = 2FA3D285E82BFC08D5A3E3D8 /* TsunDocsApp.swift */; };
		73B63B8116823443FA498C95 /* Assets.xcassets in Resources */ = {isa = PBXBuildFile; fileRef = 0382399B9AABFBDAAB2AE9B9 /* Assets.xcassets */; };
		DF4EFD9CBBAA32D9971CA01C /* ContentView.swift in Sources */ = {isa = PBXBuildFile; fileRef = 36BEB5D15F0F23D66B0C06C5 /* ContentView.swift */; };
		E1B0EDC100F5373C7D39E54A /* TsunDocsApp.swift in Sources */ = {isa = PBXBuildFile; fileRef = 2FA3D285E82BFC08D5A3E3D8 /* TsunDocsApp.swift */; };
/* End PBXBuildFile section */

/* Begin PBXFileReference section */
		0382399B9AABFBDAAB2AE9B9 /* Assets.xcassets */ = {isa = PBXFileReference; lastKnownFileType = folder.assetcatalog; path = Assets.xcassets; sourceTree = "<group>"; };
		2FA3D285E82BFC08D5A3E3D8 /* TsunDocsApp.swift */ = {isa = PBXFileReference; lastKnownFileType = sourcecode.swift; path = TsunDocsApp.swift; sourceTree = "<group>"; };
		36BEB5D15F0F23D66B0C06C5 /* ContentView.swift */ = {isa = PBXFileReference; lastKnownFileType = sourcecode.swift; path = ContentView.swift; sourceTree = "<group>"; };
		3714AF07DC39BE2BB4DDC2B3 /* TsunDocs (iOS).app */ = {isa = PBXFileReference; includeInIndex = 0; lastKnownFileType = wrapper.application; path = "TsunDocs (iOS).app"; sourceTree = BUILT_PRODUCTS_DIR; };
		7C239FA42949E1D08FB8479C /* macOS.entitlements */ = {isa = PBXFileReference; lastKnownFileType = text.plist.entitlements; path = macOS.entitlements; sourceTree = "<group>"; };
		AD01E9205F3BDD6034F953C5 /* Info.plist */ = {isa = PBXFileReference; lastKnownFileType = text.plist; path = Info.plist; sourceTree = "<group>"; };
		BEDCBB975AFA4545C1216463 /* TsunDocs (macOS).app */ = {isa = PBXFileReference; explicitFileType = wrapper.application; includeInIndex = 0; path = "TsunDocs (macOS).app"; sourceTree = BUILT_PRODUCTS_DIR; };
		F887EB4DB6E1DE3040F95054 /* Info.plist */ = {isa = PBXFileReference; lastKnownFileType = text.plist; path = Info.plist; sourceTree = "<group>"; };
/* End PBXFileReference section */

/* Begin PBXFrameworksBuildPhase section */
		26CBBCDC2AAD7C4A199E2BC3 /* Frameworks */ = {
			isa = PBXFrameworksBuildPhase;
			buildActionMask = 2147483647;
			files = (
				1BED969DBCC5B90F766D1770 /* Smile in Frameworks */,
			);
			runOnlyForDeploymentPostprocessing = 0;
		};
		85E7B983E892C2FCC3953ACE /* Frameworks */ = {
			isa = PBXFrameworksBuildPhase;
			buildActionMask = 2147483647;
			files = (
				05379807DD47D1488C35CD2D /* Smile in Frameworks */,
			);
			runOnlyForDeploymentPostprocessing = 0;
		};
/* End PBXFrameworksBuildPhase section */

/* Begin PBXGroup section */
		7925802F255C1D710E794AC1 /* iOS */ = {
			isa = PBXGroup;
			children = (
				AD01E9205F3BDD6034F953C5 /* Info.plist */,
			);
			path = iOS;
			sourceTree = "<group>";
		};
		863F87720D7E58EA37B6FB59 /* Shared */ = {
			isa = PBXGroup;
			children = (
				0382399B9AABFBDAAB2AE9B9 /* Assets.xcassets */,
				36BEB5D15F0F23D66B0C06C5 /* ContentView.swift */,
				2FA3D285E82BFC08D5A3E3D8 /* TsunDocsApp.swift */,
			);
			path = Shared;
			sourceTree = "<group>";
		};
		A974C887BE0808533E6C7F49 /* macOS */ = {
			isa = PBXGroup;
			children = (
				F887EB4DB6E1DE3040F95054 /* Info.plist */,
				7C239FA42949E1D08FB8479C /* macOS.entitlements */,
			);
			path = macOS;
			sourceTree = "<group>";
		};
		DAE688497F8FD91FBA8897BF /* Products */ = {
			isa = PBXGroup;
			children = (
				3714AF07DC39BE2BB4DDC2B3 /* TsunDocs (iOS).app */,
				BEDCBB975AFA4545C1216463 /* TsunDocs (macOS).app */,
			);
			name = Products;
			sourceTree = "<group>";
		};
		EB5136094B07B8560319AE2D = {
			isa = PBXGroup;
			children = (
				863F87720D7E58EA37B6FB59 /* Shared */,
				7925802F255C1D710E794AC1 /* iOS */,
				A974C887BE0808533E6C7F49 /* macOS */,
				DAE688497F8FD91FBA8897BF /* Products */,
			);
			sourceTree = "<group>";
		};
/* End PBXGroup section */

/* Begin PBXNativeTarget section */
		31CD9A7FB8B73B41C35ADB91 /* TsunDocs (iOS) */ = {
			isa = PBXNativeTarget;
			buildConfigurationList = 2FEF768569663BE0063035BC /* Build configuration list for PBXNativeTarget "TsunDocs (iOS)" */;
			buildPhases = (
				D3138B57806C2FA5B19BA173 /* SwiftLint */,
				CE0AD2747B613D920FA6F9C5 /* Sources */,
				3FA1341750C0E291EC792C53 /* Resources */,
				26CBBCDC2AAD7C4A199E2BC3 /* Frameworks */,
			);
			buildRules = (
			);
			dependencies = (
			);
			name = "TsunDocs (iOS)";
			packageProductDependencies = (
				58F214CC5281EB6787D7671C /* Smile */,
			);
			productName = "TsunDocs (iOS)";
			productReference = 3714AF07DC39BE2BB4DDC2B3 /* TsunDocs (iOS).app */;
			productType = "com.apple.product-type.application";
		};
		B1DDE034988CEB952208D99D /* TsunDocs (macOS) */ = {
			isa = PBXNativeTarget;
			buildConfigurationList = 809BF37F55504DFB6306E786 /* Build configuration list for PBXNativeTarget "TsunDocs (macOS)" */;
			buildPhases = (
				2C9D5D63BB7A0F59CDA10E4D /* SwiftLint */,
				C08696BAF5978BBC2261100C /* Sources */,
				AE988B0E16DBEC97E7D028B3 /* Resources */,
				85E7B983E892C2FCC3953ACE /* Frameworks */,
			);
			buildRules = (
			);
			dependencies = (
			);
			name = "TsunDocs (macOS)";
			packageProductDependencies = (
				E0CD9235D774E4ADF7C9765A /* Smile */,
			);
			productName = "TsunDocs (macOS)";
			productReference = BEDCBB975AFA4545C1216463 /* TsunDocs (macOS).app */;
			productType = "com.apple.product-type.application";
		};
/* End PBXNativeTarget section */

/* Begin PBXProject section */
		B10FD681F47AC2A4820934BC /* Project object */ = {
			isa = PBXProject;
			attributes = {
				LastSwiftUpdateCheck = 1250;
				LastUpgradeCheck = 1200;
				ORGANIZATIONNAME = "Tasuku Tozawa";
				TargetAttributes = {
					31CD9A7FB8B73B41C35ADB91 = {
						DevelopmentTeam = RY2377PP7S;
						ProvisioningStyle = Automatic;
					};
					B1DDE034988CEB952208D99D = {
						DevelopmentTeam = RY2377PP7S;
						ProvisioningStyle = Automatic;
					};
				};
			};
			buildConfigurationList = E4CC035522DB4841DEA1C06A /* Build configuration list for PBXProject "TsunDocs" */;
			compatibilityVersion = "Xcode 10.0";
			developmentRegion = en;
			hasScannedForEncodings = 0;
			knownRegions = (
				Base,
				en,
			);
			mainGroup = EB5136094B07B8560319AE2D;
			packageReferences = (
				209EB6244CB81C36714EF984 /* XCRemoteSwiftPackageReference "Smile" */,
			);
			projectDirPath = "";
			projectRoot = "";
			targets = (
				31CD9A7FB8B73B41C35ADB91 /* TsunDocs (iOS) */,
				B1DDE034988CEB952208D99D /* TsunDocs (macOS) */,
			);
		};
/* End PBXProject section */

/* Begin PBXResourcesBuildPhase section */
		3FA1341750C0E291EC792C53 /* Resources */ = {
			isa = PBXResourcesBuildPhase;
			buildActionMask = 2147483647;
			files = (
				73B63B8116823443FA498C95 /* Assets.xcassets in Resources */,
			);
			runOnlyForDeploymentPostprocessing = 0;
		};
		AE988B0E16DBEC97E7D028B3 /* Resources */ = {
			isa = PBXResourcesBuildPhase;
			buildActionMask = 2147483647;
			files = (
				14D63915BD27486168474BAD /* Assets.xcassets in Resources */,
			);
			runOnlyForDeploymentPostprocessing = 0;
		};
/* End PBXResourcesBuildPhase section */

/* Begin PBXShellScriptBuildPhase section */
		2C9D5D63BB7A0F59CDA10E4D /* SwiftLint */ = {
			isa = PBXShellScriptBuildPhase;
			buildActionMask = 2147483647;
			files = (
			);
			inputFileListPaths = (
			);
			inputPaths = (
			);
			name = SwiftLint;
			outputFileListPaths = (
			);
			outputPaths = (
			);
			runOnlyForDeploymentPostprocessing = 0;
			shellPath = /bin/sh;
			shellScript = "#!/bin/sh\n\nif [[ ${CONFIGURATION} == \"Debug\" ]]; then\n  if [[ -f \"${PROJECT_DIR}/Pods/SwiftLint/swiftlint\" ]]; then\n    \"${PROJECT_DIR}/Pods/SwiftLint/swiftlint\"\n  else\n    echo \"warning: SwiftLint is not installed. Run 'bundle exec pod install --repo-update' to install it.\"\n  fi\nfi\n";
		};
		D3138B57806C2FA5B19BA173 /* SwiftLint */ = {
			isa = PBXShellScriptBuildPhase;
			buildActionMask = 2147483647;
			files = (
			);
			inputFileListPaths = (
			);
			inputPaths = (
			);
			name = SwiftLint;
			outputFileListPaths = (
			);
			outputPaths = (
			);
			runOnlyForDeploymentPostprocessing = 0;
			shellPath = /bin/sh;
			shellScript = "#!/bin/sh\n\nif [[ ${CONFIGURATION} == \"Debug\" ]]; then\n  if [[ -f \"${PROJECT_DIR}/Pods/SwiftLint/swiftlint\" ]]; then\n    \"${PROJECT_DIR}/Pods/SwiftLint/swiftlint\"\n  else\n    echo \"warning: SwiftLint is not installed. Run 'bundle exec pod install --repo-update' to install it.\"\n  fi\nfi\n";
		};
/* End PBXShellScriptBuildPhase section */

/* Begin PBXSourcesBuildPhase section */
		C08696BAF5978BBC2261100C /* Sources */ = {
			isa = PBXSourcesBuildPhase;
			buildActionMask = 2147483647;
			files = (
				257C7B846776EBBAA22BF68B /* ContentView.swift in Sources */,
				E1B0EDC100F5373C7D39E54A /* TsunDocsApp.swift in Sources */,
			);
			runOnlyForDeploymentPostprocessing = 0;
		};
		CE0AD2747B613D920FA6F9C5 /* Sources */ = {
			isa = PBXSourcesBuildPhase;
			buildActionMask = 2147483647;
			files = (
				DF4EFD9CBBAA32D9971CA01C /* ContentView.swift in Sources */,
				386734DFA2CE2F8208BFAE7D /* TsunDocsApp.swift in Sources */,
			);
			runOnlyForDeploymentPostprocessing = 0;
		};
/* End PBXSourcesBuildPhase section */

/* Begin XCBuildConfiguration section */
		003468CAD7D857E59A2EB4AA /* Release */ = {
			isa = XCBuildConfiguration;
			buildSettings = {
				ALWAYS_SEARCH_USER_PATHS = NO;
				CLANG_ANALYZER_NONNULL = YES;
				CLANG_ANALYZER_NUMBER_OBJECT_CONVERSION = YES_AGGRESSIVE;
				CLANG_CXX_LANGUAGE_STANDARD = "gnu++14";
				CLANG_CXX_LIBRARY = "libc++";
				CLANG_ENABLE_MODULES = YES;
				CLANG_ENABLE_OBJC_ARC = YES;
				CLANG_ENABLE_OBJC_WEAK = YES;
				CLANG_WARN_BLOCK_CAPTURE_AUTORELEASING = YES;
				CLANG_WARN_BOOL_CONVERSION = YES;
				CLANG_WARN_COMMA = YES;
				CLANG_WARN_CONSTANT_CONVERSION = YES;
				CLANG_WARN_DEPRECATED_OBJC_IMPLEMENTATIONS = YES;
				CLANG_WARN_DIRECT_OBJC_ISA_USAGE = YES_ERROR;
				CLANG_WARN_DOCUMENTATION_COMMENTS = YES;
				CLANG_WARN_EMPTY_BODY = YES;
				CLANG_WARN_ENUM_CONVERSION = YES;
				CLANG_WARN_INFINITE_RECURSION = YES;
				CLANG_WARN_INT_CONVERSION = YES;
				CLANG_WARN_NON_LITERAL_NULL_CONVERSION = YES;
				CLANG_WARN_OBJC_IMPLICIT_RETAIN_SELF = YES;
				CLANG_WARN_OBJC_LITERAL_CONVERSION = YES;
				CLANG_WARN_OBJC_ROOT_CLASS = YES_ERROR;
				CLANG_WARN_QUOTED_INCLUDE_IN_FRAMEWORK_HEADER = YES;
				CLANG_WARN_RANGE_LOOP_ANALYSIS = YES;
				CLANG_WARN_STRICT_PROTOTYPES = YES;
				CLANG_WARN_SUSPICIOUS_MOVE = YES;
				CLANG_WARN_UNGUARDED_AVAILABILITY = YES_AGGRESSIVE;
				CLANG_WARN_UNREACHABLE_CODE = YES;
				CLANG_WARN__DUPLICATE_METHOD_MATCH = YES;
				COPY_PHASE_STRIP = NO;
				DEBUG_INFORMATION_FORMAT = "dwarf-with-dsym";
				ENABLE_NS_ASSERTIONS = NO;
				ENABLE_STRICT_OBJC_MSGSEND = YES;
				GCC_C_LANGUAGE_STANDARD = gnu11;
				GCC_NO_COMMON_BLOCKS = YES;
				GCC_WARN_64_TO_32_BIT_CONVERSION = YES;
				GCC_WARN_ABOUT_RETURN_TYPE = YES_ERROR;
				GCC_WARN_UNDECLARED_SELECTOR = YES;
				GCC_WARN_UNINITIALIZED_AUTOS = YES_AGGRESSIVE;
				GCC_WARN_UNUSED_FUNCTION = YES;
				GCC_WARN_UNUSED_VARIABLE = YES;
				MTL_ENABLE_DEBUG_INFO = NO;
				MTL_FAST_MATH = YES;
				PRODUCT_NAME = TsunDocs;
				SWIFT_COMPILATION_MODE = wholemodule;
				SWIFT_OPTIMIZATION_LEVEL = "-O";
				SWIFT_VERSION = 5.0;
			};
			name = Release;
		};
		5F26F2532E8CABCAD48F10A1 /* Release */ = {
			isa = XCBuildConfiguration;
			buildSettings = {
				ASSETCATALOG_COMPILER_APPICON_NAME = AppIcon;
				ASSETCATALOG_COMPILER_GLOBAL_ACCENT_COLOR_NAME = AccentColor;
				CODE_SIGN_ENTITLEMENTS = macOS/macOS.entitlements;
				CODE_SIGN_STYLE = Automatic;
				COMBINE_HIDPI_IMAGES = YES;
				DEVELOPMENT_TEAM = RY2377PP7S;
				ENABLE_HARDENED_RUNTIME = YES;
				ENABLE_PREVIEWS = YES;
				INFOPLIST_FILE = macOS/Info.plist;
				LD_RUNPATH_SEARCH_PATHS = (
					"$(inherited)",
					"@executable_path/../Frameworks",
				);
				MACOSX_DEPLOYMENT_TARGET = 11.0;
				PRODUCT_BUNDLE_IDENTIFIER = net.tasuwo.tsundocs;
				PRODUCT_NAME = TsunDocs;
				SDKROOT = macosx;
				SWIFT_VERSION = 5.0;
			};
			name = Release;
		};
		623CCCC6AC933EA774A01D3F /* Release */ = {
			isa = XCBuildConfiguration;
			buildSettings = {
				ASSETCATALOG_COMPILER_APPICON_NAME = AppIcon;
				ASSETCATALOG_COMPILER_GLOBAL_ACCENT_COLOR_NAME = AccentColor;
				CODE_SIGN_IDENTITY = "iPhone Developer";
				CODE_SIGN_STYLE = Automatic;
				DEVELOPMENT_TEAM = RY2377PP7S;
				ENABLE_PREVIEWS = YES;
				INFOPLIST_FILE = iOS/Info.plist;
				IPHONEOS_DEPLOYMENT_TARGET = 14.0;
				LD_RUNPATH_SEARCH_PATHS = (
					"$(inherited)",
					"@executable_path/Frameworks",
				);
				PRODUCT_BUNDLE_IDENTIFIER = net.tasuwo.tsundocs;
				PRODUCT_NAME = TsunDocs;
				SDKROOT = iphoneos;
				SWIFT_VERSION = 5.0;
				TARGETED_DEVICE_FAMILY = "1,2";
				VALIDATE_PRODUCT = YES;
			};
			name = Release;
		};
		B1A2F20E6139F4F2D8CDEB15 /* Debug */ = {
			isa = XCBuildConfiguration;
			buildSettings = {
				ASSETCATALOG_COMPILER_APPICON_NAME = AppIcon;
				ASSETCATALOG_COMPILER_GLOBAL_ACCENT_COLOR_NAME = AccentColor;
				CODE_SIGN_IDENTITY = "iPhone Developer";
				CODE_SIGN_STYLE = Automatic;
				DEVELOPMENT_TEAM = RY2377PP7S;
				ENABLE_PREVIEWS = YES;
				INFOPLIST_FILE = iOS/Info.plist;
				IPHONEOS_DEPLOYMENT_TARGET = 14.0;
				LD_RUNPATH_SEARCH_PATHS = (
					"$(inherited)",
					"@executable_path/Frameworks",
				);
				PRODUCT_BUNDLE_IDENTIFIER = net.tasuwo.tsundocs;
				PRODUCT_NAME = TsunDocs;
				SDKROOT = iphoneos;
				SWIFT_VERSION = 5.0;
				TARGETED_DEVICE_FAMILY = "1,2";
			};
			name = Debug;
		};
		D5AA687459EE26DCA5311561 /* Debug */ = {
			isa = XCBuildConfiguration;
			buildSettings = {
				ALWAYS_SEARCH_USER_PATHS = NO;
				CLANG_ANALYZER_NONNULL = YES;
				CLANG_ANALYZER_NUMBER_OBJECT_CONVERSION = YES_AGGRESSIVE;
				CLANG_CXX_LANGUAGE_STANDARD = "gnu++14";
				CLANG_CXX_LIBRARY = "libc++";
				CLANG_ENABLE_MODULES = YES;
				CLANG_ENABLE_OBJC_ARC = YES;
				CLANG_ENABLE_OBJC_WEAK = YES;
				CLANG_WARN_BLOCK_CAPTURE_AUTORELEASING = YES;
				CLANG_WARN_BOOL_CONVERSION = YES;
				CLANG_WARN_COMMA = YES;
				CLANG_WARN_CONSTANT_CONVERSION = YES;
				CLANG_WARN_DEPRECATED_OBJC_IMPLEMENTATIONS = YES;
				CLANG_WARN_DIRECT_OBJC_ISA_USAGE = YES_ERROR;
				CLANG_WARN_DOCUMENTATION_COMMENTS = YES;
				CLANG_WARN_EMPTY_BODY = YES;
				CLANG_WARN_ENUM_CONVERSION = YES;
				CLANG_WARN_INFINITE_RECURSION = YES;
				CLANG_WARN_INT_CONVERSION = YES;
				CLANG_WARN_NON_LITERAL_NULL_CONVERSION = YES;
				CLANG_WARN_OBJC_IMPLICIT_RETAIN_SELF = YES;
				CLANG_WARN_OBJC_LITERAL_CONVERSION = YES;
				CLANG_WARN_OBJC_ROOT_CLASS = YES_ERROR;
				CLANG_WARN_QUOTED_INCLUDE_IN_FRAMEWORK_HEADER = YES;
				CLANG_WARN_RANGE_LOOP_ANALYSIS = YES;
				CLANG_WARN_STRICT_PROTOTYPES = YES;
				CLANG_WARN_SUSPICIOUS_MOVE = YES;
				CLANG_WARN_UNGUARDED_AVAILABILITY = YES_AGGRESSIVE;
				CLANG_WARN_UNREACHABLE_CODE = YES;
				CLANG_WARN__DUPLICATE_METHOD_MATCH = YES;
				COPY_PHASE_STRIP = NO;
				DEBUG_INFORMATION_FORMAT = dwarf;
				ENABLE_STRICT_OBJC_MSGSEND = YES;
				ENABLE_TESTABILITY = YES;
				GCC_C_LANGUAGE_STANDARD = gnu11;
				GCC_DYNAMIC_NO_PIC = NO;
				GCC_NO_COMMON_BLOCKS = YES;
				GCC_OPTIMIZATION_LEVEL = 0;
				GCC_PREPROCESSOR_DEFINITIONS = (
					"$(inherited)",
					"DEBUG=1",
				);
				GCC_WARN_64_TO_32_BIT_CONVERSION = YES;
				GCC_WARN_ABOUT_RETURN_TYPE = YES_ERROR;
				GCC_WARN_UNDECLARED_SELECTOR = YES;
				GCC_WARN_UNINITIALIZED_AUTOS = YES_AGGRESSIVE;
				GCC_WARN_UNUSED_FUNCTION = YES;
				GCC_WARN_UNUSED_VARIABLE = YES;
				MTL_ENABLE_DEBUG_INFO = INCLUDE_SOURCE;
				MTL_FAST_MATH = YES;
				ONLY_ACTIVE_ARCH = YES;
				PRODUCT_NAME = TsunDocs;
				SWIFT_ACTIVE_COMPILATION_CONDITIONS = DEBUG;
				SWIFT_OPTIMIZATION_LEVEL = "-Onone";
				SWIFT_VERSION = 5.0;
			};
			name = Debug;
		};
		DB897823B44E32F953E7F64B /* Debug */ = {
			isa = XCBuildConfiguration;
			buildSettings = {
				ASSETCATALOG_COMPILER_APPICON_NAME = AppIcon;
				ASSETCATALOG_COMPILER_GLOBAL_ACCENT_COLOR_NAME = AccentColor;
				CODE_SIGN_ENTITLEMENTS = macOS/macOS.entitlements;
				CODE_SIGN_STYLE = Automatic;
				COMBINE_HIDPI_IMAGES = YES;
				DEVELOPMENT_TEAM = RY2377PP7S;
				ENABLE_HARDENED_RUNTIME = YES;
				ENABLE_PREVIEWS = YES;
				INFOPLIST_FILE = macOS/Info.plist;
				LD_RUNPATH_SEARCH_PATHS = (
					"$(inherited)",
					"@executable_path/../Frameworks",
				);
				MACOSX_DEPLOYMENT_TARGET = 11.0;
				PRODUCT_BUNDLE_IDENTIFIER = net.tasuwo.tsundocs;
				PRODUCT_NAME = TsunDocs;
				SDKROOT = macosx;
				SWIFT_VERSION = 5.0;
			};
			name = Debug;
		};
/* End XCBuildConfiguration section */

/* Begin XCConfigurationList section */
		2FEF768569663BE0063035BC /* Build configuration list for PBXNativeTarget "TsunDocs (iOS)" */ = {
			isa = XCConfigurationList;
			buildConfigurations = (
				B1A2F20E6139F4F2D8CDEB15 /* Debug */,
				623CCCC6AC933EA774A01D3F /* Release */,
			);
			defaultConfigurationIsVisible = 0;
			defaultConfigurationName = Release;
		};
		809BF37F55504DFB6306E786 /* Build configuration list for PBXNativeTarget "TsunDocs (macOS)" */ = {
			isa = XCConfigurationList;
			buildConfigurations = (
				DB897823B44E32F953E7F64B /* Debug */,
				5F26F2532E8CABCAD48F10A1 /* Release */,
			);
			defaultConfigurationIsVisible = 0;
			defaultConfigurationName = Release;
		};
		E4CC035522DB4841DEA1C06A /* Build configuration list for PBXProject "TsunDocs" */ = {
			isa = XCConfigurationList;
			buildConfigurations = (
				D5AA687459EE26DCA5311561 /* Debug */,
				003468CAD7D857E59A2EB4AA /* Release */,
			);
			defaultConfigurationIsVisible = 0;
			defaultConfigurationName = Release;
		};
/* End XCConfigurationList section */

/* Begin XCRemoteSwiftPackageReference section */
		209EB6244CB81C36714EF984 /* XCRemoteSwiftPackageReference "Smile" */ = {
			isa = XCRemoteSwiftPackageReference;
			repositoryURL = "https://github.com/onmyway133/Smile";
			requirement = {
				kind = upToNextMajorVersion;
				minimumVersion = 2.1.0;
			};
		};
/* End XCRemoteSwiftPackageReference section */

/* Begin XCSwiftPackageProductDependency section */
		58F214CC5281EB6787D7671C /* Smile */ = {
			isa = XCSwiftPackageProductDependency;
			package = 209EB6244CB81C36714EF984 /* XCRemoteSwiftPackageReference "Smile" */;
			productName = Smile;
		};
		E0CD9235D774E4ADF7C9765A /* Smile */ = {
			isa = XCSwiftPackageProductDependency;
			package = 209EB6244CB81C36714EF984 /* XCRemoteSwiftPackageReference "Smile" */;
			productName = Smile;
		};
/* End XCSwiftPackageProductDependency section */
	};
	rootObject = B10FD681F47AC2A4820934BC /* Project object */;
}
